
Microsoft Visual Studio Solution File, Format Version 12.00
# Visual Studio 15
VisualStudioVersion = 15.0.28307.1000
MinimumVisualStudioVersion = 10.0.40219.1
Project("{FAE04EC0-301F-11D3-BF4B-00C04F79EFBC}") = "App1_NossoChat.Android", "App1_NossoChat\App1_NossoChat.Android\App1_NossoChat.Android.csproj", "{1FB969D3-DBF1-425A-A004-287CAE958C2A}"
EndProject
Project("{FAE04EC0-301F-11D3-BF4B-00C04F79EFBC}") = "App1_NossoChat.iOS", "App1_NossoChat\App1_NossoChat.iOS\App1_NossoChat.iOS.csproj", "{FCFAAFC5-12A2-40C3-B078-FF0BB28D24FF}"
EndProject
Project("{FAE04EC0-301F-11D3-BF4B-00C04F79EFBC}") = "App1_NossoChat.UWP", "App1_NossoChat\App1_NossoChat.UWP\App1_NossoChat.UWP.csproj", "{66E08E91-5765-4414-9059-4C050FF4CF43}"
EndProject
Project("{FAE04EC0-301F-11D3-BF4B-00C04F79EFBC}") = "App1_NossoChat", "App1_NossoChat\App1_NossoChat\App1_NossoChat.csproj", "{7A33626C-697B-4C1E-AF4A-F6A85591352C}"
EndProject
Global
	GlobalSection(SolutionConfigurationPlatforms) = preSolution
		Ad-Hoc|Any CPU = Ad-Hoc|Any CPU
		Ad-Hoc|ARM = Ad-Hoc|ARM
		Ad-Hoc|iPhone = Ad-Hoc|iPhone
		Ad-Hoc|iPhoneSimulator = Ad-Hoc|iPhoneSimulator
		Ad-Hoc|x64 = Ad-Hoc|x64
		Ad-Hoc|x86 = Ad-Hoc|x86
		AppStore|Any CPU = AppStore|Any CPU
		AppStore|ARM = AppStore|ARM
		AppStore|iPhone = AppStore|iPhone
		AppStore|iPhoneSimulator = AppStore|iPhoneSimulator
		AppStore|x64 = AppStore|x64
		AppStore|x86 = AppStore|x86
		Debug|Any CPU = Debug|Any CPU
		Debug|ARM = Debug|ARM
		Debug|iPhone = Debug|iPhone
		Debug|iPhoneSimulator = Debug|iPhoneSimulator
		Debug|x64 = Debug|x64
		Debug|x86 = Debug|x86
		Release|Any CPU = Release|Any CPU
		Release|ARM = Release|ARM
		Release|iPhone = Release|iPhone
		Release|iPhoneSimulator = Release|iPhoneSimulator
		Release|x64 = Release|x64
		Release|x86 = Release|x86
	EndGlobalSection
	GlobalSection(ProjectConfigurationPlatforms) = postSolution
		{1FB969D3-DBF1-425A-A004-287CAE958C2A}.Ad-Hoc|Any CPU.ActiveCfg = Release|Any CPU
		{1FB969D3-DBF1-425A-A004-287CAE958C2A}.Ad-Hoc|Any CPU.Build.0 = Release|Any CPU
		{1FB969D3-DBF1-425A-A004-287CAE958C2A}.Ad-Hoc|Any CPU.Deploy.0 = Release|Any CPU
		{1FB969D3-DBF1-425A-A004-287CAE958C2A}.Ad-Hoc|ARM.ActiveCfg = Release|Any CPU
		{1FB969D3-DBF1-425A-A004-287CAE958C2A}.Ad-Hoc|ARM.Build.0 = Release|Any CPU
		{1FB969D3-DBF1-425A-A004-287CAE958C2A}.Ad-Hoc|ARM.Deploy.0 = Release|Any CPU
		{1FB969D3-DBF1-425A-A004-287CAE958C2A}.Ad-Hoc|iPhone.ActiveCfg = Release|Any CPU
		{1FB969D3-DBF1-425A-A004-287CAE958C2A}.Ad-Hoc|iPhone.Build.0 = Release|Any CPU
		{1FB969D3-DBF1-425A-A004-287CAE958C2A}.Ad-Hoc|iPhone.Deploy.0 = Release|Any CPU
		{1FB969D3-DBF1-425A-A004-287CAE958C2A}.Ad-Hoc|iPhoneSimulator.ActiveCfg = Release|Any CPU
		{1FB969D3-DBF1-425A-A004-287CAE958C2A}.Ad-Hoc|iPhoneSimulator.Build.0 = Release|Any CPU
		{1FB969D3-DBF1-425A-A004-287CAE958C2A}.Ad-Hoc|iPhoneSimulator.Deploy.0 = Release|Any CPU
		{1FB969D3-DBF1-425A-A004-287CAE958C2A}.Ad-Hoc|x64.ActiveCfg = Release|Any CPU
		{1FB969D3-DBF1-425A-A004-287CAE958C2A}.Ad-Hoc|x64.Build.0 = Release|Any CPU
		{1FB969D3-DBF1-425A-A004-287CAE958C2A}.Ad-Hoc|x64.Deploy.0 = Release|Any CPU
		{1FB969D3-DBF1-425A-A004-287CAE958C2A}.Ad-Hoc|x86.ActiveCfg = Release|Any CPU
		{1FB969D3-DBF1-425A-A004-287CAE958C2A}.Ad-Hoc|x86.Build.0 = Release|Any CPU
		{1FB969D3-DBF1-425A-A004-287CAE958C2A}.Ad-Hoc|x86.Deploy.0 = Release|Any CPU
		{1FB969D3-DBF1-425A-A004-287CAE958C2A}.AppStore|Any CPU.ActiveCfg = Release|Any CPU
		{1FB969D3-DBF1-425A-A004-287CAE958C2A}.AppStore|Any CPU.Build.0 = Release|Any CPU
		{1FB969D3-DBF1-425A-A004-287CAE958C2A}.AppStore|Any CPU.Deploy.0 = Release|Any CPU
		{1FB969D3-DBF1-425A-A004-287CAE958C2A}.AppStore|ARM.ActiveCfg = Release|Any CPU
		{1FB969D3-DBF1-425A-A004-287CAE958C2A}.AppStore|ARM.Build.0 = Release|Any CPU
		{1FB969D3-DBF1-425A-A004-287CAE958C2A}.AppStore|ARM.Deploy.0 = Release|Any CPU
		{1FB969D3-DBF1-425A-A004-287CAE958C2A}.AppStore|iPhone.ActiveCfg = Release|Any CPU
		{1FB969D3-DBF1-425A-A004-287CAE958C2A}.AppStore|iPhone.Build.0 = Release|Any CPU
		{1FB969D3-DBF1-425A-A004-287CAE958C2A}.AppStore|iPhone.Deploy.0 = Release|Any CPU
		{1FB969D3-DBF1-425A-A004-287CAE958C2A}.AppStore|iPhoneSimulator.ActiveCfg = Release|Any CPU
		{1FB969D3-DBF1-425A-A004-287CAE958C2A}.AppStore|iPhoneSimulator.Build.0 = Release|Any CPU
		{1FB969D3-DBF1-425A-A004-287CAE958C2A}.AppStore|iPhoneSimulator.Deploy.0 = Release|Any CPU
		{1FB969D3-DBF1-425A-A004-287CAE958C2A}.AppStore|x64.ActiveCfg = Release|Any CPU
		{1FB969D3-DBF1-425A-A004-287CAE958C2A}.AppStore|x64.Build.0 = Release|Any CPU
		{1FB969D3-DBF1-425A-A004-287CAE958C2A}.AppStore|x64.Deploy.0 = Release|Any CPU
		{1FB969D3-DBF1-425A-A004-287CAE958C2A}.AppStore|x86.ActiveCfg = Release|Any CPU
		{1FB969D3-DBF1-425A-A004-287CAE958C2A}.AppStore|x86.Build.0 = Release|Any CPU
		{1FB969D3-DBF1-425A-A004-287CAE958C2A}.AppStore|x86.Deploy.0 = Release|Any CPU
		{1FB969D3-DBF1-425A-A004-287CAE958C2A}.Debug|Any CPU.ActiveCfg = Debug|Any CPU
		{1FB969D3-DBF1-425A-A004-287CAE958C2A}.Debug|Any CPU.Build.0 = Debug|Any CPU
		{1FB969D3-DBF1-425A-A004-287CAE958C2A}.Debug|Any CPU.Deploy.0 = Debug|Any CPU
		{1FB969D3-DBF1-425A-A004-287CAE958C2A}.Debug|ARM.ActiveCfg = Debug|Any CPU
		{1FB969D3-DBF1-425A-A004-287CAE958C2A}.Debug|ARM.Build.0 = Debug|Any CPU
		{1FB969D3-DBF1-425A-A004-287CAE958C2A}.Debug|ARM.Deploy.0 = Debug|Any CPU
		{1FB969D3-DBF1-425A-A004-287CAE958C2A}.Debug|iPhone.ActiveCfg = Debug|Any CPU
		{1FB969D3-DBF1-425A-A004-287CAE958C2A}.Debug|iPhone.Build.0 = Debug|Any CPU
		{1FB969D3-DBF1-425A-A004-287CAE958C2A}.Debug|iPhone.Deploy.0 = Debug|Any CPU
		{1FB969D3-DBF1-425A-A004-287CAE958C2A}.Debug|iPhoneSimulator.ActiveCfg = Debug|Any CPU
		{1FB969D3-DBF1-425A-A004-287CAE958C2A}.Debug|iPhoneSimulator.Build.0 = Debug|Any CPU
		{1FB969D3-DBF1-425A-A004-287CAE958C2A}.Debug|iPhoneSimulator.Deploy.0 = Debug|Any CPU
		{1FB969D3-DBF1-425A-A004-287CAE958C2A}.Debug|x64.ActiveCfg = Debug|Any CPU
		{1FB969D3-DBF1-425A-A004-287CAE958C2A}.Debug|x64.Build.0 = Debug|Any CPU
		{1FB969D3-DBF1-425A-A004-287CAE958C2A}.Debug|x64.Deploy.0 = Debug|Any CPU
		{1FB969D3-DBF1-425A-A004-287CAE958C2A}.Debug|x86.ActiveCfg = Debug|Any CPU
		{1FB969D3-DBF1-425A-A004-287CAE958C2A}.Debug|x86.Build.0 = Debug|Any CPU
		{1FB969D3-DBF1-425A-A004-287CAE958C2A}.Debug|x86.Deploy.0 = Debug|Any CPU
		{1FB969D3-DBF1-425A-A004-287CAE958C2A}.Release|Any CPU.ActiveCfg = Release|Any CPU
		{1FB969D3-DBF1-425A-A004-287CAE958C2A}.Release|Any CPU.Build.0 = Release|Any CPU
		{1FB969D3-DBF1-425A-A004-287CAE958C2A}.Release|Any CPU.Deploy.0 = Release|Any CPU
		{1FB969D3-DBF1-425A-A004-287CAE958C2A}.Release|ARM.ActiveCfg = Release|Any CPU
		{1FB969D3-DBF1-425A-A004-287CAE958C2A}.Release|ARM.Build.0 = Release|Any CPU
		{1FB969D3-DBF1-425A-A004-287CAE958C2A}.Release|ARM.Deploy.0 = Release|Any CPU
		{1FB969D3-DBF1-425A-A004-287CAE958C2A}.Release|iPhone.ActiveCfg = Release|Any CPU
		{1FB969D3-DBF1-425A-A004-287CAE958C2A}.Release|iPhone.Build.0 = Release|Any CPU
		{1FB969D3-DBF1-425A-A004-287CAE958C2A}.Release|iPhone.Deploy.0 = Release|Any CPU
		{1FB969D3-DBF1-425A-A004-287CAE958C2A}.Release|iPhoneSimulator.ActiveCfg = Release|Any CPU
		{1FB969D3-DBF1-425A-A004-287CAE958C2A}.Release|iPhoneSimulator.Build.0 = Release|Any CPU
		{1FB969D3-DBF1-425A-A004-287CAE958C2A}.Release|iPhoneSimulator.Deploy.0 = Release|Any CPU
		{1FB969D3-DBF1-425A-A004-287CAE958C2A}.Release|x64.ActiveCfg = Release|Any CPU
		{1FB969D3-DBF1-425A-A004-287CAE958C2A}.Release|x64.Build.0 = Release|Any CPU
		{1FB969D3-DBF1-425A-A004-287CAE958C2A}.Release|x64.Deploy.0 = Release|Any CPU
		{1FB969D3-DBF1-425A-A004-287CAE958C2A}.Release|x86.ActiveCfg = Release|Any CPU
		{1FB969D3-DBF1-425A-A004-287CAE958C2A}.Release|x86.Build.0 = Release|Any CPU
		{1FB969D3-DBF1-425A-A004-287CAE958C2A}.Release|x86.Deploy.0 = Release|Any CPU
		{FCFAAFC5-12A2-40C3-B078-FF0BB28D24FF}.Ad-Hoc|Any CPU.ActiveCfg = Ad-Hoc|iPhone
		{FCFAAFC5-12A2-40C3-B078-FF0BB28D24FF}.Ad-Hoc|Any CPU.Build.0 = Ad-Hoc|iPhone
		{FCFAAFC5-12A2-40C3-B078-FF0BB28D24FF}.Ad-Hoc|Any CPU.Deploy.0 = Ad-Hoc|iPhone
		{FCFAAFC5-12A2-40C3-B078-FF0BB28D24FF}.Ad-Hoc|ARM.ActiveCfg = Ad-Hoc|iPhone
		{FCFAAFC5-12A2-40C3-B078-FF0BB28D24FF}.Ad-Hoc|ARM.Build.0 = Ad-Hoc|iPhone
		{FCFAAFC5-12A2-40C3-B078-FF0BB28D24FF}.Ad-Hoc|ARM.Deploy.0 = Ad-Hoc|iPhone
		{FCFAAFC5-12A2-40C3-B078-FF0BB28D24FF}.Ad-Hoc|iPhone.ActiveCfg = Ad-Hoc|iPhone
		{FCFAAFC5-12A2-40C3-B078-FF0BB28D24FF}.Ad-Hoc|iPhone.Build.0 = Ad-Hoc|iPhone
		{FCFAAFC5-12A2-40C3-B078-FF0BB28D24FF}.Ad-Hoc|iPhone.Deploy.0 = Ad-Hoc|iPhone
		{FCFAAFC5-12A2-40C3-B078-FF0BB28D24FF}.Ad-Hoc|iPhoneSimulator.ActiveCfg = Ad-Hoc|iPhoneSimulator
		{FCFAAFC5-12A2-40C3-B078-FF0BB28D24FF}.Ad-Hoc|iPhoneSimulator.Build.0 = Ad-Hoc|iPhoneSimulator
		{FCFAAFC5-12A2-40C3-B078-FF0BB28D24FF}.Ad-Hoc|iPhoneSimulator.Deploy.0 = Ad-Hoc|iPhoneSimulator
		{FCFAAFC5-12A2-40C3-B078-FF0BB28D24FF}.Ad-Hoc|x64.ActiveCfg = Ad-Hoc|iPhone
		{FCFAAFC5-12A2-40C3-B078-FF0BB28D24FF}.Ad-Hoc|x64.Build.0 = Ad-Hoc|iPhone
		{FCFAAFC5-12A2-40C3-B078-FF0BB28D24FF}.Ad-Hoc|x64.Deploy.0 = Ad-Hoc|iPhone
		{FCFAAFC5-12A2-40C3-B078-FF0BB28D24FF}.Ad-Hoc|x86.ActiveCfg = Ad-Hoc|iPhone
		{FCFAAFC5-12A2-40C3-B078-FF0BB28D24FF}.Ad-Hoc|x86.Build.0 = Ad-Hoc|iPhone
		{FCFAAFC5-12A2-40C3-B078-FF0BB28D24FF}.Ad-Hoc|x86.Deploy.0 = Ad-Hoc|iPhone
		{FCFAAFC5-12A2-40C3-B078-FF0BB28D24FF}.AppStore|Any CPU.ActiveCfg = AppStore|iPhone
		{FCFAAFC5-12A2-40C3-B078-FF0BB28D24FF}.AppStore|Any CPU.Build.0 = AppStore|iPhone
		{FCFAAFC5-12A2-40C3-B078-FF0BB28D24FF}.AppStore|Any CPU.Deploy.0 = AppStore|iPhone
		{FCFAAFC5-12A2-40C3-B078-FF0BB28D24FF}.AppStore|ARM.ActiveCfg = AppStore|iPhone
		{FCFAAFC5-12A2-40C3-B078-FF0BB28D24FF}.AppStore|ARM.Build.0 = AppStore|iPhone
		{FCFAAFC5-12A2-40C3-B078-FF0BB28D24FF}.AppStore|ARM.Deploy.0 = AppStore|iPhone
		{FCFAAFC5-12A2-40C3-B078-FF0BB28D24FF}.AppStore|iPhone.ActiveCfg = AppStore|iPhone
		{FCFAAFC5-12A2-40C3-B078-FF0BB28D24FF}.AppStore|iPhone.Build.0 = AppStore|iPhone
		{FCFAAFC5-12A2-40C3-B078-FF0BB28D24FF}.AppStore|iPhone.Deploy.0 = AppStore|iPhone
		{FCFAAFC5-12A2-40C3-B078-FF0BB28D24FF}.AppStore|iPhoneSimulator.ActiveCfg = AppStore|iPhoneSimulator
		{FCFAAFC5-12A2-40C3-B078-FF0BB28D24FF}.AppStore|iPhoneSimulator.Build.0 = AppStore|iPhoneSimulator
		{FCFAAFC5-12A2-40C3-B078-FF0BB28D24FF}.AppStore|iPhoneSimulator.Deploy.0 = AppStore|iPhoneSimulator
		{FCFAAFC5-12A2-40C3-B078-FF0BB28D24FF}.AppStore|x64.ActiveCfg = AppStore|iPhone
		{FCFAAFC5-12A2-40C3-B078-FF0BB28D24FF}.AppStore|x64.Build.0 = AppStore|iPhone
		{FCFAAFC5-12A2-40C3-B078-FF0BB28D24FF}.AppStore|x64.Deploy.0 = AppStore|iPhone
		{FCFAAFC5-12A2-40C3-B078-FF0BB28D24FF}.AppStore|x86.ActiveCfg = AppStore|iPhone
		{FCFAAFC5-12A2-40C3-B078-FF0BB28D24FF}.AppStore|x86.Build.0 = AppStore|iPhone
		{FCFAAFC5-12A2-40C3-B078-FF0BB28D24FF}.AppStore|x86.Deploy.0 = AppStore|iPhone
		{FCFAAFC5-12A2-40C3-B078-FF0BB28D24FF}.Debug|Any CPU.ActiveCfg = Debug|iPhoneSimulator
		{FCFAAFC5-12A2-40C3-B078-FF0BB28D24FF}.Debug|Any CPU.Build.0 = Debug|iPhoneSimulator
		{FCFAAFC5-12A2-40C3-B078-FF0BB28D24FF}.Debug|Any CPU.Deploy.0 = Debug|iPhoneSimulator
		{FCFAAFC5-12A2-40C3-B078-FF0BB28D24FF}.Debug|ARM.ActiveCfg = Debug|iPhone
		{FCFAAFC5-12A2-40C3-B078-FF0BB28D24FF}.Debug|ARM.Build.0 = Debug|iPhone
		{FCFAAFC5-12A2-40C3-B078-FF0BB28D24FF}.Debug|ARM.Deploy.0 = Debug|iPhone
		{FCFAAFC5-12A2-40C3-B078-FF0BB28D24FF}.Debug|iPhone.ActiveCfg = Debug|iPhone
		{FCFAAFC5-12A2-40C3-B078-FF0BB28D24FF}.Debug|iPhone.Build.0 = Debug|iPhone
		{FCFAAFC5-12A2-40C3-B078-FF0BB28D24FF}.Debug|iPhone.Deploy.0 = Debug|iPhone
		{FCFAAFC5-12A2-40C3-B078-FF0BB28D24FF}.Debug|iPhoneSimulator.ActiveCfg = Debug|iPhoneSimulator
		{FCFAAFC5-12A2-40C3-B078-FF0BB28D24FF}.Debug|iPhoneSimulator.Build.0 = Debug|iPhoneSimulator
		{FCFAAFC5-12A2-40C3-B078-FF0BB28D24FF}.Debug|iPhoneSimulator.Deploy.0 = Debug|iPhoneSimulator
		{FCFAAFC5-12A2-40C3-B078-FF0BB28D24FF}.Debug|x64.ActiveCfg = Debug|iPhone
		{FCFAAFC5-12A2-40C3-B078-FF0BB28D24FF}.Debug|x64.Build.0 = Debug|iPhone
		{FCFAAFC5-12A2-40C3-B078-FF0BB28D24FF}.Debug|x64.Deploy.0 = Debug|iPhone
		{FCFAAFC5-12A2-40C3-B078-FF0BB28D24FF}.Debug|x86.ActiveCfg = Debug|iPhone
		{FCFAAFC5-12A2-40C3-B078-FF0BB28D24FF}.Debug|x86.Build.0 = Debug|iPhone
		{FCFAAFC5-12A2-40C3-B078-FF0BB28D24FF}.Debug|x86.Deploy.0 = Debug|iPhone
		{FCFAAFC5-12A2-40C3-B078-FF0BB28D24FF}.Release|Any CPU.ActiveCfg = Release|iPhone
		{FCFAAFC5-12A2-40C3-B078-FF0BB28D24FF}.Release|Any CPU.Build.0 = Release|iPhone
		{FCFAAFC5-12A2-40C3-B078-FF0BB28D24FF}.Release|Any CPU.Deploy.0 = Release|iPhone
		{FCFAAFC5-12A2-40C3-B078-FF0BB28D24FF}.Release|ARM.ActiveCfg = Release|iPhone
		{FCFAAFC5-12A2-40C3-B078-FF0BB28D24FF}.Release|ARM.Build.0 = Release|iPhone
		{FCFAAFC5-12A2-40C3-B078-FF0BB28D24FF}.Release|ARM.Deploy.0 = Release|iPhone
		{FCFAAFC5-12A2-40C3-B078-FF0BB28D24FF}.Release|iPhone.ActiveCfg = Release|iPhone
		{FCFAAFC5-12A2-40C3-B078-FF0BB28D24FF}.Release|iPhone.Build.0 = Release|iPhone
		{FCFAAFC5-12A2-40C3-B078-FF0BB28D24FF}.Release|iPhone.Deploy.0 = Release|iPhone
		{FCFAAFC5-12A2-40C3-B078-FF0BB28D24FF}.Release|iPhoneSimulator.ActiveCfg = Release|iPhoneSimulator
		{FCFAAFC5-12A2-40C3-B078-FF0BB28D24FF}.Release|iPhoneSimulator.Build.0 = Release|iPhoneSimulator
		{FCFAAFC5-12A2-40C3-B078-FF0BB28D24FF}.Release|iPhoneSimulator.Deploy.0 = Release|iPhoneSimulator
		{FCFAAFC5-12A2-40C3-B078-FF0BB28D24FF}.Release|x64.ActiveCfg = Release|iPhone
		{FCFAAFC5-12A2-40C3-B078-FF0BB28D24FF}.Release|x64.Build.0 = Release|iPhone
		{FCFAAFC5-12A2-40C3-B078-FF0BB28D24FF}.Release|x64.Deploy.0 = Release|iPhone
		{FCFAAFC5-12A2-40C3-B078-FF0BB28D24FF}.Release|x86.ActiveCfg = Release|iPhone
		{FCFAAFC5-12A2-40C3-B078-FF0BB28D24FF}.Release|x86.Build.0 = Release|iPhone
		{FCFAAFC5-12A2-40C3-B078-FF0BB28D24FF}.Release|x86.Deploy.0 = Release|iPhone
		{66E08E91-5765-4414-9059-4C050FF4CF43}.Ad-Hoc|Any CPU.ActiveCfg = Release|x86
		{66E08E91-5765-4414-9059-4C050FF4CF43}.Ad-Hoc|Any CPU.Build.0 = Release|x86
		{66E08E91-5765-4414-9059-4C050FF4CF43}.Ad-Hoc|Any CPU.Deploy.0 = Release|x86
		{66E08E91-5765-4414-9059-4C050FF4CF43}.Ad-Hoc|ARM.ActiveCfg = Release|ARM
		{66E08E91-5765-4414-9059-4C050FF4CF43}.Ad-Hoc|ARM.Build.0 = Release|ARM
		{66E08E91-5765-4414-9059-4C050FF4CF43}.Ad-Hoc|ARM.Deploy.0 = Release|ARM
		{66E08E91-5765-4414-9059-4C050FF4CF43}.Ad-Hoc|iPhone.ActiveCfg = Release|x86
		{66E08E91-5765-4414-9059-4C050FF4CF43}.Ad-Hoc|iPhone.Build.0 = Release|x86
		{66E08E91-5765-4414-9059-4C050FF4CF43}.Ad-Hoc|iPhone.Deploy.0 = Release|x86
		{66E08E91-5765-4414-9059-4C050FF4CF43}.Ad-Hoc|iPhoneSimulator.ActiveCfg = Release|x86
		{66E08E91-5765-4414-9059-4C050FF4CF43}.Ad-Hoc|iPhoneSimulator.Build.0 = Release|x86
		{66E08E91-5765-4414-9059-4C050FF4CF43}.Ad-Hoc|iPhoneSimulator.Deploy.0 = Release|x86
		{66E08E91-5765-4414-9059-4C050FF4CF43}.Ad-Hoc|x64.ActiveCfg = Release|x64
		{66E08E91-5765-4414-9059-4C050FF4CF43}.Ad-Hoc|x64.Build.0 = Release|x64
		{66E08E91-5765-4414-9059-4C050FF4CF43}.Ad-Hoc|x64.Deploy.0 = Release|x64
		{66E08E91-5765-4414-9059-4C050FF4CF43}.Ad-Hoc|x86.ActiveCfg = Release|x86
		{66E08E91-5765-4414-9059-4C050FF4CF43}.Ad-Hoc|x86.Build.0 = Release|x86
		{66E08E91-5765-4414-9059-4C050FF4CF43}.Ad-Hoc|x86.Deploy.0 = Release|x86
		{66E08E91-5765-4414-9059-4C050FF4CF43}.AppStore|Any CPU.ActiveCfg = Release|x86
		{66E08E91-5765-4414-9059-4C050FF4CF43}.AppStore|Any CPU.Build.0 = Release|x86
		{66E08E91-5765-4414-9059-4C050FF4CF43}.AppStore|Any CPU.Deploy.0 = Release|x86
		{66E08E91-5765-4414-9059-4C050FF4CF43}.AppStore|ARM.ActiveCfg = Release|ARM
		{66E08E91-5765-4414-9059-4C050FF4CF43}.AppStore|ARM.Build.0 = Release|ARM
		{66E08E91-5765-4414-9059-4C050FF4CF43}.AppStore|ARM.Deploy.0 = Release|ARM
		{66E08E91-5765-4414-9059-4C050FF4CF43}.AppStore|iPhone.ActiveCfg = Release|x86
		{66E08E91-5765-4414-9059-4C050FF4CF43}.AppStore|iPhone.Build.0 = Release|x86
		{66E08E91-5765-4414-9059-4C050FF4CF43}.AppStore|iPhone.Deploy.0 = Release|x86
		{66E08E91-5765-4414-9059-4C050FF4CF43}.AppStore|iPhoneSimulator.ActiveCfg = Release|x86
		{66E08E91-5765-4414-9059-4C050FF4CF43}.AppStore|iPhoneSimulator.Build.0 = Release|x86
		{66E08E91-5765-4414-9059-4C050FF4CF43}.AppStore|iPhoneSimulator.Deploy.0 = Release|x86
		{66E08E91-5765-4414-9059-4C050FF4CF43}.AppStore|x64.ActiveCfg = Release|x64
		{66E08E91-5765-4414-9059-4C050FF4CF43}.AppStore|x64.Build.0 = Release|x64
		{66E08E91-5765-4414-9059-4C050FF4CF43}.AppStore|x64.Deploy.0 = Release|x64
		{66E08E91-5765-4414-9059-4C050FF4CF43}.AppStore|x86.ActiveCfg = Release|x86
		{66E08E91-5765-4414-9059-4C050FF4CF43}.AppStore|x86.Build.0 = Release|x86
		{66E08E91-5765-4414-9059-4C050FF4CF43}.AppStore|x86.Deploy.0 = Release|x86
		{66E08E91-5765-4414-9059-4C050FF4CF43}.Debug|Any CPU.ActiveCfg = Debug|x86
		{66E08E91-5765-4414-9059-4C050FF4CF43}.Debug|Any CPU.Build.0 = Debug|x86
		{66E08E91-5765-4414-9059-4C050FF4CF43}.Debug|Any CPU.Deploy.0 = Debug|x86
		{66E08E91-5765-4414-9059-4C050FF4CF43}.Debug|ARM.ActiveCfg = Debug|ARM
		{66E08E91-5765-4414-9059-4C050FF4CF43}.Debug|ARM.Build.0 = Debug|ARM
		{66E08E91-5765-4414-9059-4C050FF4CF43}.Debug|ARM.Deploy.0 = Debug|ARM
		{66E08E91-5765-4414-9059-4C050FF4CF43}.Debug|iPhone.ActiveCfg = Debug|x86
		{66E08E91-5765-4414-9059-4C050FF4CF43}.Debug|iPhone.Build.0 = Debug|x86
		{66E08E91-5765-4414-9059-4C050FF4CF43}.Debug|iPhone.Deploy.0 = Debug|x86
		{66E08E91-5765-4414-9059-4C050FF4CF43}.Debug|iPhoneSimulator.ActiveCfg = Debug|x86
		{66E08E91-5765-4414-9059-4C050FF4CF43}.Debug|iPhoneSimulator.Build.0 = Debug|x86
		{66E08E91-5765-4414-9059-4C050FF4CF43}.Debug|iPhoneSimulator.Deploy.0 = Debug|x86
		{66E08E91-5765-4414-9059-4C050FF4CF43}.Debug|x64.ActiveCfg = Debug|x64
		{66E08E91-5765-4414-9059-4C050FF4CF43}.Debug|x64.Build.0 = Debug|x64
		{66E08E91-5765-4414-9059-4C050FF4CF43}.Debug|x64.Deploy.0 = Debug|x64
		{66E08E91-5765-4414-9059-4C050FF4CF43}.Debug|x86.ActiveCfg = Debug|x86
		{66E08E91-5765-4414-9059-4C050FF4CF43}.Debug|x86.Build.0 = Debug|x86
		{66E08E91-5765-4414-9059-4C050FF4CF43}.Debug|x86.Deploy.0 = Debug|x86
		{66E08E91-5765-4414-9059-4C050FF4CF43}.Release|Any CPU.ActiveCfg = Release|x86
		{66E08E91-5765-4414-9059-4C050FF4CF43}.Release|Any CPU.Build.0 = Release|x86
		{66E08E91-5765-4414-9059-4C050FF4CF43}.Release|Any CPU.Deploy.0 = Release|x86
		{66E08E91-5765-4414-9059-4C050FF4CF43}.Release|ARM.ActiveCfg = Release|ARM
		{66E08E91-5765-4414-9059-4C050FF4CF43}.Release|ARM.Build.0 = Release|ARM
		{66E08E91-5765-4414-9059-4C050FF4CF43}.Release|ARM.Deploy.0 = Release|ARM
		{66E08E91-5765-4414-9059-4C050FF4CF43}.Release|iPhone.ActiveCfg = Release|x86
		{66E08E91-5765-4414-9059-4C050FF4CF43}.Release|iPhone.Build.0 = Release|x86
		{66E08E91-5765-4414-9059-4C050FF4CF43}.Release|iPhone.Deploy.0 = Release|x86
		{66E08E91-5765-4414-9059-4C050FF4CF43}.Release|iPhoneSimulator.ActiveCfg = Release|x86
		{66E08E91-5765-4414-9059-4C050FF4CF43}.Release|iPhoneSimulator.Build.0 = Release|x86
		{66E08E91-5765-4414-9059-4C050FF4CF43}.Release|iPhoneSimulator.Deploy.0 = Release|x86
		{66E08E91-5765-4414-9059-4C050FF4CF43}.Release|x64.ActiveCfg = Release|x64
		{66E08E91-5765-4414-9059-4C050FF4CF43}.Release|x64.Build.0 = Release|x64
		{66E08E91-5765-4414-9059-4C050FF4CF43}.Release|x64.Deploy.0 = Release|x64
		{66E08E91-5765-4414-9059-4C050FF4CF43}.Release|x86.ActiveCfg = Release|x86
		{66E08E91-5765-4414-9059-4C050FF4CF43}.Release|x86.Build.0 = Release|x86
		{66E08E91-5765-4414-9059-4C050FF4CF43}.Release|x86.Deploy.0 = Release|x86
		{7A33626C-697B-4C1E-AF4A-F6A85591352C}.Ad-Hoc|Any CPU.ActiveCfg = Debug|Any CPU
		{7A33626C-697B-4C1E-AF4A-F6A85591352C}.Ad-Hoc|Any CPU.Build.0 = Debug|Any CPU
		{7A33626C-697B-4C1E-AF4A-F6A85591352C}.Ad-Hoc|Any CPU.Deploy.0 = Debug|Any CPU
		{7A33626C-697B-4C1E-AF4A-F6A85591352C}.Ad-Hoc|ARM.ActiveCfg = Debug|Any CPU
		{7A33626C-697B-4C1E-AF4A-F6A85591352C}.Ad-Hoc|ARM.Build.0 = Debug|Any CPU
		{7A33626C-697B-4C1E-AF4A-F6A85591352C}.Ad-Hoc|ARM.Deploy.0 = Debug|Any CPU
		{7A33626C-697B-4C1E-AF4A-F6A85591352C}.Ad-Hoc|iPhone.ActiveCfg = Debug|Any CPU
		{7A33626C-697B-4C1E-AF4A-F6A85591352C}.Ad-Hoc|iPhone.Build.0 = Debug|Any CPU
		{7A33626C-697B-4C1E-AF4A-F6A85591352C}.Ad-Hoc|iPhone.Deploy.0 = Debug|Any CPU
		{7A33626C-697B-4C1E-AF4A-F6A85591352C}.Ad-Hoc|iPhoneSimulator.ActiveCfg = Debug|Any CPU
		{7A33626C-697B-4C1E-AF4A-F6A85591352C}.Ad-Hoc|iPhoneSimulator.Build.0 = Debug|Any CPU
		{7A33626C-697B-4C1E-AF4A-F6A85591352C}.Ad-Hoc|iPhoneSimulator.Deploy.0 = Debug|Any CPU
		{7A33626C-697B-4C1E-AF4A-F6A85591352C}.Ad-Hoc|x64.ActiveCfg = Debug|Any CPU
		{7A33626C-697B-4C1E-AF4A-F6A85591352C}.Ad-Hoc|x64.Build.0 = Debug|Any CPU
		{7A33626C-697B-4C1E-AF4A-F6A85591352C}.Ad-Hoc|x64.Deploy.0 = Debug|Any CPU
		{7A33626C-697B-4C1E-AF4A-F6A85591352C}.Ad-Hoc|x86.ActiveCfg = Debug|Any CPU
		{7A33626C-697B-4C1E-AF4A-F6A85591352C}.Ad-Hoc|x86.Build.0 = Debug|Any CPU
		{7A33626C-697B-4C1E-AF4A-F6A85591352C}.Ad-Hoc|x86.Deploy.0 = Debug|Any CPU
		{7A33626C-697B-4C1E-AF4A-F6A85591352C}.AppStore|Any CPU.ActiveCfg = Debug|Any CPU
		{7A33626C-697B-4C1E-AF4A-F6A85591352C}.AppStore|Any CPU.Build.0 = Debug|Any CPU
		{7A33626C-697B-4C1E-AF4A-F6A85591352C}.AppStore|Any CPU.Deploy.0 = Debug|Any CPU
		{7A33626C-697B-4C1E-AF4A-F6A85591352C}.AppStore|ARM.ActiveCfg = Debug|Any CPU
		{7A33626C-697B-4C1E-AF4A-F6A85591352C}.AppStore|ARM.Build.0 = Debug|Any CPU
		{7A33626C-697B-4C1E-AF4A-F6A85591352C}.AppStore|ARM.Deploy.0 = Debug|Any CPU
		{7A33626C-697B-4C1E-AF4A-F6A85591352C}.AppStore|iPhone.ActiveCfg = Debug|Any CPU
		{7A33626C-697B-4C1E-AF4A-F6A85591352C}.AppStore|iPhone.Build.0 = Debug|Any CPU
		{7A33626C-697B-4C1E-AF4A-F6A85591352C}.AppStore|iPhone.Deploy.0 = Debug|Any CPU
		{7A33626C-697B-4C1E-AF4A-F6A85591352C}.AppStore|iPhoneSimulator.ActiveCfg = Debug|Any CPU
		{7A33626C-697B-4C1E-AF4A-F6A85591352C}.AppStore|iPhoneSimulator.Build.0 = Debug|Any CPU
		{7A33626C-697B-4C1E-AF4A-F6A85591352C}.AppStore|iPhoneSimulator.Deploy.0 = Debug|Any CPU
		{7A33626C-697B-4C1E-AF4A-F6A85591352C}.AppStore|x64.ActiveCfg = Debug|Any CPU
		{7A33626C-697B-4C1E-AF4A-F6A85591352C}.AppStore|x64.Build.0 = Debug|Any CPU
		{7A33626C-697B-4C1E-AF4A-F6A85591352C}.AppStore|x64.Deploy.0 = Debug|Any CPU
		{7A33626C-697B-4C1E-AF4A-F6A85591352C}.AppStore|x86.ActiveCfg = Debug|Any CPU
		{7A33626C-697B-4C1E-AF4A-F6A85591352C}.AppStore|x86.Build.0 = Debug|Any CPU
		{7A33626C-697B-4C1E-AF4A-F6A85591352C}.AppStore|x86.Deploy.0 = Debug|Any CPU
		{7A33626C-697B-4C1E-AF4A-F6A85591352C}.Debug|Any CPU.ActiveCfg = Debug|Any CPU
		{7A33626C-697B-4C1E-AF4A-F6A85591352C}.Debug|Any CPU.Build.0 = Debug|Any CPU
		{7A33626C-697B-4C1E-AF4A-F6A85591352C}.Debug|Any CPU.Deploy.0 = Debug|Any CPU
		{7A33626C-697B-4C1E-AF4A-F6A85591352C}.Debug|ARM.ActiveCfg = Debug|Any CPU
		{7A33626C-697B-4C1E-AF4A-F6A85591352C}.Debug|ARM.Build.0 = Debug|Any CPU
		{7A33626C-697B-4C1E-AF4A-F6A85591352C}.Debug|ARM.Deploy.0 = Debug|Any CPU
		{7A33626C-697B-4C1E-AF4A-F6A85591352C}.Debug|iPhone.ActiveCfg = Debug|Any CPU
		{7A33626C-697B-4C1E-AF4A-F6A85591352C}.Debug|iPhone.Build.0 = Debug|Any CPU
		{7A33626C-697B-4C1E-AF4A-F6A85591352C}.Debug|iPhone.Deploy.0 = Debug|Any CPU
		{7A33626C-697B-4C1E-AF4A-F6A85591352C}.Debug|iPhoneSimulator.ActiveCfg = Debug|Any CPU
		{7A33626C-697B-4C1E-AF4A-F6A85591352C}.Debug|iPhoneSimulator.Build.0 = Debug|Any CPU
		{7A33626C-697B-4C1E-AF4A-F6A85591352C}.Debug|iPhoneSimulator.Deploy.0 = Debug|Any CPU
		{7A33626C-697B-4C1E-AF4A-F6A85591352C}.Debug|x64.ActiveCfg = Debug|Any CPU
		{7A33626C-697B-4C1E-AF4A-F6A85591352C}.Debug|x64.Build.0 = Debug|Any CPU
		{7A33626C-697B-4C1E-AF4A-F6A85591352C}.Debug|x64.Deploy.0 = Debug|Any CPU
		{7A33626C-697B-4C1E-AF4A-F6A85591352C}.Debug|x86.ActiveCfg = Debug|Any CPU
		{7A33626C-697B-4C1E-AF4A-F6A85591352C}.Debug|x86.Build.0 = Debug|Any CPU
		{7A33626C-697B-4C1E-AF4A-F6A85591352C}.Debug|x86.Deploy.0 = Debug|Any CPU
		{7A33626C-697B-4C1E-AF4A-F6A85591352C}.Release|Any CPU.ActiveCfg = Release|Any CPU
		{7A33626C-697B-4C1E-AF4A-F6A85591352C}.Release|Any CPU.Build.0 = Release|Any CPU
		{7A33626C-697B-4C1E-AF4A-F6A85591352C}.Release|Any CPU.Deploy.0 = Release|Any CPU
		{7A33626C-697B-4C1E-AF4A-F6A85591352C}.Release|ARM.ActiveCfg = Release|Any CPU
		{7A33626C-697B-4C1E-AF4A-F6A85591352C}.Release|ARM.Build.0 = Release|Any CPU
		{7A33626C-697B-4C1E-AF4A-F6A85591352C}.Release|ARM.Deploy.0 = Release|Any CPU
		{7A33626C-697B-4C1E-AF4A-F6A85591352C}.Release|iPhone.ActiveCfg = Release|Any CPU
		{7A33626C-697B-4C1E-AF4A-F6A85591352C}.Release|iPhone.Build.0 = Release|Any CPU
		{7A33626C-697B-4C1E-AF4A-F6A85591352C}.Release|iPhone.Deploy.0 = Release|Any CPU
		{7A33626C-697B-4C1E-AF4A-F6A85591352C}.Release|iPhoneSimulator.ActiveCfg = Release|Any CPU
		{7A33626C-697B-4C1E-AF4A-F6A85591352C}.Release|iPhoneSimulator.Build.0 = Release|Any CPU
		{7A33626C-697B-4C1E-AF4A-F6A85591352C}.Release|iPhoneSimulator.Deploy.0 = Release|Any CPU
		{7A33626C-697B-4C1E-AF4A-F6A85591352C}.Release|x64.ActiveCfg = Release|Any CPU
		{7A33626C-697B-4C1E-AF4A-F6A85591352C}.Release|x64.Build.0 = Release|Any CPU
		{7A33626C-697B-4C1E-AF4A-F6A85591352C}.Release|x64.Deploy.0 = Release|Any CPU
		{7A33626C-697B-4C1E-AF4A-F6A85591352C}.Release|x86.ActiveCfg = Release|Any CPU
		{7A33626C-697B-4C1E-AF4A-F6A85591352C}.Release|x86.Build.0 = Release|Any CPU
		{7A33626C-697B-4C1E-AF4A-F6A85591352C}.Release|x86.Deploy.0 = Release|Any CPU
	EndGlobalSection
	GlobalSection(SolutionProperties) = preSolution
		HideSolutionNode = FALSE
	EndGlobalSection
	GlobalSection(ExtensibilityGlobals) = postSolution
		SolutionGuid = {2675AB02-A595-4640-A796-73FDEE89102B}
	EndGlobalSection
EndGlobal
