
Microsoft Visual Studio Solution File, Format Version 12.00
# Visual Studio 15
VisualStudioVersion = 15.0.28307.1000
MinimumVisualStudioVersion = 10.0.40219.1
Project("{FAE04EC0-301F-11D3-BF4B-00C04F79EFBC}") = "App1_Estilo.Android", "App1_Estilo\App1_Estilo.Android\App1_Estilo.Android.csproj", "{240B6872-2F40-4F05-ACF9-E2A464C336F9}"
EndProject
Project("{FAE04EC0-301F-11D3-BF4B-00C04F79EFBC}") = "App1_Estilo.iOS", "App1_Estilo\App1_Estilo.iOS\App1_Estilo.iOS.csproj", "{48DD98E6-0C4F-465A-BBAD-B2D69AE0C6F9}"
EndProject
Project("{FAE04EC0-301F-11D3-BF4B-00C04F79EFBC}") = "App1_Estilo.UWP", "App1_Estilo\App1_Estilo.UWP\App1_Estilo.UWP.csproj", "{B57E58DC-7D24-4214-80FF-E5A3DB0FDCEA}"
EndProject
Project("{FAE04EC0-301F-11D3-BF4B-00C04F79EFBC}") = "App1_Estilo", "App1_Estilo\App1_Estilo\App1_Estilo.csproj", "{F952A788-EB08-44A4-844A-48BB932D4183}"
EndProject
Global
	GlobalSection(SolutionConfigurationPlatforms) = preSolution
		Ad-Hoc|Any CPU = Ad-Hoc|Any CPU
		Ad-Hoc|ARM = Ad-Hoc|ARM
		Ad-Hoc|iPhone = Ad-Hoc|iPhone
		Ad-Hoc|iPhoneSimulator = Ad-Hoc|iPhoneSimulator
		Ad-Hoc|x64 = Ad-Hoc|x64
		Ad-Hoc|x86 = Ad-Hoc|x86
		AppStore|Any CPU = AppStore|Any CPU
		AppStore|ARM = AppStore|ARM
		AppStore|iPhone = AppStore|iPhone
		AppStore|iPhoneSimulator = AppStore|iPhoneSimulator
		AppStore|x64 = AppStore|x64
		AppStore|x86 = AppStore|x86
		Debug|Any CPU = Debug|Any CPU
		Debug|ARM = Debug|ARM
		Debug|iPhone = Debug|iPhone
		Debug|iPhoneSimulator = Debug|iPhoneSimulator
		Debug|x64 = Debug|x64
		Debug|x86 = Debug|x86
		Release|Any CPU = Release|Any CPU
		Release|ARM = Release|ARM
		Release|iPhone = Release|iPhone
		Release|iPhoneSimulator = Release|iPhoneSimulator
		Release|x64 = Release|x64
		Release|x86 = Release|x86
	EndGlobalSection
	GlobalSection(ProjectConfigurationPlatforms) = postSolution
		{240B6872-2F40-4F05-ACF9-E2A464C336F9}.Ad-Hoc|Any CPU.ActiveCfg = Release|Any CPU
		{240B6872-2F40-4F05-ACF9-E2A464C336F9}.Ad-Hoc|Any CPU.Build.0 = Release|Any CPU
		{240B6872-2F40-4F05-ACF9-E2A464C336F9}.Ad-Hoc|Any CPU.Deploy.0 = Release|Any CPU
		{240B6872-2F40-4F05-ACF9-E2A464C336F9}.Ad-Hoc|ARM.ActiveCfg = Release|Any CPU
		{240B6872-2F40-4F05-ACF9-E2A464C336F9}.Ad-Hoc|ARM.Build.0 = Release|Any CPU
		{240B6872-2F40-4F05-ACF9-E2A464C336F9}.Ad-Hoc|ARM.Deploy.0 = Release|Any CPU
		{240B6872-2F40-4F05-ACF9-E2A464C336F9}.Ad-Hoc|iPhone.ActiveCfg = Release|Any CPU
		{240B6872-2F40-4F05-ACF9-E2A464C336F9}.Ad-Hoc|iPhone.Build.0 = Release|Any CPU
		{240B6872-2F40-4F05-ACF9-E2A464C336F9}.Ad-Hoc|iPhone.Deploy.0 = Release|Any CPU
		{240B6872-2F40-4F05-ACF9-E2A464C336F9}.Ad-Hoc|iPhoneSimulator.ActiveCfg = Release|Any CPU
		{240B6872-2F40-4F05-ACF9-E2A464C336F9}.Ad-Hoc|iPhoneSimulator.Build.0 = Release|Any CPU
		{240B6872-2F40-4F05-ACF9-E2A464C336F9}.Ad-Hoc|iPhoneSimulator.Deploy.0 = Release|Any CPU
		{240B6872-2F40-4F05-ACF9-E2A464C336F9}.Ad-Hoc|x64.ActiveCfg = Release|Any CPU
		{240B6872-2F40-4F05-ACF9-E2A464C336F9}.Ad-Hoc|x64.Build.0 = Release|Any CPU
		{240B6872-2F40-4F05-ACF9-E2A464C336F9}.Ad-Hoc|x64.Deploy.0 = Release|Any CPU
		{240B6872-2F40-4F05-ACF9-E2A464C336F9}.Ad-Hoc|x86.ActiveCfg = Release|Any CPU
		{240B6872-2F40-4F05-ACF9-E2A464C336F9}.Ad-Hoc|x86.Build.0 = Release|Any CPU
		{240B6872-2F40-4F05-ACF9-E2A464C336F9}.Ad-Hoc|x86.Deploy.0 = Release|Any CPU
		{240B6872-2F40-4F05-ACF9-E2A464C336F9}.AppStore|Any CPU.ActiveCfg = Release|Any CPU
		{240B6872-2F40-4F05-ACF9-E2A464C336F9}.AppStore|Any CPU.Build.0 = Release|Any CPU
		{240B6872-2F40-4F05-ACF9-E2A464C336F9}.AppStore|Any CPU.Deploy.0 = Release|Any CPU
		{240B6872-2F40-4F05-ACF9-E2A464C336F9}.AppStore|ARM.ActiveCfg = Release|Any CPU
		{240B6872-2F40-4F05-ACF9-E2A464C336F9}.AppStore|ARM.Build.0 = Release|Any CPU
		{240B6872-2F40-4F05-ACF9-E2A464C336F9}.AppStore|ARM.Deploy.0 = Release|Any CPU
		{240B6872-2F40-4F05-ACF9-E2A464C336F9}.AppStore|iPhone.ActiveCfg = Release|Any CPU
		{240B6872-2F40-4F05-ACF9-E2A464C336F9}.AppStore|iPhone.Build.0 = Release|Any CPU
		{240B6872-2F40-4F05-ACF9-E2A464C336F9}.AppStore|iPhone.Deploy.0 = Release|Any CPU
		{240B6872-2F40-4F05-ACF9-E2A464C336F9}.AppStore|iPhoneSimulator.ActiveCfg = Release|Any CPU
		{240B6872-2F40-4F05-ACF9-E2A464C336F9}.AppStore|iPhoneSimulator.Build.0 = Release|Any CPU
		{240B6872-2F40-4F05-ACF9-E2A464C336F9}.AppStore|iPhoneSimulator.Deploy.0 = Release|Any CPU
		{240B6872-2F40-4F05-ACF9-E2A464C336F9}.AppStore|x64.ActiveCfg = Release|Any CPU
		{240B6872-2F40-4F05-ACF9-E2A464C336F9}.AppStore|x64.Build.0 = Release|Any CPU
		{240B6872-2F40-4F05-ACF9-E2A464C336F9}.AppStore|x64.Deploy.0 = Release|Any CPU
		{240B6872-2F40-4F05-ACF9-E2A464C336F9}.AppStore|x86.ActiveCfg = Release|Any CPU
		{240B6872-2F40-4F05-ACF9-E2A464C336F9}.AppStore|x86.Build.0 = Release|Any CPU
		{240B6872-2F40-4F05-ACF9-E2A464C336F9}.AppStore|x86.Deploy.0 = Release|Any CPU
		{240B6872-2F40-4F05-ACF9-E2A464C336F9}.Debug|Any CPU.ActiveCfg = Debug|Any CPU
		{240B6872-2F40-4F05-ACF9-E2A464C336F9}.Debug|Any CPU.Build.0 = Debug|Any CPU
		{240B6872-2F40-4F05-ACF9-E2A464C336F9}.Debug|Any CPU.Deploy.0 = Debug|Any CPU
		{240B6872-2F40-4F05-ACF9-E2A464C336F9}.Debug|ARM.ActiveCfg = Debug|Any CPU
		{240B6872-2F40-4F05-ACF9-E2A464C336F9}.Debug|ARM.Build.0 = Debug|Any CPU
		{240B6872-2F40-4F05-ACF9-E2A464C336F9}.Debug|ARM.Deploy.0 = Debug|Any CPU
		{240B6872-2F40-4F05-ACF9-E2A464C336F9}.Debug|iPhone.ActiveCfg = Debug|Any CPU
		{240B6872-2F40-4F05-ACF9-E2A464C336F9}.Debug|iPhone.Build.0 = Debug|Any CPU
		{240B6872-2F40-4F05-ACF9-E2A464C336F9}.Debug|iPhone.Deploy.0 = Debug|Any CPU
		{240B6872-2F40-4F05-ACF9-E2A464C336F9}.Debug|iPhoneSimulator.ActiveCfg = Debug|Any CPU
		{240B6872-2F40-4F05-ACF9-E2A464C336F9}.Debug|iPhoneSimulator.Build.0 = Debug|Any CPU
		{240B6872-2F40-4F05-ACF9-E2A464C336F9}.Debug|iPhoneSimulator.Deploy.0 = Debug|Any CPU
		{240B6872-2F40-4F05-ACF9-E2A464C336F9}.Debug|x64.ActiveCfg = Debug|Any CPU
		{240B6872-2F40-4F05-ACF9-E2A464C336F9}.Debug|x64.Build.0 = Debug|Any CPU
		{240B6872-2F40-4F05-ACF9-E2A464C336F9}.Debug|x64.Deploy.0 = Debug|Any CPU
		{240B6872-2F40-4F05-ACF9-E2A464C336F9}.Debug|x86.ActiveCfg = Debug|Any CPU
		{240B6872-2F40-4F05-ACF9-E2A464C336F9}.Debug|x86.Build.0 = Debug|Any CPU
		{240B6872-2F40-4F05-ACF9-E2A464C336F9}.Debug|x86.Deploy.0 = Debug|Any CPU
		{240B6872-2F40-4F05-ACF9-E2A464C336F9}.Release|Any CPU.ActiveCfg = Release|Any CPU
		{240B6872-2F40-4F05-ACF9-E2A464C336F9}.Release|Any CPU.Build.0 = Release|Any CPU
		{240B6872-2F40-4F05-ACF9-E2A464C336F9}.Release|Any CPU.Deploy.0 = Release|Any CPU
		{240B6872-2F40-4F05-ACF9-E2A464C336F9}.Release|ARM.ActiveCfg = Release|Any CPU
		{240B6872-2F40-4F05-ACF9-E2A464C336F9}.Release|ARM.Build.0 = Release|Any CPU
		{240B6872-2F40-4F05-ACF9-E2A464C336F9}.Release|ARM.Deploy.0 = Release|Any CPU
		{240B6872-2F40-4F05-ACF9-E2A464C336F9}.Release|iPhone.ActiveCfg = Release|Any CPU
		{240B6872-2F40-4F05-ACF9-E2A464C336F9}.Release|iPhone.Build.0 = Release|Any CPU
		{240B6872-2F40-4F05-ACF9-E2A464C336F9}.Release|iPhone.Deploy.0 = Release|Any CPU
		{240B6872-2F40-4F05-ACF9-E2A464C336F9}.Release|iPhoneSimulator.ActiveCfg = Release|Any CPU
		{240B6872-2F40-4F05-ACF9-E2A464C336F9}.Release|iPhoneSimulator.Build.0 = Release|Any CPU
		{240B6872-2F40-4F05-ACF9-E2A464C336F9}.Release|iPhoneSimulator.Deploy.0 = Release|Any CPU
		{240B6872-2F40-4F05-ACF9-E2A464C336F9}.Release|x64.ActiveCfg = Release|Any CPU
		{240B6872-2F40-4F05-ACF9-E2A464C336F9}.Release|x64.Build.0 = Release|Any CPU
		{240B6872-2F40-4F05-ACF9-E2A464C336F9}.Release|x64.Deploy.0 = Release|Any CPU
		{240B6872-2F40-4F05-ACF9-E2A464C336F9}.Release|x86.ActiveCfg = Release|Any CPU
		{240B6872-2F40-4F05-ACF9-E2A464C336F9}.Release|x86.Build.0 = Release|Any CPU
		{240B6872-2F40-4F05-ACF9-E2A464C336F9}.Release|x86.Deploy.0 = Release|Any CPU
		{48DD98E6-0C4F-465A-BBAD-B2D69AE0C6F9}.Ad-Hoc|Any CPU.ActiveCfg = Ad-Hoc|iPhone
		{48DD98E6-0C4F-465A-BBAD-B2D69AE0C6F9}.Ad-Hoc|Any CPU.Build.0 = Ad-Hoc|iPhone
		{48DD98E6-0C4F-465A-BBAD-B2D69AE0C6F9}.Ad-Hoc|Any CPU.Deploy.0 = Ad-Hoc|iPhone
		{48DD98E6-0C4F-465A-BBAD-B2D69AE0C6F9}.Ad-Hoc|ARM.ActiveCfg = Ad-Hoc|iPhone
		{48DD98E6-0C4F-465A-BBAD-B2D69AE0C6F9}.Ad-Hoc|ARM.Build.0 = Ad-Hoc|iPhone
		{48DD98E6-0C4F-465A-BBAD-B2D69AE0C6F9}.Ad-Hoc|ARM.Deploy.0 = Ad-Hoc|iPhone
		{48DD98E6-0C4F-465A-BBAD-B2D69AE0C6F9}.Ad-Hoc|iPhone.ActiveCfg = Ad-Hoc|iPhone
		{48DD98E6-0C4F-465A-BBAD-B2D69AE0C6F9}.Ad-Hoc|iPhone.Build.0 = Ad-Hoc|iPhone
		{48DD98E6-0C4F-465A-BBAD-B2D69AE0C6F9}.Ad-Hoc|iPhone.Deploy.0 = Ad-Hoc|iPhone
		{48DD98E6-0C4F-465A-BBAD-B2D69AE0C6F9}.Ad-Hoc|iPhoneSimulator.ActiveCfg = Ad-Hoc|iPhoneSimulator
		{48DD98E6-0C4F-465A-BBAD-B2D69AE0C6F9}.Ad-Hoc|iPhoneSimulator.Build.0 = Ad-Hoc|iPhoneSimulator
		{48DD98E6-0C4F-465A-BBAD-B2D69AE0C6F9}.Ad-Hoc|iPhoneSimulator.Deploy.0 = Ad-Hoc|iPhoneSimulator
		{48DD98E6-0C4F-465A-BBAD-B2D69AE0C6F9}.Ad-Hoc|x64.ActiveCfg = Ad-Hoc|iPhone
		{48DD98E6-0C4F-465A-BBAD-B2D69AE0C6F9}.Ad-Hoc|x64.Build.0 = Ad-Hoc|iPhone
		{48DD98E6-0C4F-465A-BBAD-B2D69AE0C6F9}.Ad-Hoc|x64.Deploy.0 = Ad-Hoc|iPhone
		{48DD98E6-0C4F-465A-BBAD-B2D69AE0C6F9}.Ad-Hoc|x86.ActiveCfg = Ad-Hoc|iPhone
		{48DD98E6-0C4F-465A-BBAD-B2D69AE0C6F9}.Ad-Hoc|x86.Build.0 = Ad-Hoc|iPhone
		{48DD98E6-0C4F-465A-BBAD-B2D69AE0C6F9}.Ad-Hoc|x86.Deploy.0 = Ad-Hoc|iPhone
		{48DD98E6-0C4F-465A-BBAD-B2D69AE0C6F9}.AppStore|Any CPU.ActiveCfg = AppStore|iPhone
		{48DD98E6-0C4F-465A-BBAD-B2D69AE0C6F9}.AppStore|Any CPU.Build.0 = AppStore|iPhone
		{48DD98E6-0C4F-465A-BBAD-B2D69AE0C6F9}.AppStore|Any CPU.Deploy.0 = AppStore|iPhone
		{48DD98E6-0C4F-465A-BBAD-B2D69AE0C6F9}.AppStore|ARM.ActiveCfg = AppStore|iPhone
		{48DD98E6-0C4F-465A-BBAD-B2D69AE0C6F9}.AppStore|ARM.Build.0 = AppStore|iPhone
		{48DD98E6-0C4F-465A-BBAD-B2D69AE0C6F9}.AppStore|ARM.Deploy.0 = AppStore|iPhone
		{48DD98E6-0C4F-465A-BBAD-B2D69AE0C6F9}.AppStore|iPhone.ActiveCfg = AppStore|iPhone
		{48DD98E6-0C4F-465A-BBAD-B2D69AE0C6F9}.AppStore|iPhone.Build.0 = AppStore|iPhone
		{48DD98E6-0C4F-465A-BBAD-B2D69AE0C6F9}.AppStore|iPhone.Deploy.0 = AppStore|iPhone
		{48DD98E6-0C4F-465A-BBAD-B2D69AE0C6F9}.AppStore|iPhoneSimulator.ActiveCfg = AppStore|iPhoneSimulator
		{48DD98E6-0C4F-465A-BBAD-B2D69AE0C6F9}.AppStore|iPhoneSimulator.Build.0 = AppStore|iPhoneSimulator
		{48DD98E6-0C4F-465A-BBAD-B2D69AE0C6F9}.AppStore|iPhoneSimulator.Deploy.0 = AppStore|iPhoneSimulator
		{48DD98E6-0C4F-465A-BBAD-B2D69AE0C6F9}.AppStore|x64.ActiveCfg = AppStore|iPhone
		{48DD98E6-0C4F-465A-BBAD-B2D69AE0C6F9}.AppStore|x64.Build.0 = AppStore|iPhone
		{48DD98E6-0C4F-465A-BBAD-B2D69AE0C6F9}.AppStore|x64.Deploy.0 = AppStore|iPhone
		{48DD98E6-0C4F-465A-BBAD-B2D69AE0C6F9}.AppStore|x86.ActiveCfg = AppStore|iPhone
		{48DD98E6-0C4F-465A-BBAD-B2D69AE0C6F9}.AppStore|x86.Build.0 = AppStore|iPhone
		{48DD98E6-0C4F-465A-BBAD-B2D69AE0C6F9}.AppStore|x86.Deploy.0 = AppStore|iPhone
		{48DD98E6-0C4F-465A-BBAD-B2D69AE0C6F9}.Debug|Any CPU.ActiveCfg = Debug|iPhoneSimulator
		{48DD98E6-0C4F-465A-BBAD-B2D69AE0C6F9}.Debug|Any CPU.Build.0 = Debug|iPhoneSimulator
		{48DD98E6-0C4F-465A-BBAD-B2D69AE0C6F9}.Debug|Any CPU.Deploy.0 = Debug|iPhoneSimulator
		{48DD98E6-0C4F-465A-BBAD-B2D69AE0C6F9}.Debug|ARM.ActiveCfg = Debug|iPhone
		{48DD98E6-0C4F-465A-BBAD-B2D69AE0C6F9}.Debug|ARM.Build.0 = Debug|iPhone
		{48DD98E6-0C4F-465A-BBAD-B2D69AE0C6F9}.Debug|ARM.Deploy.0 = Debug|iPhone
		{48DD98E6-0C4F-465A-BBAD-B2D69AE0C6F9}.Debug|iPhone.ActiveCfg = Debug|iPhone
		{48DD98E6-0C4F-465A-BBAD-B2D69AE0C6F9}.Debug|iPhone.Build.0 = Debug|iPhone
		{48DD98E6-0C4F-465A-BBAD-B2D69AE0C6F9}.Debug|iPhone.Deploy.0 = Debug|iPhone
		{48DD98E6-0C4F-465A-BBAD-B2D69AE0C6F9}.Debug|iPhoneSimulator.ActiveCfg = Debug|iPhoneSimulator
		{48DD98E6-0C4F-465A-BBAD-B2D69AE0C6F9}.Debug|iPhoneSimulator.Build.0 = Debug|iPhoneSimulator
		{48DD98E6-0C4F-465A-BBAD-B2D69AE0C6F9}.Debug|iPhoneSimulator.Deploy.0 = Debug|iPhoneSimulator
		{48DD98E6-0C4F-465A-BBAD-B2D69AE0C6F9}.Debug|x64.ActiveCfg = Debug|iPhone
		{48DD98E6-0C4F-465A-BBAD-B2D69AE0C6F9}.Debug|x64.Build.0 = Debug|iPhone
		{48DD98E6-0C4F-465A-BBAD-B2D69AE0C6F9}.Debug|x64.Deploy.0 = Debug|iPhone
		{48DD98E6-0C4F-465A-BBAD-B2D69AE0C6F9}.Debug|x86.ActiveCfg = Debug|iPhone
		{48DD98E6-0C4F-465A-BBAD-B2D69AE0C6F9}.Debug|x86.Build.0 = Debug|iPhone
		{48DD98E6-0C4F-465A-BBAD-B2D69AE0C6F9}.Debug|x86.Deploy.0 = Debug|iPhone
		{48DD98E6-0C4F-465A-BBAD-B2D69AE0C6F9}.Release|Any CPU.ActiveCfg = Release|iPhone
		{48DD98E6-0C4F-465A-BBAD-B2D69AE0C6F9}.Release|Any CPU.Build.0 = Release|iPhone
		{48DD98E6-0C4F-465A-BBAD-B2D69AE0C6F9}.Release|Any CPU.Deploy.0 = Release|iPhone
		{48DD98E6-0C4F-465A-BBAD-B2D69AE0C6F9}.Release|ARM.ActiveCfg = Release|iPhone
		{48DD98E6-0C4F-465A-BBAD-B2D69AE0C6F9}.Release|ARM.Build.0 = Release|iPhone
		{48DD98E6-0C4F-465A-BBAD-B2D69AE0C6F9}.Release|ARM.Deploy.0 = Release|iPhone
		{48DD98E6-0C4F-465A-BBAD-B2D69AE0C6F9}.Release|iPhone.ActiveCfg = Release|iPhone
		{48DD98E6-0C4F-465A-BBAD-B2D69AE0C6F9}.Release|iPhone.Build.0 = Release|iPhone
		{48DD98E6-0C4F-465A-BBAD-B2D69AE0C6F9}.Release|iPhone.Deploy.0 = Release|iPhone
		{48DD98E6-0C4F-465A-BBAD-B2D69AE0C6F9}.Release|iPhoneSimulator.ActiveCfg = Release|iPhoneSimulator
		{48DD98E6-0C4F-465A-BBAD-B2D69AE0C6F9}.Release|iPhoneSimulator.Build.0 = Release|iPhoneSimulator
		{48DD98E6-0C4F-465A-BBAD-B2D69AE0C6F9}.Release|iPhoneSimulator.Deploy.0 = Release|iPhoneSimulator
		{48DD98E6-0C4F-465A-BBAD-B2D69AE0C6F9}.Release|x64.ActiveCfg = Release|iPhone
		{48DD98E6-0C4F-465A-BBAD-B2D69AE0C6F9}.Release|x64.Build.0 = Release|iPhone
		{48DD98E6-0C4F-465A-BBAD-B2D69AE0C6F9}.Release|x64.Deploy.0 = Release|iPhone
		{48DD98E6-0C4F-465A-BBAD-B2D69AE0C6F9}.Release|x86.ActiveCfg = Release|iPhone
		{48DD98E6-0C4F-465A-BBAD-B2D69AE0C6F9}.Release|x86.Build.0 = Release|iPhone
		{48DD98E6-0C4F-465A-BBAD-B2D69AE0C6F9}.Release|x86.Deploy.0 = Release|iPhone
		{B57E58DC-7D24-4214-80FF-E5A3DB0FDCEA}.Ad-Hoc|Any CPU.ActiveCfg = Release|x86
		{B57E58DC-7D24-4214-80FF-E5A3DB0FDCEA}.Ad-Hoc|Any CPU.Build.0 = Release|x86
		{B57E58DC-7D24-4214-80FF-E5A3DB0FDCEA}.Ad-Hoc|Any CPU.Deploy.0 = Release|x86
		{B57E58DC-7D24-4214-80FF-E5A3DB0FDCEA}.Ad-Hoc|ARM.ActiveCfg = Release|ARM
		{B57E58DC-7D24-4214-80FF-E5A3DB0FDCEA}.Ad-Hoc|ARM.Build.0 = Release|ARM
		{B57E58DC-7D24-4214-80FF-E5A3DB0FDCEA}.Ad-Hoc|ARM.Deploy.0 = Release|ARM
		{B57E58DC-7D24-4214-80FF-E5A3DB0FDCEA}.Ad-Hoc|iPhone.ActiveCfg = Release|x86
		{B57E58DC-7D24-4214-80FF-E5A3DB0FDCEA}.Ad-Hoc|iPhone.Build.0 = Release|x86
		{B57E58DC-7D24-4214-80FF-E5A3DB0FDCEA}.Ad-Hoc|iPhone.Deploy.0 = Release|x86
		{B57E58DC-7D24-4214-80FF-E5A3DB0FDCEA}.Ad-Hoc|iPhoneSimulator.ActiveCfg = Release|x86
		{B57E58DC-7D24-4214-80FF-E5A3DB0FDCEA}.Ad-Hoc|iPhoneSimulator.Build.0 = Release|x86
		{B57E58DC-7D24-4214-80FF-E5A3DB0FDCEA}.Ad-Hoc|iPhoneSimulator.Deploy.0 = Release|x86
		{B57E58DC-7D24-4214-80FF-E5A3DB0FDCEA}.Ad-Hoc|x64.ActiveCfg = Release|x64
		{B57E58DC-7D24-4214-80FF-E5A3DB0FDCEA}.Ad-Hoc|x64.Build.0 = Release|x64
		{B57E58DC-7D24-4214-80FF-E5A3DB0FDCEA}.Ad-Hoc|x64.Deploy.0 = Release|x64
		{B57E58DC-7D24-4214-80FF-E5A3DB0FDCEA}.Ad-Hoc|x86.ActiveCfg = Release|x86
		{B57E58DC-7D24-4214-80FF-E5A3DB0FDCEA}.Ad-Hoc|x86.Build.0 = Release|x86
		{B57E58DC-7D24-4214-80FF-E5A3DB0FDCEA}.Ad-Hoc|x86.Deploy.0 = Release|x86
		{B57E58DC-7D24-4214-80FF-E5A3DB0FDCEA}.AppStore|Any CPU.ActiveCfg = Release|x86
		{B57E58DC-7D24-4214-80FF-E5A3DB0FDCEA}.AppStore|Any CPU.Build.0 = Release|x86
		{B57E58DC-7D24-4214-80FF-E5A3DB0FDCEA}.AppStore|Any CPU.Deploy.0 = Release|x86
		{B57E58DC-7D24-4214-80FF-E5A3DB0FDCEA}.AppStore|ARM.ActiveCfg = Release|ARM
		{B57E58DC-7D24-4214-80FF-E5A3DB0FDCEA}.AppStore|ARM.Build.0 = Release|ARM
		{B57E58DC-7D24-4214-80FF-E5A3DB0FDCEA}.AppStore|ARM.Deploy.0 = Release|ARM
		{B57E58DC-7D24-4214-80FF-E5A3DB0FDCEA}.AppStore|iPhone.ActiveCfg = Release|x86
		{B57E58DC-7D24-4214-80FF-E5A3DB0FDCEA}.AppStore|iPhone.Build.0 = Release|x86
		{B57E58DC-7D24-4214-80FF-E5A3DB0FDCEA}.AppStore|iPhone.Deploy.0 = Release|x86
		{B57E58DC-7D24-4214-80FF-E5A3DB0FDCEA}.AppStore|iPhoneSimulator.ActiveCfg = Release|x86
		{B57E58DC-7D24-4214-80FF-E5A3DB0FDCEA}.AppStore|iPhoneSimulator.Build.0 = Release|x86
		{B57E58DC-7D24-4214-80FF-E5A3DB0FDCEA}.AppStore|iPhoneSimulator.Deploy.0 = Release|x86
		{B57E58DC-7D24-4214-80FF-E5A3DB0FDCEA}.AppStore|x64.ActiveCfg = Release|x64
		{B57E58DC-7D24-4214-80FF-E5A3DB0FDCEA}.AppStore|x64.Build.0 = Release|x64
		{B57E58DC-7D24-4214-80FF-E5A3DB0FDCEA}.AppStore|x64.Deploy.0 = Release|x64
		{B57E58DC-7D24-4214-80FF-E5A3DB0FDCEA}.AppStore|x86.ActiveCfg = Release|x86
		{B57E58DC-7D24-4214-80FF-E5A3DB0FDCEA}.AppStore|x86.Build.0 = Release|x86
		{B57E58DC-7D24-4214-80FF-E5A3DB0FDCEA}.AppStore|x86.Deploy.0 = Release|x86
		{B57E58DC-7D24-4214-80FF-E5A3DB0FDCEA}.Debug|Any CPU.ActiveCfg = Debug|x86
		{B57E58DC-7D24-4214-80FF-E5A3DB0FDCEA}.Debug|Any CPU.Build.0 = Debug|x86
		{B57E58DC-7D24-4214-80FF-E5A3DB0FDCEA}.Debug|Any CPU.Deploy.0 = Debug|x86
		{B57E58DC-7D24-4214-80FF-E5A3DB0FDCEA}.Debug|ARM.ActiveCfg = Debug|ARM
		{B57E58DC-7D24-4214-80FF-E5A3DB0FDCEA}.Debug|ARM.Build.0 = Debug|ARM
		{B57E58DC-7D24-4214-80FF-E5A3DB0FDCEA}.Debug|ARM.Deploy.0 = Debug|ARM
		{B57E58DC-7D24-4214-80FF-E5A3DB0FDCEA}.Debug|iPhone.ActiveCfg = Debug|x86
		{B57E58DC-7D24-4214-80FF-E5A3DB0FDCEA}.Debug|iPhone.Build.0 = Debug|x86
		{B57E58DC-7D24-4214-80FF-E5A3DB0FDCEA}.Debug|iPhone.Deploy.0 = Debug|x86
		{B57E58DC-7D24-4214-80FF-E5A3DB0FDCEA}.Debug|iPhoneSimulator.ActiveCfg = Debug|x86
		{B57E58DC-7D24-4214-80FF-E5A3DB0FDCEA}.Debug|iPhoneSimulator.Build.0 = Debug|x86
		{B57E58DC-7D24-4214-80FF-E5A3DB0FDCEA}.Debug|iPhoneSimulator.Deploy.0 = Debug|x86
		{B57E58DC-7D24-4214-80FF-E5A3DB0FDCEA}.Debug|x64.ActiveCfg = Debug|x64
		{B57E58DC-7D24-4214-80FF-E5A3DB0FDCEA}.Debug|x64.Build.0 = Debug|x64
		{B57E58DC-7D24-4214-80FF-E5A3DB0FDCEA}.Debug|x64.Deploy.0 = Debug|x64
		{B57E58DC-7D24-4214-80FF-E5A3DB0FDCEA}.Debug|x86.ActiveCfg = Debug|x86
		{B57E58DC-7D24-4214-80FF-E5A3DB0FDCEA}.Debug|x86.Build.0 = Debug|x86
		{B57E58DC-7D24-4214-80FF-E5A3DB0FDCEA}.Debug|x86.Deploy.0 = Debug|x86
		{B57E58DC-7D24-4214-80FF-E5A3DB0FDCEA}.Release|Any CPU.ActiveCfg = Release|x86
		{B57E58DC-7D24-4214-80FF-E5A3DB0FDCEA}.Release|Any CPU.Build.0 = Release|x86
		{B57E58DC-7D24-4214-80FF-E5A3DB0FDCEA}.Release|Any CPU.Deploy.0 = Release|x86
		{B57E58DC-7D24-4214-80FF-E5A3DB0FDCEA}.Release|ARM.ActiveCfg = Release|ARM
		{B57E58DC-7D24-4214-80FF-E5A3DB0FDCEA}.Release|ARM.Build.0 = Release|ARM
		{B57E58DC-7D24-4214-80FF-E5A3DB0FDCEA}.Release|ARM.Deploy.0 = Release|ARM
		{B57E58DC-7D24-4214-80FF-E5A3DB0FDCEA}.Release|iPhone.ActiveCfg = Release|x86
		{B57E58DC-7D24-4214-80FF-E5A3DB0FDCEA}.Release|iPhone.Build.0 = Release|x86
		{B57E58DC-7D24-4214-80FF-E5A3DB0FDCEA}.Release|iPhone.Deploy.0 = Release|x86
		{B57E58DC-7D24-4214-80FF-E5A3DB0FDCEA}.Release|iPhoneSimulator.ActiveCfg = Release|x86
		{B57E58DC-7D24-4214-80FF-E5A3DB0FDCEA}.Release|iPhoneSimulator.Build.0 = Release|x86
		{B57E58DC-7D24-4214-80FF-E5A3DB0FDCEA}.Release|iPhoneSimulator.Deploy.0 = Release|x86
		{B57E58DC-7D24-4214-80FF-E5A3DB0FDCEA}.Release|x64.ActiveCfg = Release|x64
		{B57E58DC-7D24-4214-80FF-E5A3DB0FDCEA}.Release|x64.Build.0 = Release|x64
		{B57E58DC-7D24-4214-80FF-E5A3DB0FDCEA}.Release|x64.Deploy.0 = Release|x64
		{B57E58DC-7D24-4214-80FF-E5A3DB0FDCEA}.Release|x86.ActiveCfg = Release|x86
		{B57E58DC-7D24-4214-80FF-E5A3DB0FDCEA}.Release|x86.Build.0 = Release|x86
		{B57E58DC-7D24-4214-80FF-E5A3DB0FDCEA}.Release|x86.Deploy.0 = Release|x86
		{F952A788-EB08-44A4-844A-48BB932D4183}.Ad-Hoc|Any CPU.ActiveCfg = Debug|Any CPU
		{F952A788-EB08-44A4-844A-48BB932D4183}.Ad-Hoc|Any CPU.Build.0 = Debug|Any CPU
		{F952A788-EB08-44A4-844A-48BB932D4183}.Ad-Hoc|Any CPU.Deploy.0 = Debug|Any CPU
		{F952A788-EB08-44A4-844A-48BB932D4183}.Ad-Hoc|ARM.ActiveCfg = Debug|Any CPU
		{F952A788-EB08-44A4-844A-48BB932D4183}.Ad-Hoc|ARM.Build.0 = Debug|Any CPU
		{F952A788-EB08-44A4-844A-48BB932D4183}.Ad-Hoc|ARM.Deploy.0 = Debug|Any CPU
		{F952A788-EB08-44A4-844A-48BB932D4183}.Ad-Hoc|iPhone.ActiveCfg = Debug|Any CPU
		{F952A788-EB08-44A4-844A-48BB932D4183}.Ad-Hoc|iPhone.Build.0 = Debug|Any CPU
		{F952A788-EB08-44A4-844A-48BB932D4183}.Ad-Hoc|iPhone.Deploy.0 = Debug|Any CPU
		{F952A788-EB08-44A4-844A-48BB932D4183}.Ad-Hoc|iPhoneSimulator.ActiveCfg = Debug|Any CPU
		{F952A788-EB08-44A4-844A-48BB932D4183}.Ad-Hoc|iPhoneSimulator.Build.0 = Debug|Any CPU
		{F952A788-EB08-44A4-844A-48BB932D4183}.Ad-Hoc|iPhoneSimulator.Deploy.0 = Debug|Any CPU
		{F952A788-EB08-44A4-844A-48BB932D4183}.Ad-Hoc|x64.ActiveCfg = Debug|Any CPU
		{F952A788-EB08-44A4-844A-48BB932D4183}.Ad-Hoc|x64.Build.0 = Debug|Any CPU
		{F952A788-EB08-44A4-844A-48BB932D4183}.Ad-Hoc|x64.Deploy.0 = Debug|Any CPU
		{F952A788-EB08-44A4-844A-48BB932D4183}.Ad-Hoc|x86.ActiveCfg = Debug|Any CPU
		{F952A788-EB08-44A4-844A-48BB932D4183}.Ad-Hoc|x86.Build.0 = Debug|Any CPU
		{F952A788-EB08-44A4-844A-48BB932D4183}.Ad-Hoc|x86.Deploy.0 = Debug|Any CPU
		{F952A788-EB08-44A4-844A-48BB932D4183}.AppStore|Any CPU.ActiveCfg = Debug|Any CPU
		{F952A788-EB08-44A4-844A-48BB932D4183}.AppStore|Any CPU.Build.0 = Debug|Any CPU
		{F952A788-EB08-44A4-844A-48BB932D4183}.AppStore|Any CPU.Deploy.0 = Debug|Any CPU
		{F952A788-EB08-44A4-844A-48BB932D4183}.AppStore|ARM.ActiveCfg = Debug|Any CPU
		{F952A788-EB08-44A4-844A-48BB932D4183}.AppStore|ARM.Build.0 = Debug|Any CPU
		{F952A788-EB08-44A4-844A-48BB932D4183}.AppStore|ARM.Deploy.0 = Debug|Any CPU
		{F952A788-EB08-44A4-844A-48BB932D4183}.AppStore|iPhone.ActiveCfg = Debug|Any CPU
		{F952A788-EB08-44A4-844A-48BB932D4183}.AppStore|iPhone.Build.0 = Debug|Any CPU
		{F952A788-EB08-44A4-844A-48BB932D4183}.AppStore|iPhone.Deploy.0 = Debug|Any CPU
		{F952A788-EB08-44A4-844A-48BB932D4183}.AppStore|iPhoneSimulator.ActiveCfg = Debug|Any CPU
		{F952A788-EB08-44A4-844A-48BB932D4183}.AppStore|iPhoneSimulator.Build.0 = Debug|Any CPU
		{F952A788-EB08-44A4-844A-48BB932D4183}.AppStore|iPhoneSimulator.Deploy.0 = Debug|Any CPU
		{F952A788-EB08-44A4-844A-48BB932D4183}.AppStore|x64.ActiveCfg = Debug|Any CPU
		{F952A788-EB08-44A4-844A-48BB932D4183}.AppStore|x64.Build.0 = Debug|Any CPU
		{F952A788-EB08-44A4-844A-48BB932D4183}.AppStore|x64.Deploy.0 = Debug|Any CPU
		{F952A788-EB08-44A4-844A-48BB932D4183}.AppStore|x86.ActiveCfg = Debug|Any CPU
		{F952A788-EB08-44A4-844A-48BB932D4183}.AppStore|x86.Build.0 = Debug|Any CPU
		{F952A788-EB08-44A4-844A-48BB932D4183}.AppStore|x86.Deploy.0 = Debug|Any CPU
		{F952A788-EB08-44A4-844A-48BB932D4183}.Debug|Any CPU.ActiveCfg = Debug|Any CPU
		{F952A788-EB08-44A4-844A-48BB932D4183}.Debug|Any CPU.Build.0 = Debug|Any CPU
		{F952A788-EB08-44A4-844A-48BB932D4183}.Debug|Any CPU.Deploy.0 = Debug|Any CPU
		{F952A788-EB08-44A4-844A-48BB932D4183}.Debug|ARM.ActiveCfg = Debug|Any CPU
		{F952A788-EB08-44A4-844A-48BB932D4183}.Debug|ARM.Build.0 = Debug|Any CPU
		{F952A788-EB08-44A4-844A-48BB932D4183}.Debug|ARM.Deploy.0 = Debug|Any CPU
		{F952A788-EB08-44A4-844A-48BB932D4183}.Debug|iPhone.ActiveCfg = Debug|Any CPU
		{F952A788-EB08-44A4-844A-48BB932D4183}.Debug|iPhone.Build.0 = Debug|Any CPU
		{F952A788-EB08-44A4-844A-48BB932D4183}.Debug|iPhone.Deploy.0 = Debug|Any CPU
		{F952A788-EB08-44A4-844A-48BB932D4183}.Debug|iPhoneSimulator.ActiveCfg = Debug|Any CPU
		{F952A788-EB08-44A4-844A-48BB932D4183}.Debug|iPhoneSimulator.Build.0 = Debug|Any CPU
		{F952A788-EB08-44A4-844A-48BB932D4183}.Debug|iPhoneSimulator.Deploy.0 = Debug|Any CPU
		{F952A788-EB08-44A4-844A-48BB932D4183}.Debug|x64.ActiveCfg = Debug|Any CPU
		{F952A788-EB08-44A4-844A-48BB932D4183}.Debug|x64.Build.0 = Debug|Any CPU
		{F952A788-EB08-44A4-844A-48BB932D4183}.Debug|x64.Deploy.0 = Debug|Any CPU
		{F952A788-EB08-44A4-844A-48BB932D4183}.Debug|x86.ActiveCfg = Debug|Any CPU
		{F952A788-EB08-44A4-844A-48BB932D4183}.Debug|x86.Build.0 = Debug|Any CPU
		{F952A788-EB08-44A4-844A-48BB932D4183}.Debug|x86.Deploy.0 = Debug|Any CPU
		{F952A788-EB08-44A4-844A-48BB932D4183}.Release|Any CPU.ActiveCfg = Release|Any CPU
		{F952A788-EB08-44A4-844A-48BB932D4183}.Release|Any CPU.Build.0 = Release|Any CPU
		{F952A788-EB08-44A4-844A-48BB932D4183}.Release|Any CPU.Deploy.0 = Release|Any CPU
		{F952A788-EB08-44A4-844A-48BB932D4183}.Release|ARM.ActiveCfg = Release|Any CPU
		{F952A788-EB08-44A4-844A-48BB932D4183}.Release|ARM.Build.0 = Release|Any CPU
		{F952A788-EB08-44A4-844A-48BB932D4183}.Release|ARM.Deploy.0 = Release|Any CPU
		{F952A788-EB08-44A4-844A-48BB932D4183}.Release|iPhone.ActiveCfg = Release|Any CPU
		{F952A788-EB08-44A4-844A-48BB932D4183}.Release|iPhone.Build.0 = Release|Any CPU
		{F952A788-EB08-44A4-844A-48BB932D4183}.Release|iPhone.Deploy.0 = Release|Any CPU
		{F952A788-EB08-44A4-844A-48BB932D4183}.Release|iPhoneSimulator.ActiveCfg = Release|Any CPU
		{F952A788-EB08-44A4-844A-48BB932D4183}.Release|iPhoneSimulator.Build.0 = Release|Any CPU
		{F952A788-EB08-44A4-844A-48BB932D4183}.Release|iPhoneSimulator.Deploy.0 = Release|Any CPU
		{F952A788-EB08-44A4-844A-48BB932D4183}.Release|x64.ActiveCfg = Release|Any CPU
		{F952A788-EB08-44A4-844A-48BB932D4183}.Release|x64.Build.0 = Release|Any CPU
		{F952A788-EB08-44A4-844A-48BB932D4183}.Release|x64.Deploy.0 = Release|Any CPU
		{F952A788-EB08-44A4-844A-48BB932D4183}.Release|x86.ActiveCfg = Release|Any CPU
		{F952A788-EB08-44A4-844A-48BB932D4183}.Release|x86.Build.0 = Release|Any CPU
		{F952A788-EB08-44A4-844A-48BB932D4183}.Release|x86.Deploy.0 = Release|Any CPU
	EndGlobalSection
	GlobalSection(SolutionProperties) = preSolution
		HideSolutionNode = FALSE
	EndGlobalSection
	GlobalSection(ExtensibilityGlobals) = postSolution
		SolutionGuid = {839DC3E3-6B84-4F9D-AF73-23D6351790DA}
	EndGlobalSection
EndGlobal
