
Microsoft Visual Studio Solution File, Format Version 12.00
# Visual Studio 15
VisualStudioVersion = 15.0.28307.1000
MinimumVisualStudioVersion = 10.0.40219.1
Project("{FAE04EC0-301F-11D3-BF4B-00C04F79EFBC}") = "App02_TiposPaginaXF.Android", "App02_TiposPaginaXF\App02_TiposPaginaXF.Android\App02_TiposPaginaXF.Android.csproj", "{EB1DF5B6-B980-43E0-9852-8D9BACE5BD4D}"
EndProject
Project("{FAE04EC0-301F-11D3-BF4B-00C04F79EFBC}") = "App02_TiposPaginaXF.iOS", "App02_TiposPaginaXF\App02_TiposPaginaXF.iOS\App02_TiposPaginaXF.iOS.csproj", "{A6F77FA2-61D1-4D0E-8B72-886298A232F5}"
EndProject
Project("{FAE04EC0-301F-11D3-BF4B-00C04F79EFBC}") = "App02_TiposPaginaXF.UWP", "App02_TiposPaginaXF\App02_TiposPaginaXF.UWP\App02_TiposPaginaXF.UWP.csproj", "{7E4391F3-0182-4696-851D-618C01930066}"
EndProject
Project("{FAE04EC0-301F-11D3-BF4B-00C04F79EFBC}") = "App02_TiposPaginaXF", "App02_TiposPaginaXF\App02_TiposPaginaXF\App02_TiposPaginaXF.csproj", "{8C014C4E-C96A-4CEB-8A9B-050490F07DDD}"
EndProject
Global
	GlobalSection(SolutionConfigurationPlatforms) = preSolution
		Ad-Hoc|Any CPU = Ad-Hoc|Any CPU
		Ad-Hoc|ARM = Ad-Hoc|ARM
		Ad-Hoc|iPhone = Ad-Hoc|iPhone
		Ad-Hoc|iPhoneSimulator = Ad-Hoc|iPhoneSimulator
		Ad-Hoc|x64 = Ad-Hoc|x64
		Ad-Hoc|x86 = Ad-Hoc|x86
		AppStore|Any CPU = AppStore|Any CPU
		AppStore|ARM = AppStore|ARM
		AppStore|iPhone = AppStore|iPhone
		AppStore|iPhoneSimulator = AppStore|iPhoneSimulator
		AppStore|x64 = AppStore|x64
		AppStore|x86 = AppStore|x86
		Debug|Any CPU = Debug|Any CPU
		Debug|ARM = Debug|ARM
		Debug|iPhone = Debug|iPhone
		Debug|iPhoneSimulator = Debug|iPhoneSimulator
		Debug|x64 = Debug|x64
		Debug|x86 = Debug|x86
		Release|Any CPU = Release|Any CPU
		Release|ARM = Release|ARM
		Release|iPhone = Release|iPhone
		Release|iPhoneSimulator = Release|iPhoneSimulator
		Release|x64 = Release|x64
		Release|x86 = Release|x86
	EndGlobalSection
	GlobalSection(ProjectConfigurationPlatforms) = postSolution
		{EB1DF5B6-B980-43E0-9852-8D9BACE5BD4D}.Ad-Hoc|Any CPU.ActiveCfg = Release|Any CPU
		{EB1DF5B6-B980-43E0-9852-8D9BACE5BD4D}.Ad-Hoc|Any CPU.Build.0 = Release|Any CPU
		{EB1DF5B6-B980-43E0-9852-8D9BACE5BD4D}.Ad-Hoc|Any CPU.Deploy.0 = Release|Any CPU
		{EB1DF5B6-B980-43E0-9852-8D9BACE5BD4D}.Ad-Hoc|ARM.ActiveCfg = Release|Any CPU
		{EB1DF5B6-B980-43E0-9852-8D9BACE5BD4D}.Ad-Hoc|ARM.Build.0 = Release|Any CPU
		{EB1DF5B6-B980-43E0-9852-8D9BACE5BD4D}.Ad-Hoc|ARM.Deploy.0 = Release|Any CPU
		{EB1DF5B6-B980-43E0-9852-8D9BACE5BD4D}.Ad-Hoc|iPhone.ActiveCfg = Release|Any CPU
		{EB1DF5B6-B980-43E0-9852-8D9BACE5BD4D}.Ad-Hoc|iPhone.Build.0 = Release|Any CPU
		{EB1DF5B6-B980-43E0-9852-8D9BACE5BD4D}.Ad-Hoc|iPhone.Deploy.0 = Release|Any CPU
		{EB1DF5B6-B980-43E0-9852-8D9BACE5BD4D}.Ad-Hoc|iPhoneSimulator.ActiveCfg = Release|Any CPU
		{EB1DF5B6-B980-43E0-9852-8D9BACE5BD4D}.Ad-Hoc|iPhoneSimulator.Build.0 = Release|Any CPU
		{EB1DF5B6-B980-43E0-9852-8D9BACE5BD4D}.Ad-Hoc|iPhoneSimulator.Deploy.0 = Release|Any CPU
		{EB1DF5B6-B980-43E0-9852-8D9BACE5BD4D}.Ad-Hoc|x64.ActiveCfg = Release|Any CPU
		{EB1DF5B6-B980-43E0-9852-8D9BACE5BD4D}.Ad-Hoc|x64.Build.0 = Release|Any CPU
		{EB1DF5B6-B980-43E0-9852-8D9BACE5BD4D}.Ad-Hoc|x64.Deploy.0 = Release|Any CPU
		{EB1DF5B6-B980-43E0-9852-8D9BACE5BD4D}.Ad-Hoc|x86.ActiveCfg = Release|Any CPU
		{EB1DF5B6-B980-43E0-9852-8D9BACE5BD4D}.Ad-Hoc|x86.Build.0 = Release|Any CPU
		{EB1DF5B6-B980-43E0-9852-8D9BACE5BD4D}.Ad-Hoc|x86.Deploy.0 = Release|Any CPU
		{EB1DF5B6-B980-43E0-9852-8D9BACE5BD4D}.AppStore|Any CPU.ActiveCfg = Release|Any CPU
		{EB1DF5B6-B980-43E0-9852-8D9BACE5BD4D}.AppStore|Any CPU.Build.0 = Release|Any CPU
		{EB1DF5B6-B980-43E0-9852-8D9BACE5BD4D}.AppStore|Any CPU.Deploy.0 = Release|Any CPU
		{EB1DF5B6-B980-43E0-9852-8D9BACE5BD4D}.AppStore|ARM.ActiveCfg = Release|Any CPU
		{EB1DF5B6-B980-43E0-9852-8D9BACE5BD4D}.AppStore|ARM.Build.0 = Release|Any CPU
		{EB1DF5B6-B980-43E0-9852-8D9BACE5BD4D}.AppStore|ARM.Deploy.0 = Release|Any CPU
		{EB1DF5B6-B980-43E0-9852-8D9BACE5BD4D}.AppStore|iPhone.ActiveCfg = Release|Any CPU
		{EB1DF5B6-B980-43E0-9852-8D9BACE5BD4D}.AppStore|iPhone.Build.0 = Release|Any CPU
		{EB1DF5B6-B980-43E0-9852-8D9BACE5BD4D}.AppStore|iPhone.Deploy.0 = Release|Any CPU
		{EB1DF5B6-B980-43E0-9852-8D9BACE5BD4D}.AppStore|iPhoneSimulator.ActiveCfg = Release|Any CPU
		{EB1DF5B6-B980-43E0-9852-8D9BACE5BD4D}.AppStore|iPhoneSimulator.Build.0 = Release|Any CPU
		{EB1DF5B6-B980-43E0-9852-8D9BACE5BD4D}.AppStore|iPhoneSimulator.Deploy.0 = Release|Any CPU
		{EB1DF5B6-B980-43E0-9852-8D9BACE5BD4D}.AppStore|x64.ActiveCfg = Release|Any CPU
		{EB1DF5B6-B980-43E0-9852-8D9BACE5BD4D}.AppStore|x64.Build.0 = Release|Any CPU
		{EB1DF5B6-B980-43E0-9852-8D9BACE5BD4D}.AppStore|x64.Deploy.0 = Release|Any CPU
		{EB1DF5B6-B980-43E0-9852-8D9BACE5BD4D}.AppStore|x86.ActiveCfg = Release|Any CPU
		{EB1DF5B6-B980-43E0-9852-8D9BACE5BD4D}.AppStore|x86.Build.0 = Release|Any CPU
		{EB1DF5B6-B980-43E0-9852-8D9BACE5BD4D}.AppStore|x86.Deploy.0 = Release|Any CPU
		{EB1DF5B6-B980-43E0-9852-8D9BACE5BD4D}.Debug|Any CPU.ActiveCfg = Debug|Any CPU
		{EB1DF5B6-B980-43E0-9852-8D9BACE5BD4D}.Debug|Any CPU.Build.0 = Debug|Any CPU
		{EB1DF5B6-B980-43E0-9852-8D9BACE5BD4D}.Debug|Any CPU.Deploy.0 = Debug|Any CPU
		{EB1DF5B6-B980-43E0-9852-8D9BACE5BD4D}.Debug|ARM.ActiveCfg = Debug|Any CPU
		{EB1DF5B6-B980-43E0-9852-8D9BACE5BD4D}.Debug|ARM.Build.0 = Debug|Any CPU
		{EB1DF5B6-B980-43E0-9852-8D9BACE5BD4D}.Debug|ARM.Deploy.0 = Debug|Any CPU
		{EB1DF5B6-B980-43E0-9852-8D9BACE5BD4D}.Debug|iPhone.ActiveCfg = Debug|Any CPU
		{EB1DF5B6-B980-43E0-9852-8D9BACE5BD4D}.Debug|iPhone.Build.0 = Debug|Any CPU
		{EB1DF5B6-B980-43E0-9852-8D9BACE5BD4D}.Debug|iPhone.Deploy.0 = Debug|Any CPU
		{EB1DF5B6-B980-43E0-9852-8D9BACE5BD4D}.Debug|iPhoneSimulator.ActiveCfg = Debug|Any CPU
		{EB1DF5B6-B980-43E0-9852-8D9BACE5BD4D}.Debug|iPhoneSimulator.Build.0 = Debug|Any CPU
		{EB1DF5B6-B980-43E0-9852-8D9BACE5BD4D}.Debug|iPhoneSimulator.Deploy.0 = Debug|Any CPU
		{EB1DF5B6-B980-43E0-9852-8D9BACE5BD4D}.Debug|x64.ActiveCfg = Debug|Any CPU
		{EB1DF5B6-B980-43E0-9852-8D9BACE5BD4D}.Debug|x64.Build.0 = Debug|Any CPU
		{EB1DF5B6-B980-43E0-9852-8D9BACE5BD4D}.Debug|x64.Deploy.0 = Debug|Any CPU
		{EB1DF5B6-B980-43E0-9852-8D9BACE5BD4D}.Debug|x86.ActiveCfg = Debug|Any CPU
		{EB1DF5B6-B980-43E0-9852-8D9BACE5BD4D}.Debug|x86.Build.0 = Debug|Any CPU
		{EB1DF5B6-B980-43E0-9852-8D9BACE5BD4D}.Debug|x86.Deploy.0 = Debug|Any CPU
		{EB1DF5B6-B980-43E0-9852-8D9BACE5BD4D}.Release|Any CPU.ActiveCfg = Release|Any CPU
		{EB1DF5B6-B980-43E0-9852-8D9BACE5BD4D}.Release|Any CPU.Build.0 = Release|Any CPU
		{EB1DF5B6-B980-43E0-9852-8D9BACE5BD4D}.Release|Any CPU.Deploy.0 = Release|Any CPU
		{EB1DF5B6-B980-43E0-9852-8D9BACE5BD4D}.Release|ARM.ActiveCfg = Release|Any CPU
		{EB1DF5B6-B980-43E0-9852-8D9BACE5BD4D}.Release|ARM.Build.0 = Release|Any CPU
		{EB1DF5B6-B980-43E0-9852-8D9BACE5BD4D}.Release|ARM.Deploy.0 = Release|Any CPU
		{EB1DF5B6-B980-43E0-9852-8D9BACE5BD4D}.Release|iPhone.ActiveCfg = Release|Any CPU
		{EB1DF5B6-B980-43E0-9852-8D9BACE5BD4D}.Release|iPhone.Build.0 = Release|Any CPU
		{EB1DF5B6-B980-43E0-9852-8D9BACE5BD4D}.Release|iPhone.Deploy.0 = Release|Any CPU
		{EB1DF5B6-B980-43E0-9852-8D9BACE5BD4D}.Release|iPhoneSimulator.ActiveCfg = Release|Any CPU
		{EB1DF5B6-B980-43E0-9852-8D9BACE5BD4D}.Release|iPhoneSimulator.Build.0 = Release|Any CPU
		{EB1DF5B6-B980-43E0-9852-8D9BACE5BD4D}.Release|iPhoneSimulator.Deploy.0 = Release|Any CPU
		{EB1DF5B6-B980-43E0-9852-8D9BACE5BD4D}.Release|x64.ActiveCfg = Release|Any CPU
		{EB1DF5B6-B980-43E0-9852-8D9BACE5BD4D}.Release|x64.Build.0 = Release|Any CPU
		{EB1DF5B6-B980-43E0-9852-8D9BACE5BD4D}.Release|x64.Deploy.0 = Release|Any CPU
		{EB1DF5B6-B980-43E0-9852-8D9BACE5BD4D}.Release|x86.ActiveCfg = Release|Any CPU
		{EB1DF5B6-B980-43E0-9852-8D9BACE5BD4D}.Release|x86.Build.0 = Release|Any CPU
		{EB1DF5B6-B980-43E0-9852-8D9BACE5BD4D}.Release|x86.Deploy.0 = Release|Any CPU
		{A6F77FA2-61D1-4D0E-8B72-886298A232F5}.Ad-Hoc|Any CPU.ActiveCfg = Ad-Hoc|iPhone
		{A6F77FA2-61D1-4D0E-8B72-886298A232F5}.Ad-Hoc|Any CPU.Build.0 = Ad-Hoc|iPhone
		{A6F77FA2-61D1-4D0E-8B72-886298A232F5}.Ad-Hoc|Any CPU.Deploy.0 = Ad-Hoc|iPhone
		{A6F77FA2-61D1-4D0E-8B72-886298A232F5}.Ad-Hoc|ARM.ActiveCfg = Ad-Hoc|iPhone
		{A6F77FA2-61D1-4D0E-8B72-886298A232F5}.Ad-Hoc|ARM.Build.0 = Ad-Hoc|iPhone
		{A6F77FA2-61D1-4D0E-8B72-886298A232F5}.Ad-Hoc|ARM.Deploy.0 = Ad-Hoc|iPhone
		{A6F77FA2-61D1-4D0E-8B72-886298A232F5}.Ad-Hoc|iPhone.ActiveCfg = Ad-Hoc|iPhone
		{A6F77FA2-61D1-4D0E-8B72-886298A232F5}.Ad-Hoc|iPhone.Build.0 = Ad-Hoc|iPhone
		{A6F77FA2-61D1-4D0E-8B72-886298A232F5}.Ad-Hoc|iPhone.Deploy.0 = Ad-Hoc|iPhone
		{A6F77FA2-61D1-4D0E-8B72-886298A232F5}.Ad-Hoc|iPhoneSimulator.ActiveCfg = Ad-Hoc|iPhoneSimulator
		{A6F77FA2-61D1-4D0E-8B72-886298A232F5}.Ad-Hoc|iPhoneSimulator.Build.0 = Ad-Hoc|iPhoneSimulator
		{A6F77FA2-61D1-4D0E-8B72-886298A232F5}.Ad-Hoc|iPhoneSimulator.Deploy.0 = Ad-Hoc|iPhoneSimulator
		{A6F77FA2-61D1-4D0E-8B72-886298A232F5}.Ad-Hoc|x64.ActiveCfg = Ad-Hoc|iPhone
		{A6F77FA2-61D1-4D0E-8B72-886298A232F5}.Ad-Hoc|x64.Build.0 = Ad-Hoc|iPhone
		{A6F77FA2-61D1-4D0E-8B72-886298A232F5}.Ad-Hoc|x64.Deploy.0 = Ad-Hoc|iPhone
		{A6F77FA2-61D1-4D0E-8B72-886298A232F5}.Ad-Hoc|x86.ActiveCfg = Ad-Hoc|iPhone
		{A6F77FA2-61D1-4D0E-8B72-886298A232F5}.Ad-Hoc|x86.Build.0 = Ad-Hoc|iPhone
		{A6F77FA2-61D1-4D0E-8B72-886298A232F5}.Ad-Hoc|x86.Deploy.0 = Ad-Hoc|iPhone
		{A6F77FA2-61D1-4D0E-8B72-886298A232F5}.AppStore|Any CPU.ActiveCfg = AppStore|iPhone
		{A6F77FA2-61D1-4D0E-8B72-886298A232F5}.AppStore|Any CPU.Build.0 = AppStore|iPhone
		{A6F77FA2-61D1-4D0E-8B72-886298A232F5}.AppStore|Any CPU.Deploy.0 = AppStore|iPhone
		{A6F77FA2-61D1-4D0E-8B72-886298A232F5}.AppStore|ARM.ActiveCfg = AppStore|iPhone
		{A6F77FA2-61D1-4D0E-8B72-886298A232F5}.AppStore|ARM.Build.0 = AppStore|iPhone
		{A6F77FA2-61D1-4D0E-8B72-886298A232F5}.AppStore|ARM.Deploy.0 = AppStore|iPhone
		{A6F77FA2-61D1-4D0E-8B72-886298A232F5}.AppStore|iPhone.ActiveCfg = AppStore|iPhone
		{A6F77FA2-61D1-4D0E-8B72-886298A232F5}.AppStore|iPhone.Build.0 = AppStore|iPhone
		{A6F77FA2-61D1-4D0E-8B72-886298A232F5}.AppStore|iPhone.Deploy.0 = AppStore|iPhone
		{A6F77FA2-61D1-4D0E-8B72-886298A232F5}.AppStore|iPhoneSimulator.ActiveCfg = AppStore|iPhoneSimulator
		{A6F77FA2-61D1-4D0E-8B72-886298A232F5}.AppStore|iPhoneSimulator.Build.0 = AppStore|iPhoneSimulator
		{A6F77FA2-61D1-4D0E-8B72-886298A232F5}.AppStore|iPhoneSimulator.Deploy.0 = AppStore|iPhoneSimulator
		{A6F77FA2-61D1-4D0E-8B72-886298A232F5}.AppStore|x64.ActiveCfg = AppStore|iPhone
		{A6F77FA2-61D1-4D0E-8B72-886298A232F5}.AppStore|x64.Build.0 = AppStore|iPhone
		{A6F77FA2-61D1-4D0E-8B72-886298A232F5}.AppStore|x64.Deploy.0 = AppStore|iPhone
		{A6F77FA2-61D1-4D0E-8B72-886298A232F5}.AppStore|x86.ActiveCfg = AppStore|iPhone
		{A6F77FA2-61D1-4D0E-8B72-886298A232F5}.AppStore|x86.Build.0 = AppStore|iPhone
		{A6F77FA2-61D1-4D0E-8B72-886298A232F5}.AppStore|x86.Deploy.0 = AppStore|iPhone
		{A6F77FA2-61D1-4D0E-8B72-886298A232F5}.Debug|Any CPU.ActiveCfg = Debug|iPhoneSimulator
		{A6F77FA2-61D1-4D0E-8B72-886298A232F5}.Debug|Any CPU.Build.0 = Debug|iPhoneSimulator
		{A6F77FA2-61D1-4D0E-8B72-886298A232F5}.Debug|Any CPU.Deploy.0 = Debug|iPhoneSimulator
		{A6F77FA2-61D1-4D0E-8B72-886298A232F5}.Debug|ARM.ActiveCfg = Debug|iPhone
		{A6F77FA2-61D1-4D0E-8B72-886298A232F5}.Debug|ARM.Build.0 = Debug|iPhone
		{A6F77FA2-61D1-4D0E-8B72-886298A232F5}.Debug|ARM.Deploy.0 = Debug|iPhone
		{A6F77FA2-61D1-4D0E-8B72-886298A232F5}.Debug|iPhone.ActiveCfg = Debug|iPhone
		{A6F77FA2-61D1-4D0E-8B72-886298A232F5}.Debug|iPhone.Build.0 = Debug|iPhone
		{A6F77FA2-61D1-4D0E-8B72-886298A232F5}.Debug|iPhone.Deploy.0 = Debug|iPhone
		{A6F77FA2-61D1-4D0E-8B72-886298A232F5}.Debug|iPhoneSimulator.ActiveCfg = Debug|iPhoneSimulator
		{A6F77FA2-61D1-4D0E-8B72-886298A232F5}.Debug|iPhoneSimulator.Build.0 = Debug|iPhoneSimulator
		{A6F77FA2-61D1-4D0E-8B72-886298A232F5}.Debug|iPhoneSimulator.Deploy.0 = Debug|iPhoneSimulator
		{A6F77FA2-61D1-4D0E-8B72-886298A232F5}.Debug|x64.ActiveCfg = Debug|iPhone
		{A6F77FA2-61D1-4D0E-8B72-886298A232F5}.Debug|x64.Build.0 = Debug|iPhone
		{A6F77FA2-61D1-4D0E-8B72-886298A232F5}.Debug|x64.Deploy.0 = Debug|iPhone
		{A6F77FA2-61D1-4D0E-8B72-886298A232F5}.Debug|x86.ActiveCfg = Debug|iPhone
		{A6F77FA2-61D1-4D0E-8B72-886298A232F5}.Debug|x86.Build.0 = Debug|iPhone
		{A6F77FA2-61D1-4D0E-8B72-886298A232F5}.Debug|x86.Deploy.0 = Debug|iPhone
		{A6F77FA2-61D1-4D0E-8B72-886298A232F5}.Release|Any CPU.ActiveCfg = Release|iPhone
		{A6F77FA2-61D1-4D0E-8B72-886298A232F5}.Release|Any CPU.Build.0 = Release|iPhone
		{A6F77FA2-61D1-4D0E-8B72-886298A232F5}.Release|Any CPU.Deploy.0 = Release|iPhone
		{A6F77FA2-61D1-4D0E-8B72-886298A232F5}.Release|ARM.ActiveCfg = Release|iPhone
		{A6F77FA2-61D1-4D0E-8B72-886298A232F5}.Release|ARM.Build.0 = Release|iPhone
		{A6F77FA2-61D1-4D0E-8B72-886298A232F5}.Release|ARM.Deploy.0 = Release|iPhone
		{A6F77FA2-61D1-4D0E-8B72-886298A232F5}.Release|iPhone.ActiveCfg = Release|iPhone
		{A6F77FA2-61D1-4D0E-8B72-886298A232F5}.Release|iPhone.Build.0 = Release|iPhone
		{A6F77FA2-61D1-4D0E-8B72-886298A232F5}.Release|iPhone.Deploy.0 = Release|iPhone
		{A6F77FA2-61D1-4D0E-8B72-886298A232F5}.Release|iPhoneSimulator.ActiveCfg = Release|iPhoneSimulator
		{A6F77FA2-61D1-4D0E-8B72-886298A232F5}.Release|iPhoneSimulator.Build.0 = Release|iPhoneSimulator
		{A6F77FA2-61D1-4D0E-8B72-886298A232F5}.Release|iPhoneSimulator.Deploy.0 = Release|iPhoneSimulator
		{A6F77FA2-61D1-4D0E-8B72-886298A232F5}.Release|x64.ActiveCfg = Release|iPhone
		{A6F77FA2-61D1-4D0E-8B72-886298A232F5}.Release|x64.Build.0 = Release|iPhone
		{A6F77FA2-61D1-4D0E-8B72-886298A232F5}.Release|x64.Deploy.0 = Release|iPhone
		{A6F77FA2-61D1-4D0E-8B72-886298A232F5}.Release|x86.ActiveCfg = Release|iPhone
		{A6F77FA2-61D1-4D0E-8B72-886298A232F5}.Release|x86.Build.0 = Release|iPhone
		{A6F77FA2-61D1-4D0E-8B72-886298A232F5}.Release|x86.Deploy.0 = Release|iPhone
		{7E4391F3-0182-4696-851D-618C01930066}.Ad-Hoc|Any CPU.ActiveCfg = Release|x86
		{7E4391F3-0182-4696-851D-618C01930066}.Ad-Hoc|Any CPU.Build.0 = Release|x86
		{7E4391F3-0182-4696-851D-618C01930066}.Ad-Hoc|Any CPU.Deploy.0 = Release|x86
		{7E4391F3-0182-4696-851D-618C01930066}.Ad-Hoc|ARM.ActiveCfg = Release|ARM
		{7E4391F3-0182-4696-851D-618C01930066}.Ad-Hoc|ARM.Build.0 = Release|ARM
		{7E4391F3-0182-4696-851D-618C01930066}.Ad-Hoc|ARM.Deploy.0 = Release|ARM
		{7E4391F3-0182-4696-851D-618C01930066}.Ad-Hoc|iPhone.ActiveCfg = Release|x86
		{7E4391F3-0182-4696-851D-618C01930066}.Ad-Hoc|iPhone.Build.0 = Release|x86
		{7E4391F3-0182-4696-851D-618C01930066}.Ad-Hoc|iPhone.Deploy.0 = Release|x86
		{7E4391F3-0182-4696-851D-618C01930066}.Ad-Hoc|iPhoneSimulator.ActiveCfg = Release|x86
		{7E4391F3-0182-4696-851D-618C01930066}.Ad-Hoc|iPhoneSimulator.Build.0 = Release|x86
		{7E4391F3-0182-4696-851D-618C01930066}.Ad-Hoc|iPhoneSimulator.Deploy.0 = Release|x86
		{7E4391F3-0182-4696-851D-618C01930066}.Ad-Hoc|x64.ActiveCfg = Release|x64
		{7E4391F3-0182-4696-851D-618C01930066}.Ad-Hoc|x64.Build.0 = Release|x64
		{7E4391F3-0182-4696-851D-618C01930066}.Ad-Hoc|x64.Deploy.0 = Release|x64
		{7E4391F3-0182-4696-851D-618C01930066}.Ad-Hoc|x86.ActiveCfg = Release|x86
		{7E4391F3-0182-4696-851D-618C01930066}.Ad-Hoc|x86.Build.0 = Release|x86
		{7E4391F3-0182-4696-851D-618C01930066}.Ad-Hoc|x86.Deploy.0 = Release|x86
		{7E4391F3-0182-4696-851D-618C01930066}.AppStore|Any CPU.ActiveCfg = Release|x86
		{7E4391F3-0182-4696-851D-618C01930066}.AppStore|Any CPU.Build.0 = Release|x86
		{7E4391F3-0182-4696-851D-618C01930066}.AppStore|Any CPU.Deploy.0 = Release|x86
		{7E4391F3-0182-4696-851D-618C01930066}.AppStore|ARM.ActiveCfg = Release|ARM
		{7E4391F3-0182-4696-851D-618C01930066}.AppStore|ARM.Build.0 = Release|ARM
		{7E4391F3-0182-4696-851D-618C01930066}.AppStore|ARM.Deploy.0 = Release|ARM
		{7E4391F3-0182-4696-851D-618C01930066}.AppStore|iPhone.ActiveCfg = Release|x86
		{7E4391F3-0182-4696-851D-618C01930066}.AppStore|iPhone.Build.0 = Release|x86
		{7E4391F3-0182-4696-851D-618C01930066}.AppStore|iPhone.Deploy.0 = Release|x86
		{7E4391F3-0182-4696-851D-618C01930066}.AppStore|iPhoneSimulator.ActiveCfg = Release|x86
		{7E4391F3-0182-4696-851D-618C01930066}.AppStore|iPhoneSimulator.Build.0 = Release|x86
		{7E4391F3-0182-4696-851D-618C01930066}.AppStore|iPhoneSimulator.Deploy.0 = Release|x86
		{7E4391F3-0182-4696-851D-618C01930066}.AppStore|x64.ActiveCfg = Release|x64
		{7E4391F3-0182-4696-851D-618C01930066}.AppStore|x64.Build.0 = Release|x64
		{7E4391F3-0182-4696-851D-618C01930066}.AppStore|x64.Deploy.0 = Release|x64
		{7E4391F3-0182-4696-851D-618C01930066}.AppStore|x86.ActiveCfg = Release|x86
		{7E4391F3-0182-4696-851D-618C01930066}.AppStore|x86.Build.0 = Release|x86
		{7E4391F3-0182-4696-851D-618C01930066}.AppStore|x86.Deploy.0 = Release|x86
		{7E4391F3-0182-4696-851D-618C01930066}.Debug|Any CPU.ActiveCfg = Debug|x86
		{7E4391F3-0182-4696-851D-618C01930066}.Debug|Any CPU.Build.0 = Debug|x86
		{7E4391F3-0182-4696-851D-618C01930066}.Debug|Any CPU.Deploy.0 = Debug|x86
		{7E4391F3-0182-4696-851D-618C01930066}.Debug|ARM.ActiveCfg = Debug|ARM
		{7E4391F3-0182-4696-851D-618C01930066}.Debug|ARM.Build.0 = Debug|ARM
		{7E4391F3-0182-4696-851D-618C01930066}.Debug|ARM.Deploy.0 = Debug|ARM
		{7E4391F3-0182-4696-851D-618C01930066}.Debug|iPhone.ActiveCfg = Debug|x86
		{7E4391F3-0182-4696-851D-618C01930066}.Debug|iPhone.Build.0 = Debug|x86
		{7E4391F3-0182-4696-851D-618C01930066}.Debug|iPhone.Deploy.0 = Debug|x86
		{7E4391F3-0182-4696-851D-618C01930066}.Debug|iPhoneSimulator.ActiveCfg = Debug|x86
		{7E4391F3-0182-4696-851D-618C01930066}.Debug|iPhoneSimulator.Build.0 = Debug|x86
		{7E4391F3-0182-4696-851D-618C01930066}.Debug|iPhoneSimulator.Deploy.0 = Debug|x86
		{7E4391F3-0182-4696-851D-618C01930066}.Debug|x64.ActiveCfg = Debug|x64
		{7E4391F3-0182-4696-851D-618C01930066}.Debug|x64.Build.0 = Debug|x64
		{7E4391F3-0182-4696-851D-618C01930066}.Debug|x64.Deploy.0 = Debug|x64
		{7E4391F3-0182-4696-851D-618C01930066}.Debug|x86.ActiveCfg = Debug|x86
		{7E4391F3-0182-4696-851D-618C01930066}.Debug|x86.Build.0 = Debug|x86
		{7E4391F3-0182-4696-851D-618C01930066}.Debug|x86.Deploy.0 = Debug|x86
		{7E4391F3-0182-4696-851D-618C01930066}.Release|Any CPU.ActiveCfg = Release|x86
		{7E4391F3-0182-4696-851D-618C01930066}.Release|Any CPU.Build.0 = Release|x86
		{7E4391F3-0182-4696-851D-618C01930066}.Release|Any CPU.Deploy.0 = Release|x86
		{7E4391F3-0182-4696-851D-618C01930066}.Release|ARM.ActiveCfg = Release|ARM
		{7E4391F3-0182-4696-851D-618C01930066}.Release|ARM.Build.0 = Release|ARM
		{7E4391F3-0182-4696-851D-618C01930066}.Release|ARM.Deploy.0 = Release|ARM
		{7E4391F3-0182-4696-851D-618C01930066}.Release|iPhone.ActiveCfg = Release|x86
		{7E4391F3-0182-4696-851D-618C01930066}.Release|iPhone.Build.0 = Release|x86
		{7E4391F3-0182-4696-851D-618C01930066}.Release|iPhone.Deploy.0 = Release|x86
		{7E4391F3-0182-4696-851D-618C01930066}.Release|iPhoneSimulator.ActiveCfg = Release|x86
		{7E4391F3-0182-4696-851D-618C01930066}.Release|iPhoneSimulator.Build.0 = Release|x86
		{7E4391F3-0182-4696-851D-618C01930066}.Release|iPhoneSimulator.Deploy.0 = Release|x86
		{7E4391F3-0182-4696-851D-618C01930066}.Release|x64.ActiveCfg = Release|x64
		{7E4391F3-0182-4696-851D-618C01930066}.Release|x64.Build.0 = Release|x64
		{7E4391F3-0182-4696-851D-618C01930066}.Release|x64.Deploy.0 = Release|x64
		{7E4391F3-0182-4696-851D-618C01930066}.Release|x86.ActiveCfg = Release|x86
		{7E4391F3-0182-4696-851D-618C01930066}.Release|x86.Build.0 = Release|x86
		{7E4391F3-0182-4696-851D-618C01930066}.Release|x86.Deploy.0 = Release|x86
		{8C014C4E-C96A-4CEB-8A9B-050490F07DDD}.Ad-Hoc|Any CPU.ActiveCfg = Debug|Any CPU
		{8C014C4E-C96A-4CEB-8A9B-050490F07DDD}.Ad-Hoc|Any CPU.Build.0 = Debug|Any CPU
		{8C014C4E-C96A-4CEB-8A9B-050490F07DDD}.Ad-Hoc|Any CPU.Deploy.0 = Debug|Any CPU
		{8C014C4E-C96A-4CEB-8A9B-050490F07DDD}.Ad-Hoc|ARM.ActiveCfg = Debug|Any CPU
		{8C014C4E-C96A-4CEB-8A9B-050490F07DDD}.Ad-Hoc|ARM.Build.0 = Debug|Any CPU
		{8C014C4E-C96A-4CEB-8A9B-050490F07DDD}.Ad-Hoc|ARM.Deploy.0 = Debug|Any CPU
		{8C014C4E-C96A-4CEB-8A9B-050490F07DDD}.Ad-Hoc|iPhone.ActiveCfg = Debug|Any CPU
		{8C014C4E-C96A-4CEB-8A9B-050490F07DDD}.Ad-Hoc|iPhone.Build.0 = Debug|Any CPU
		{8C014C4E-C96A-4CEB-8A9B-050490F07DDD}.Ad-Hoc|iPhone.Deploy.0 = Debug|Any CPU
		{8C014C4E-C96A-4CEB-8A9B-050490F07DDD}.Ad-Hoc|iPhoneSimulator.ActiveCfg = Debug|Any CPU
		{8C014C4E-C96A-4CEB-8A9B-050490F07DDD}.Ad-Hoc|iPhoneSimulator.Build.0 = Debug|Any CPU
		{8C014C4E-C96A-4CEB-8A9B-050490F07DDD}.Ad-Hoc|iPhoneSimulator.Deploy.0 = Debug|Any CPU
		{8C014C4E-C96A-4CEB-8A9B-050490F07DDD}.Ad-Hoc|x64.ActiveCfg = Debug|Any CPU
		{8C014C4E-C96A-4CEB-8A9B-050490F07DDD}.Ad-Hoc|x64.Build.0 = Debug|Any CPU
		{8C014C4E-C96A-4CEB-8A9B-050490F07DDD}.Ad-Hoc|x64.Deploy.0 = Debug|Any CPU
		{8C014C4E-C96A-4CEB-8A9B-050490F07DDD}.Ad-Hoc|x86.ActiveCfg = Debug|Any CPU
		{8C014C4E-C96A-4CEB-8A9B-050490F07DDD}.Ad-Hoc|x86.Build.0 = Debug|Any CPU
		{8C014C4E-C96A-4CEB-8A9B-050490F07DDD}.Ad-Hoc|x86.Deploy.0 = Debug|Any CPU
		{8C014C4E-C96A-4CEB-8A9B-050490F07DDD}.AppStore|Any CPU.ActiveCfg = Debug|Any CPU
		{8C014C4E-C96A-4CEB-8A9B-050490F07DDD}.AppStore|Any CPU.Build.0 = Debug|Any CPU
		{8C014C4E-C96A-4CEB-8A9B-050490F07DDD}.AppStore|Any CPU.Deploy.0 = Debug|Any CPU
		{8C014C4E-C96A-4CEB-8A9B-050490F07DDD}.AppStore|ARM.ActiveCfg = Debug|Any CPU
		{8C014C4E-C96A-4CEB-8A9B-050490F07DDD}.AppStore|ARM.Build.0 = Debug|Any CPU
		{8C014C4E-C96A-4CEB-8A9B-050490F07DDD}.AppStore|ARM.Deploy.0 = Debug|Any CPU
		{8C014C4E-C96A-4CEB-8A9B-050490F07DDD}.AppStore|iPhone.ActiveCfg = Debug|Any CPU
		{8C014C4E-C96A-4CEB-8A9B-050490F07DDD}.AppStore|iPhone.Build.0 = Debug|Any CPU
		{8C014C4E-C96A-4CEB-8A9B-050490F07DDD}.AppStore|iPhone.Deploy.0 = Debug|Any CPU
		{8C014C4E-C96A-4CEB-8A9B-050490F07DDD}.AppStore|iPhoneSimulator.ActiveCfg = Debug|Any CPU
		{8C014C4E-C96A-4CEB-8A9B-050490F07DDD}.AppStore|iPhoneSimulator.Build.0 = Debug|Any CPU
		{8C014C4E-C96A-4CEB-8A9B-050490F07DDD}.AppStore|iPhoneSimulator.Deploy.0 = Debug|Any CPU
		{8C014C4E-C96A-4CEB-8A9B-050490F07DDD}.AppStore|x64.ActiveCfg = Debug|Any CPU
		{8C014C4E-C96A-4CEB-8A9B-050490F07DDD}.AppStore|x64.Build.0 = Debug|Any CPU
		{8C014C4E-C96A-4CEB-8A9B-050490F07DDD}.AppStore|x64.Deploy.0 = Debug|Any CPU
		{8C014C4E-C96A-4CEB-8A9B-050490F07DDD}.AppStore|x86.ActiveCfg = Debug|Any CPU
		{8C014C4E-C96A-4CEB-8A9B-050490F07DDD}.AppStore|x86.Build.0 = Debug|Any CPU
		{8C014C4E-C96A-4CEB-8A9B-050490F07DDD}.AppStore|x86.Deploy.0 = Debug|Any CPU
		{8C014C4E-C96A-4CEB-8A9B-050490F07DDD}.Debug|Any CPU.ActiveCfg = Debug|Any CPU
		{8C014C4E-C96A-4CEB-8A9B-050490F07DDD}.Debug|Any CPU.Build.0 = Debug|Any CPU
		{8C014C4E-C96A-4CEB-8A9B-050490F07DDD}.Debug|Any CPU.Deploy.0 = Debug|Any CPU
		{8C014C4E-C96A-4CEB-8A9B-050490F07DDD}.Debug|ARM.ActiveCfg = Debug|Any CPU
		{8C014C4E-C96A-4CEB-8A9B-050490F07DDD}.Debug|ARM.Build.0 = Debug|Any CPU
		{8C014C4E-C96A-4CEB-8A9B-050490F07DDD}.Debug|ARM.Deploy.0 = Debug|Any CPU
		{8C014C4E-C96A-4CEB-8A9B-050490F07DDD}.Debug|iPhone.ActiveCfg = Debug|Any CPU
		{8C014C4E-C96A-4CEB-8A9B-050490F07DDD}.Debug|iPhone.Build.0 = Debug|Any CPU
		{8C014C4E-C96A-4CEB-8A9B-050490F07DDD}.Debug|iPhone.Deploy.0 = Debug|Any CPU
		{8C014C4E-C96A-4CEB-8A9B-050490F07DDD}.Debug|iPhoneSimulator.ActiveCfg = Debug|Any CPU
		{8C014C4E-C96A-4CEB-8A9B-050490F07DDD}.Debug|iPhoneSimulator.Build.0 = Debug|Any CPU
		{8C014C4E-C96A-4CEB-8A9B-050490F07DDD}.Debug|iPhoneSimulator.Deploy.0 = Debug|Any CPU
		{8C014C4E-C96A-4CEB-8A9B-050490F07DDD}.Debug|x64.ActiveCfg = Debug|Any CPU
		{8C014C4E-C96A-4CEB-8A9B-050490F07DDD}.Debug|x64.Build.0 = Debug|Any CPU
		{8C014C4E-C96A-4CEB-8A9B-050490F07DDD}.Debug|x64.Deploy.0 = Debug|Any CPU
		{8C014C4E-C96A-4CEB-8A9B-050490F07DDD}.Debug|x86.ActiveCfg = Debug|Any CPU
		{8C014C4E-C96A-4CEB-8A9B-050490F07DDD}.Debug|x86.Build.0 = Debug|Any CPU
		{8C014C4E-C96A-4CEB-8A9B-050490F07DDD}.Debug|x86.Deploy.0 = Debug|Any CPU
		{8C014C4E-C96A-4CEB-8A9B-050490F07DDD}.Release|Any CPU.ActiveCfg = Release|Any CPU
		{8C014C4E-C96A-4CEB-8A9B-050490F07DDD}.Release|Any CPU.Build.0 = Release|Any CPU
		{8C014C4E-C96A-4CEB-8A9B-050490F07DDD}.Release|Any CPU.Deploy.0 = Release|Any CPU
		{8C014C4E-C96A-4CEB-8A9B-050490F07DDD}.Release|ARM.ActiveCfg = Release|Any CPU
		{8C014C4E-C96A-4CEB-8A9B-050490F07DDD}.Release|ARM.Build.0 = Release|Any CPU
		{8C014C4E-C96A-4CEB-8A9B-050490F07DDD}.Release|ARM.Deploy.0 = Release|Any CPU
		{8C014C4E-C96A-4CEB-8A9B-050490F07DDD}.Release|iPhone.ActiveCfg = Release|Any CPU
		{8C014C4E-C96A-4CEB-8A9B-050490F07DDD}.Release|iPhone.Build.0 = Release|Any CPU
		{8C014C4E-C96A-4CEB-8A9B-050490F07DDD}.Release|iPhone.Deploy.0 = Release|Any CPU
		{8C014C4E-C96A-4CEB-8A9B-050490F07DDD}.Release|iPhoneSimulator.ActiveCfg = Release|Any CPU
		{8C014C4E-C96A-4CEB-8A9B-050490F07DDD}.Release|iPhoneSimulator.Build.0 = Release|Any CPU
		{8C014C4E-C96A-4CEB-8A9B-050490F07DDD}.Release|iPhoneSimulator.Deploy.0 = Release|Any CPU
		{8C014C4E-C96A-4CEB-8A9B-050490F07DDD}.Release|x64.ActiveCfg = Release|Any CPU
		{8C014C4E-C96A-4CEB-8A9B-050490F07DDD}.Release|x64.Build.0 = Release|Any CPU
		{8C014C4E-C96A-4CEB-8A9B-050490F07DDD}.Release|x64.Deploy.0 = Release|Any CPU
		{8C014C4E-C96A-4CEB-8A9B-050490F07DDD}.Release|x86.ActiveCfg = Release|Any CPU
		{8C014C4E-C96A-4CEB-8A9B-050490F07DDD}.Release|x86.Build.0 = Release|Any CPU
		{8C014C4E-C96A-4CEB-8A9B-050490F07DDD}.Release|x86.Deploy.0 = Release|Any CPU
	EndGlobalSection
	GlobalSection(SolutionProperties) = preSolution
		HideSolutionNode = FALSE
	EndGlobalSection
	GlobalSection(ExtensibilityGlobals) = postSolution
		SolutionGuid = {D2282379-5F50-4772-AF53-C551464C693B}
	EndGlobalSection
EndGlobal
