
Microsoft Visual Studio Solution File, Format Version 12.00
# Visual Studio 15
VisualStudioVersion = 15.0.28307.1000
MinimumVisualStudioVersion = 10.0.40219.1
Project("{FAE04EC0-301F-11D3-BF4B-00C04F79EFBC}") = "App02_Xamarin.Android", "App02_Xamarin\App02_Xamarin.Android\App02_Xamarin.Android.csproj", "{31D810D6-DB60-47F8-AD73-0DC067DB65BE}"
EndProject
Project("{FAE04EC0-301F-11D3-BF4B-00C04F79EFBC}") = "App02_Xamarin.iOS", "App02_Xamarin\App02_Xamarin.iOS\App02_Xamarin.iOS.csproj", "{5C70B4D7-2250-409E-8C74-BA06F4AF3612}"
EndProject
Project("{FAE04EC0-301F-11D3-BF4B-00C04F79EFBC}") = "App02_Xamarin.UWP", "App02_Xamarin\App02_Xamarin.UWP\App02_Xamarin.UWP.csproj", "{FBD25274-B48F-4A05-A333-4E701B3E03BD}"
EndProject
Project("{FAE04EC0-301F-11D3-BF4B-00C04F79EFBC}") = "App02_Xamarin", "App02_Xamarin\App02_Xamarin\App02_Xamarin.csproj", "{F34862B5-9F9E-41CC-9472-6F4F638D22B8}"
EndProject
Global
	GlobalSection(SolutionConfigurationPlatforms) = preSolution
		Ad-Hoc|Any CPU = Ad-Hoc|Any CPU
		Ad-Hoc|ARM = Ad-Hoc|ARM
		Ad-Hoc|iPhone = Ad-Hoc|iPhone
		Ad-Hoc|iPhoneSimulator = Ad-Hoc|iPhoneSimulator
		Ad-Hoc|x64 = Ad-Hoc|x64
		Ad-Hoc|x86 = Ad-Hoc|x86
		AppStore|Any CPU = AppStore|Any CPU
		AppStore|ARM = AppStore|ARM
		AppStore|iPhone = AppStore|iPhone
		AppStore|iPhoneSimulator = AppStore|iPhoneSimulator
		AppStore|x64 = AppStore|x64
		AppStore|x86 = AppStore|x86
		Debug|Any CPU = Debug|Any CPU
		Debug|ARM = Debug|ARM
		Debug|iPhone = Debug|iPhone
		Debug|iPhoneSimulator = Debug|iPhoneSimulator
		Debug|x64 = Debug|x64
		Debug|x86 = Debug|x86
		Release|Any CPU = Release|Any CPU
		Release|ARM = Release|ARM
		Release|iPhone = Release|iPhone
		Release|iPhoneSimulator = Release|iPhoneSimulator
		Release|x64 = Release|x64
		Release|x86 = Release|x86
	EndGlobalSection
	GlobalSection(ProjectConfigurationPlatforms) = postSolution
		{31D810D6-DB60-47F8-AD73-0DC067DB65BE}.Ad-Hoc|Any CPU.ActiveCfg = Release|Any CPU
		{31D810D6-DB60-47F8-AD73-0DC067DB65BE}.Ad-Hoc|Any CPU.Build.0 = Release|Any CPU
		{31D810D6-DB60-47F8-AD73-0DC067DB65BE}.Ad-Hoc|Any CPU.Deploy.0 = Release|Any CPU
		{31D810D6-DB60-47F8-AD73-0DC067DB65BE}.Ad-Hoc|ARM.ActiveCfg = Release|Any CPU
		{31D810D6-DB60-47F8-AD73-0DC067DB65BE}.Ad-Hoc|ARM.Build.0 = Release|Any CPU
		{31D810D6-DB60-47F8-AD73-0DC067DB65BE}.Ad-Hoc|ARM.Deploy.0 = Release|Any CPU
		{31D810D6-DB60-47F8-AD73-0DC067DB65BE}.Ad-Hoc|iPhone.ActiveCfg = Release|Any CPU
		{31D810D6-DB60-47F8-AD73-0DC067DB65BE}.Ad-Hoc|iPhone.Build.0 = Release|Any CPU
		{31D810D6-DB60-47F8-AD73-0DC067DB65BE}.Ad-Hoc|iPhone.Deploy.0 = Release|Any CPU
		{31D810D6-DB60-47F8-AD73-0DC067DB65BE}.Ad-Hoc|iPhoneSimulator.ActiveCfg = Release|Any CPU
		{31D810D6-DB60-47F8-AD73-0DC067DB65BE}.Ad-Hoc|iPhoneSimulator.Build.0 = Release|Any CPU
		{31D810D6-DB60-47F8-AD73-0DC067DB65BE}.Ad-Hoc|iPhoneSimulator.Deploy.0 = Release|Any CPU
		{31D810D6-DB60-47F8-AD73-0DC067DB65BE}.Ad-Hoc|x64.ActiveCfg = Release|Any CPU
		{31D810D6-DB60-47F8-AD73-0DC067DB65BE}.Ad-Hoc|x64.Build.0 = Release|Any CPU
		{31D810D6-DB60-47F8-AD73-0DC067DB65BE}.Ad-Hoc|x64.Deploy.0 = Release|Any CPU
		{31D810D6-DB60-47F8-AD73-0DC067DB65BE}.Ad-Hoc|x86.ActiveCfg = Release|Any CPU
		{31D810D6-DB60-47F8-AD73-0DC067DB65BE}.Ad-Hoc|x86.Build.0 = Release|Any CPU
		{31D810D6-DB60-47F8-AD73-0DC067DB65BE}.Ad-Hoc|x86.Deploy.0 = Release|Any CPU
		{31D810D6-DB60-47F8-AD73-0DC067DB65BE}.AppStore|Any CPU.ActiveCfg = Release|Any CPU
		{31D810D6-DB60-47F8-AD73-0DC067DB65BE}.AppStore|Any CPU.Build.0 = Release|Any CPU
		{31D810D6-DB60-47F8-AD73-0DC067DB65BE}.AppStore|Any CPU.Deploy.0 = Release|Any CPU
		{31D810D6-DB60-47F8-AD73-0DC067DB65BE}.AppStore|ARM.ActiveCfg = Release|Any CPU
		{31D810D6-DB60-47F8-AD73-0DC067DB65BE}.AppStore|ARM.Build.0 = Release|Any CPU
		{31D810D6-DB60-47F8-AD73-0DC067DB65BE}.AppStore|ARM.Deploy.0 = Release|Any CPU
		{31D810D6-DB60-47F8-AD73-0DC067DB65BE}.AppStore|iPhone.ActiveCfg = Release|Any CPU
		{31D810D6-DB60-47F8-AD73-0DC067DB65BE}.AppStore|iPhone.Build.0 = Release|Any CPU
		{31D810D6-DB60-47F8-AD73-0DC067DB65BE}.AppStore|iPhone.Deploy.0 = Release|Any CPU
		{31D810D6-DB60-47F8-AD73-0DC067DB65BE}.AppStore|iPhoneSimulator.ActiveCfg = Release|Any CPU
		{31D810D6-DB60-47F8-AD73-0DC067DB65BE}.AppStore|iPhoneSimulator.Build.0 = Release|Any CPU
		{31D810D6-DB60-47F8-AD73-0DC067DB65BE}.AppStore|iPhoneSimulator.Deploy.0 = Release|Any CPU
		{31D810D6-DB60-47F8-AD73-0DC067DB65BE}.AppStore|x64.ActiveCfg = Release|Any CPU
		{31D810D6-DB60-47F8-AD73-0DC067DB65BE}.AppStore|x64.Build.0 = Release|Any CPU
		{31D810D6-DB60-47F8-AD73-0DC067DB65BE}.AppStore|x64.Deploy.0 = Release|Any CPU
		{31D810D6-DB60-47F8-AD73-0DC067DB65BE}.AppStore|x86.ActiveCfg = Release|Any CPU
		{31D810D6-DB60-47F8-AD73-0DC067DB65BE}.AppStore|x86.Build.0 = Release|Any CPU
		{31D810D6-DB60-47F8-AD73-0DC067DB65BE}.AppStore|x86.Deploy.0 = Release|Any CPU
		{31D810D6-DB60-47F8-AD73-0DC067DB65BE}.Debug|Any CPU.ActiveCfg = Debug|Any CPU
		{31D810D6-DB60-47F8-AD73-0DC067DB65BE}.Debug|Any CPU.Build.0 = Debug|Any CPU
		{31D810D6-DB60-47F8-AD73-0DC067DB65BE}.Debug|Any CPU.Deploy.0 = Debug|Any CPU
		{31D810D6-DB60-47F8-AD73-0DC067DB65BE}.Debug|ARM.ActiveCfg = Debug|Any CPU
		{31D810D6-DB60-47F8-AD73-0DC067DB65BE}.Debug|ARM.Build.0 = Debug|Any CPU
		{31D810D6-DB60-47F8-AD73-0DC067DB65BE}.Debug|ARM.Deploy.0 = Debug|Any CPU
		{31D810D6-DB60-47F8-AD73-0DC067DB65BE}.Debug|iPhone.ActiveCfg = Debug|Any CPU
		{31D810D6-DB60-47F8-AD73-0DC067DB65BE}.Debug|iPhone.Build.0 = Debug|Any CPU
		{31D810D6-DB60-47F8-AD73-0DC067DB65BE}.Debug|iPhone.Deploy.0 = Debug|Any CPU
		{31D810D6-DB60-47F8-AD73-0DC067DB65BE}.Debug|iPhoneSimulator.ActiveCfg = Debug|Any CPU
		{31D810D6-DB60-47F8-AD73-0DC067DB65BE}.Debug|iPhoneSimulator.Build.0 = Debug|Any CPU
		{31D810D6-DB60-47F8-AD73-0DC067DB65BE}.Debug|iPhoneSimulator.Deploy.0 = Debug|Any CPU
		{31D810D6-DB60-47F8-AD73-0DC067DB65BE}.Debug|x64.ActiveCfg = Debug|Any CPU
		{31D810D6-DB60-47F8-AD73-0DC067DB65BE}.Debug|x64.Build.0 = Debug|Any CPU
		{31D810D6-DB60-47F8-AD73-0DC067DB65BE}.Debug|x64.Deploy.0 = Debug|Any CPU
		{31D810D6-DB60-47F8-AD73-0DC067DB65BE}.Debug|x86.ActiveCfg = Debug|Any CPU
		{31D810D6-DB60-47F8-AD73-0DC067DB65BE}.Debug|x86.Build.0 = Debug|Any CPU
		{31D810D6-DB60-47F8-AD73-0DC067DB65BE}.Debug|x86.Deploy.0 = Debug|Any CPU
		{31D810D6-DB60-47F8-AD73-0DC067DB65BE}.Release|Any CPU.ActiveCfg = Release|Any CPU
		{31D810D6-DB60-47F8-AD73-0DC067DB65BE}.Release|Any CPU.Build.0 = Release|Any CPU
		{31D810D6-DB60-47F8-AD73-0DC067DB65BE}.Release|Any CPU.Deploy.0 = Release|Any CPU
		{31D810D6-DB60-47F8-AD73-0DC067DB65BE}.Release|ARM.ActiveCfg = Release|Any CPU
		{31D810D6-DB60-47F8-AD73-0DC067DB65BE}.Release|ARM.Build.0 = Release|Any CPU
		{31D810D6-DB60-47F8-AD73-0DC067DB65BE}.Release|ARM.Deploy.0 = Release|Any CPU
		{31D810D6-DB60-47F8-AD73-0DC067DB65BE}.Release|iPhone.ActiveCfg = Release|Any CPU
		{31D810D6-DB60-47F8-AD73-0DC067DB65BE}.Release|iPhone.Build.0 = Release|Any CPU
		{31D810D6-DB60-47F8-AD73-0DC067DB65BE}.Release|iPhone.Deploy.0 = Release|Any CPU
		{31D810D6-DB60-47F8-AD73-0DC067DB65BE}.Release|iPhoneSimulator.ActiveCfg = Release|Any CPU
		{31D810D6-DB60-47F8-AD73-0DC067DB65BE}.Release|iPhoneSimulator.Build.0 = Release|Any CPU
		{31D810D6-DB60-47F8-AD73-0DC067DB65BE}.Release|iPhoneSimulator.Deploy.0 = Release|Any CPU
		{31D810D6-DB60-47F8-AD73-0DC067DB65BE}.Release|x64.ActiveCfg = Release|Any CPU
		{31D810D6-DB60-47F8-AD73-0DC067DB65BE}.Release|x64.Build.0 = Release|Any CPU
		{31D810D6-DB60-47F8-AD73-0DC067DB65BE}.Release|x64.Deploy.0 = Release|Any CPU
		{31D810D6-DB60-47F8-AD73-0DC067DB65BE}.Release|x86.ActiveCfg = Release|Any CPU
		{31D810D6-DB60-47F8-AD73-0DC067DB65BE}.Release|x86.Build.0 = Release|Any CPU
		{31D810D6-DB60-47F8-AD73-0DC067DB65BE}.Release|x86.Deploy.0 = Release|Any CPU
		{5C70B4D7-2250-409E-8C74-BA06F4AF3612}.Ad-Hoc|Any CPU.ActiveCfg = Ad-Hoc|iPhone
		{5C70B4D7-2250-409E-8C74-BA06F4AF3612}.Ad-Hoc|Any CPU.Build.0 = Ad-Hoc|iPhone
		{5C70B4D7-2250-409E-8C74-BA06F4AF3612}.Ad-Hoc|Any CPU.Deploy.0 = Ad-Hoc|iPhone
		{5C70B4D7-2250-409E-8C74-BA06F4AF3612}.Ad-Hoc|ARM.ActiveCfg = Ad-Hoc|iPhone
		{5C70B4D7-2250-409E-8C74-BA06F4AF3612}.Ad-Hoc|ARM.Build.0 = Ad-Hoc|iPhone
		{5C70B4D7-2250-409E-8C74-BA06F4AF3612}.Ad-Hoc|ARM.Deploy.0 = Ad-Hoc|iPhone
		{5C70B4D7-2250-409E-8C74-BA06F4AF3612}.Ad-Hoc|iPhone.ActiveCfg = Ad-Hoc|iPhone
		{5C70B4D7-2250-409E-8C74-BA06F4AF3612}.Ad-Hoc|iPhone.Build.0 = Ad-Hoc|iPhone
		{5C70B4D7-2250-409E-8C74-BA06F4AF3612}.Ad-Hoc|iPhone.Deploy.0 = Ad-Hoc|iPhone
		{5C70B4D7-2250-409E-8C74-BA06F4AF3612}.Ad-Hoc|iPhoneSimulator.ActiveCfg = Ad-Hoc|iPhoneSimulator
		{5C70B4D7-2250-409E-8C74-BA06F4AF3612}.Ad-Hoc|iPhoneSimulator.Build.0 = Ad-Hoc|iPhoneSimulator
		{5C70B4D7-2250-409E-8C74-BA06F4AF3612}.Ad-Hoc|iPhoneSimulator.Deploy.0 = Ad-Hoc|iPhoneSimulator
		{5C70B4D7-2250-409E-8C74-BA06F4AF3612}.Ad-Hoc|x64.ActiveCfg = Ad-Hoc|iPhone
		{5C70B4D7-2250-409E-8C74-BA06F4AF3612}.Ad-Hoc|x64.Build.0 = Ad-Hoc|iPhone
		{5C70B4D7-2250-409E-8C74-BA06F4AF3612}.Ad-Hoc|x64.Deploy.0 = Ad-Hoc|iPhone
		{5C70B4D7-2250-409E-8C74-BA06F4AF3612}.Ad-Hoc|x86.ActiveCfg = Ad-Hoc|iPhone
		{5C70B4D7-2250-409E-8C74-BA06F4AF3612}.Ad-Hoc|x86.Build.0 = Ad-Hoc|iPhone
		{5C70B4D7-2250-409E-8C74-BA06F4AF3612}.Ad-Hoc|x86.Deploy.0 = Ad-Hoc|iPhone
		{5C70B4D7-2250-409E-8C74-BA06F4AF3612}.AppStore|Any CPU.ActiveCfg = AppStore|iPhone
		{5C70B4D7-2250-409E-8C74-BA06F4AF3612}.AppStore|Any CPU.Build.0 = AppStore|iPhone
		{5C70B4D7-2250-409E-8C74-BA06F4AF3612}.AppStore|Any CPU.Deploy.0 = AppStore|iPhone
		{5C70B4D7-2250-409E-8C74-BA06F4AF3612}.AppStore|ARM.ActiveCfg = AppStore|iPhone
		{5C70B4D7-2250-409E-8C74-BA06F4AF3612}.AppStore|ARM.Build.0 = AppStore|iPhone
		{5C70B4D7-2250-409E-8C74-BA06F4AF3612}.AppStore|ARM.Deploy.0 = AppStore|iPhone
		{5C70B4D7-2250-409E-8C74-BA06F4AF3612}.AppStore|iPhone.ActiveCfg = AppStore|iPhone
		{5C70B4D7-2250-409E-8C74-BA06F4AF3612}.AppStore|iPhone.Build.0 = AppStore|iPhone
		{5C70B4D7-2250-409E-8C74-BA06F4AF3612}.AppStore|iPhone.Deploy.0 = AppStore|iPhone
		{5C70B4D7-2250-409E-8C74-BA06F4AF3612}.AppStore|iPhoneSimulator.ActiveCfg = AppStore|iPhoneSimulator
		{5C70B4D7-2250-409E-8C74-BA06F4AF3612}.AppStore|iPhoneSimulator.Build.0 = AppStore|iPhoneSimulator
		{5C70B4D7-2250-409E-8C74-BA06F4AF3612}.AppStore|iPhoneSimulator.Deploy.0 = AppStore|iPhoneSimulator
		{5C70B4D7-2250-409E-8C74-BA06F4AF3612}.AppStore|x64.ActiveCfg = AppStore|iPhone
		{5C70B4D7-2250-409E-8C74-BA06F4AF3612}.AppStore|x64.Build.0 = AppStore|iPhone
		{5C70B4D7-2250-409E-8C74-BA06F4AF3612}.AppStore|x64.Deploy.0 = AppStore|iPhone
		{5C70B4D7-2250-409E-8C74-BA06F4AF3612}.AppStore|x86.ActiveCfg = AppStore|iPhone
		{5C70B4D7-2250-409E-8C74-BA06F4AF3612}.AppStore|x86.Build.0 = AppStore|iPhone
		{5C70B4D7-2250-409E-8C74-BA06F4AF3612}.AppStore|x86.Deploy.0 = AppStore|iPhone
		{5C70B4D7-2250-409E-8C74-BA06F4AF3612}.Debug|Any CPU.ActiveCfg = Debug|iPhoneSimulator
		{5C70B4D7-2250-409E-8C74-BA06F4AF3612}.Debug|Any CPU.Build.0 = Debug|iPhoneSimulator
		{5C70B4D7-2250-409E-8C74-BA06F4AF3612}.Debug|Any CPU.Deploy.0 = Debug|iPhoneSimulator
		{5C70B4D7-2250-409E-8C74-BA06F4AF3612}.Debug|ARM.ActiveCfg = Debug|iPhone
		{5C70B4D7-2250-409E-8C74-BA06F4AF3612}.Debug|ARM.Build.0 = Debug|iPhone
		{5C70B4D7-2250-409E-8C74-BA06F4AF3612}.Debug|ARM.Deploy.0 = Debug|iPhone
		{5C70B4D7-2250-409E-8C74-BA06F4AF3612}.Debug|iPhone.ActiveCfg = Debug|iPhone
		{5C70B4D7-2250-409E-8C74-BA06F4AF3612}.Debug|iPhone.Build.0 = Debug|iPhone
		{5C70B4D7-2250-409E-8C74-BA06F4AF3612}.Debug|iPhone.Deploy.0 = Debug|iPhone
		{5C70B4D7-2250-409E-8C74-BA06F4AF3612}.Debug|iPhoneSimulator.ActiveCfg = Debug|iPhoneSimulator
		{5C70B4D7-2250-409E-8C74-BA06F4AF3612}.Debug|iPhoneSimulator.Build.0 = Debug|iPhoneSimulator
		{5C70B4D7-2250-409E-8C74-BA06F4AF3612}.Debug|iPhoneSimulator.Deploy.0 = Debug|iPhoneSimulator
		{5C70B4D7-2250-409E-8C74-BA06F4AF3612}.Debug|x64.ActiveCfg = Debug|iPhone
		{5C70B4D7-2250-409E-8C74-BA06F4AF3612}.Debug|x64.Build.0 = Debug|iPhone
		{5C70B4D7-2250-409E-8C74-BA06F4AF3612}.Debug|x64.Deploy.0 = Debug|iPhone
		{5C70B4D7-2250-409E-8C74-BA06F4AF3612}.Debug|x86.ActiveCfg = Debug|iPhone
		{5C70B4D7-2250-409E-8C74-BA06F4AF3612}.Debug|x86.Build.0 = Debug|iPhone
		{5C70B4D7-2250-409E-8C74-BA06F4AF3612}.Debug|x86.Deploy.0 = Debug|iPhone
		{5C70B4D7-2250-409E-8C74-BA06F4AF3612}.Release|Any CPU.ActiveCfg = Release|iPhone
		{5C70B4D7-2250-409E-8C74-BA06F4AF3612}.Release|Any CPU.Build.0 = Release|iPhone
		{5C70B4D7-2250-409E-8C74-BA06F4AF3612}.Release|Any CPU.Deploy.0 = Release|iPhone
		{5C70B4D7-2250-409E-8C74-BA06F4AF3612}.Release|ARM.ActiveCfg = Release|iPhone
		{5C70B4D7-2250-409E-8C74-BA06F4AF3612}.Release|ARM.Build.0 = Release|iPhone
		{5C70B4D7-2250-409E-8C74-BA06F4AF3612}.Release|ARM.Deploy.0 = Release|iPhone
		{5C70B4D7-2250-409E-8C74-BA06F4AF3612}.Release|iPhone.ActiveCfg = Release|iPhone
		{5C70B4D7-2250-409E-8C74-BA06F4AF3612}.Release|iPhone.Build.0 = Release|iPhone
		{5C70B4D7-2250-409E-8C74-BA06F4AF3612}.Release|iPhone.Deploy.0 = Release|iPhone
		{5C70B4D7-2250-409E-8C74-BA06F4AF3612}.Release|iPhoneSimulator.ActiveCfg = Release|iPhoneSimulator
		{5C70B4D7-2250-409E-8C74-BA06F4AF3612}.Release|iPhoneSimulator.Build.0 = Release|iPhoneSimulator
		{5C70B4D7-2250-409E-8C74-BA06F4AF3612}.Release|iPhoneSimulator.Deploy.0 = Release|iPhoneSimulator
		{5C70B4D7-2250-409E-8C74-BA06F4AF3612}.Release|x64.ActiveCfg = Release|iPhone
		{5C70B4D7-2250-409E-8C74-BA06F4AF3612}.Release|x64.Build.0 = Release|iPhone
		{5C70B4D7-2250-409E-8C74-BA06F4AF3612}.Release|x64.Deploy.0 = Release|iPhone
		{5C70B4D7-2250-409E-8C74-BA06F4AF3612}.Release|x86.ActiveCfg = Release|iPhone
		{5C70B4D7-2250-409E-8C74-BA06F4AF3612}.Release|x86.Build.0 = Release|iPhone
		{5C70B4D7-2250-409E-8C74-BA06F4AF3612}.Release|x86.Deploy.0 = Release|iPhone
		{FBD25274-B48F-4A05-A333-4E701B3E03BD}.Ad-Hoc|Any CPU.ActiveCfg = Release|x86
		{FBD25274-B48F-4A05-A333-4E701B3E03BD}.Ad-Hoc|Any CPU.Build.0 = Release|x86
		{FBD25274-B48F-4A05-A333-4E701B3E03BD}.Ad-Hoc|Any CPU.Deploy.0 = Release|x86
		{FBD25274-B48F-4A05-A333-4E701B3E03BD}.Ad-Hoc|ARM.ActiveCfg = Release|ARM
		{FBD25274-B48F-4A05-A333-4E701B3E03BD}.Ad-Hoc|ARM.Build.0 = Release|ARM
		{FBD25274-B48F-4A05-A333-4E701B3E03BD}.Ad-Hoc|ARM.Deploy.0 = Release|ARM
		{FBD25274-B48F-4A05-A333-4E701B3E03BD}.Ad-Hoc|iPhone.ActiveCfg = Release|x86
		{FBD25274-B48F-4A05-A333-4E701B3E03BD}.Ad-Hoc|iPhone.Build.0 = Release|x86
		{FBD25274-B48F-4A05-A333-4E701B3E03BD}.Ad-Hoc|iPhone.Deploy.0 = Release|x86
		{FBD25274-B48F-4A05-A333-4E701B3E03BD}.Ad-Hoc|iPhoneSimulator.ActiveCfg = Release|x86
		{FBD25274-B48F-4A05-A333-4E701B3E03BD}.Ad-Hoc|iPhoneSimulator.Build.0 = Release|x86
		{FBD25274-B48F-4A05-A333-4E701B3E03BD}.Ad-Hoc|iPhoneSimulator.Deploy.0 = Release|x86
		{FBD25274-B48F-4A05-A333-4E701B3E03BD}.Ad-Hoc|x64.ActiveCfg = Release|x64
		{FBD25274-B48F-4A05-A333-4E701B3E03BD}.Ad-Hoc|x64.Build.0 = Release|x64
		{FBD25274-B48F-4A05-A333-4E701B3E03BD}.Ad-Hoc|x64.Deploy.0 = Release|x64
		{FBD25274-B48F-4A05-A333-4E701B3E03BD}.Ad-Hoc|x86.ActiveCfg = Release|x86
		{FBD25274-B48F-4A05-A333-4E701B3E03BD}.Ad-Hoc|x86.Build.0 = Release|x86
		{FBD25274-B48F-4A05-A333-4E701B3E03BD}.Ad-Hoc|x86.Deploy.0 = Release|x86
		{FBD25274-B48F-4A05-A333-4E701B3E03BD}.AppStore|Any CPU.ActiveCfg = Release|x86
		{FBD25274-B48F-4A05-A333-4E701B3E03BD}.AppStore|Any CPU.Build.0 = Release|x86
		{FBD25274-B48F-4A05-A333-4E701B3E03BD}.AppStore|Any CPU.Deploy.0 = Release|x86
		{FBD25274-B48F-4A05-A333-4E701B3E03BD}.AppStore|ARM.ActiveCfg = Release|ARM
		{FBD25274-B48F-4A05-A333-4E701B3E03BD}.AppStore|ARM.Build.0 = Release|ARM
		{FBD25274-B48F-4A05-A333-4E701B3E03BD}.AppStore|ARM.Deploy.0 = Release|ARM
		{FBD25274-B48F-4A05-A333-4E701B3E03BD}.AppStore|iPhone.ActiveCfg = Release|x86
		{FBD25274-B48F-4A05-A333-4E701B3E03BD}.AppStore|iPhone.Build.0 = Release|x86
		{FBD25274-B48F-4A05-A333-4E701B3E03BD}.AppStore|iPhone.Deploy.0 = Release|x86
		{FBD25274-B48F-4A05-A333-4E701B3E03BD}.AppStore|iPhoneSimulator.ActiveCfg = Release|x86
		{FBD25274-B48F-4A05-A333-4E701B3E03BD}.AppStore|iPhoneSimulator.Build.0 = Release|x86
		{FBD25274-B48F-4A05-A333-4E701B3E03BD}.AppStore|iPhoneSimulator.Deploy.0 = Release|x86
		{FBD25274-B48F-4A05-A333-4E701B3E03BD}.AppStore|x64.ActiveCfg = Release|x64
		{FBD25274-B48F-4A05-A333-4E701B3E03BD}.AppStore|x64.Build.0 = Release|x64
		{FBD25274-B48F-4A05-A333-4E701B3E03BD}.AppStore|x64.Deploy.0 = Release|x64
		{FBD25274-B48F-4A05-A333-4E701B3E03BD}.AppStore|x86.ActiveCfg = Release|x86
		{FBD25274-B48F-4A05-A333-4E701B3E03BD}.AppStore|x86.Build.0 = Release|x86
		{FBD25274-B48F-4A05-A333-4E701B3E03BD}.AppStore|x86.Deploy.0 = Release|x86
		{FBD25274-B48F-4A05-A333-4E701B3E03BD}.Debug|Any CPU.ActiveCfg = Debug|x86
		{FBD25274-B48F-4A05-A333-4E701B3E03BD}.Debug|Any CPU.Build.0 = Debug|x86
		{FBD25274-B48F-4A05-A333-4E701B3E03BD}.Debug|Any CPU.Deploy.0 = Debug|x86
		{FBD25274-B48F-4A05-A333-4E701B3E03BD}.Debug|ARM.ActiveCfg = Debug|ARM
		{FBD25274-B48F-4A05-A333-4E701B3E03BD}.Debug|ARM.Build.0 = Debug|ARM
		{FBD25274-B48F-4A05-A333-4E701B3E03BD}.Debug|ARM.Deploy.0 = Debug|ARM
		{FBD25274-B48F-4A05-A333-4E701B3E03BD}.Debug|iPhone.ActiveCfg = Debug|x86
		{FBD25274-B48F-4A05-A333-4E701B3E03BD}.Debug|iPhone.Build.0 = Debug|x86
		{FBD25274-B48F-4A05-A333-4E701B3E03BD}.Debug|iPhone.Deploy.0 = Debug|x86
		{FBD25274-B48F-4A05-A333-4E701B3E03BD}.Debug|iPhoneSimulator.ActiveCfg = Debug|x86
		{FBD25274-B48F-4A05-A333-4E701B3E03BD}.Debug|iPhoneSimulator.Build.0 = Debug|x86
		{FBD25274-B48F-4A05-A333-4E701B3E03BD}.Debug|iPhoneSimulator.Deploy.0 = Debug|x86
		{FBD25274-B48F-4A05-A333-4E701B3E03BD}.Debug|x64.ActiveCfg = Debug|x64
		{FBD25274-B48F-4A05-A333-4E701B3E03BD}.Debug|x64.Build.0 = Debug|x64
		{FBD25274-B48F-4A05-A333-4E701B3E03BD}.Debug|x64.Deploy.0 = Debug|x64
		{FBD25274-B48F-4A05-A333-4E701B3E03BD}.Debug|x86.ActiveCfg = Debug|x86
		{FBD25274-B48F-4A05-A333-4E701B3E03BD}.Debug|x86.Build.0 = Debug|x86
		{FBD25274-B48F-4A05-A333-4E701B3E03BD}.Debug|x86.Deploy.0 = Debug|x86
		{FBD25274-B48F-4A05-A333-4E701B3E03BD}.Release|Any CPU.ActiveCfg = Release|x86
		{FBD25274-B48F-4A05-A333-4E701B3E03BD}.Release|Any CPU.Build.0 = Release|x86
		{FBD25274-B48F-4A05-A333-4E701B3E03BD}.Release|Any CPU.Deploy.0 = Release|x86
		{FBD25274-B48F-4A05-A333-4E701B3E03BD}.Release|ARM.ActiveCfg = Release|ARM
		{FBD25274-B48F-4A05-A333-4E701B3E03BD}.Release|ARM.Build.0 = Release|ARM
		{FBD25274-B48F-4A05-A333-4E701B3E03BD}.Release|ARM.Deploy.0 = Release|ARM
		{FBD25274-B48F-4A05-A333-4E701B3E03BD}.Release|iPhone.ActiveCfg = Release|x86
		{FBD25274-B48F-4A05-A333-4E701B3E03BD}.Release|iPhone.Build.0 = Release|x86
		{FBD25274-B48F-4A05-A333-4E701B3E03BD}.Release|iPhone.Deploy.0 = Release|x86
		{FBD25274-B48F-4A05-A333-4E701B3E03BD}.Release|iPhoneSimulator.ActiveCfg = Release|x86
		{FBD25274-B48F-4A05-A333-4E701B3E03BD}.Release|iPhoneSimulator.Build.0 = Release|x86
		{FBD25274-B48F-4A05-A333-4E701B3E03BD}.Release|iPhoneSimulator.Deploy.0 = Release|x86
		{FBD25274-B48F-4A05-A333-4E701B3E03BD}.Release|x64.ActiveCfg = Release|x64
		{FBD25274-B48F-4A05-A333-4E701B3E03BD}.Release|x64.Build.0 = Release|x64
		{FBD25274-B48F-4A05-A333-4E701B3E03BD}.Release|x64.Deploy.0 = Release|x64
		{FBD25274-B48F-4A05-A333-4E701B3E03BD}.Release|x86.ActiveCfg = Release|x86
		{FBD25274-B48F-4A05-A333-4E701B3E03BD}.Release|x86.Build.0 = Release|x86
		{FBD25274-B48F-4A05-A333-4E701B3E03BD}.Release|x86.Deploy.0 = Release|x86
		{F34862B5-9F9E-41CC-9472-6F4F638D22B8}.Ad-Hoc|Any CPU.ActiveCfg = Debug|Any CPU
		{F34862B5-9F9E-41CC-9472-6F4F638D22B8}.Ad-Hoc|Any CPU.Build.0 = Debug|Any CPU
		{F34862B5-9F9E-41CC-9472-6F4F638D22B8}.Ad-Hoc|Any CPU.Deploy.0 = Debug|Any CPU
		{F34862B5-9F9E-41CC-9472-6F4F638D22B8}.Ad-Hoc|ARM.ActiveCfg = Debug|Any CPU
		{F34862B5-9F9E-41CC-9472-6F4F638D22B8}.Ad-Hoc|ARM.Build.0 = Debug|Any CPU
		{F34862B5-9F9E-41CC-9472-6F4F638D22B8}.Ad-Hoc|ARM.Deploy.0 = Debug|Any CPU
		{F34862B5-9F9E-41CC-9472-6F4F638D22B8}.Ad-Hoc|iPhone.ActiveCfg = Debug|Any CPU
		{F34862B5-9F9E-41CC-9472-6F4F638D22B8}.Ad-Hoc|iPhone.Build.0 = Debug|Any CPU
		{F34862B5-9F9E-41CC-9472-6F4F638D22B8}.Ad-Hoc|iPhone.Deploy.0 = Debug|Any CPU
		{F34862B5-9F9E-41CC-9472-6F4F638D22B8}.Ad-Hoc|iPhoneSimulator.ActiveCfg = Debug|Any CPU
		{F34862B5-9F9E-41CC-9472-6F4F638D22B8}.Ad-Hoc|iPhoneSimulator.Build.0 = Debug|Any CPU
		{F34862B5-9F9E-41CC-9472-6F4F638D22B8}.Ad-Hoc|iPhoneSimulator.Deploy.0 = Debug|Any CPU
		{F34862B5-9F9E-41CC-9472-6F4F638D22B8}.Ad-Hoc|x64.ActiveCfg = Debug|Any CPU
		{F34862B5-9F9E-41CC-9472-6F4F638D22B8}.Ad-Hoc|x64.Build.0 = Debug|Any CPU
		{F34862B5-9F9E-41CC-9472-6F4F638D22B8}.Ad-Hoc|x64.Deploy.0 = Debug|Any CPU
		{F34862B5-9F9E-41CC-9472-6F4F638D22B8}.Ad-Hoc|x86.ActiveCfg = Debug|Any CPU
		{F34862B5-9F9E-41CC-9472-6F4F638D22B8}.Ad-Hoc|x86.Build.0 = Debug|Any CPU
		{F34862B5-9F9E-41CC-9472-6F4F638D22B8}.Ad-Hoc|x86.Deploy.0 = Debug|Any CPU
		{F34862B5-9F9E-41CC-9472-6F4F638D22B8}.AppStore|Any CPU.ActiveCfg = Debug|Any CPU
		{F34862B5-9F9E-41CC-9472-6F4F638D22B8}.AppStore|Any CPU.Build.0 = Debug|Any CPU
		{F34862B5-9F9E-41CC-9472-6F4F638D22B8}.AppStore|Any CPU.Deploy.0 = Debug|Any CPU
		{F34862B5-9F9E-41CC-9472-6F4F638D22B8}.AppStore|ARM.ActiveCfg = Debug|Any CPU
		{F34862B5-9F9E-41CC-9472-6F4F638D22B8}.AppStore|ARM.Build.0 = Debug|Any CPU
		{F34862B5-9F9E-41CC-9472-6F4F638D22B8}.AppStore|ARM.Deploy.0 = Debug|Any CPU
		{F34862B5-9F9E-41CC-9472-6F4F638D22B8}.AppStore|iPhone.ActiveCfg = Debug|Any CPU
		{F34862B5-9F9E-41CC-9472-6F4F638D22B8}.AppStore|iPhone.Build.0 = Debug|Any CPU
		{F34862B5-9F9E-41CC-9472-6F4F638D22B8}.AppStore|iPhone.Deploy.0 = Debug|Any CPU
		{F34862B5-9F9E-41CC-9472-6F4F638D22B8}.AppStore|iPhoneSimulator.ActiveCfg = Debug|Any CPU
		{F34862B5-9F9E-41CC-9472-6F4F638D22B8}.AppStore|iPhoneSimulator.Build.0 = Debug|Any CPU
		{F34862B5-9F9E-41CC-9472-6F4F638D22B8}.AppStore|iPhoneSimulator.Deploy.0 = Debug|Any CPU
		{F34862B5-9F9E-41CC-9472-6F4F638D22B8}.AppStore|x64.ActiveCfg = Debug|Any CPU
		{F34862B5-9F9E-41CC-9472-6F4F638D22B8}.AppStore|x64.Build.0 = Debug|Any CPU
		{F34862B5-9F9E-41CC-9472-6F4F638D22B8}.AppStore|x64.Deploy.0 = Debug|Any CPU
		{F34862B5-9F9E-41CC-9472-6F4F638D22B8}.AppStore|x86.ActiveCfg = Debug|Any CPU
		{F34862B5-9F9E-41CC-9472-6F4F638D22B8}.AppStore|x86.Build.0 = Debug|Any CPU
		{F34862B5-9F9E-41CC-9472-6F4F638D22B8}.AppStore|x86.Deploy.0 = Debug|Any CPU
		{F34862B5-9F9E-41CC-9472-6F4F638D22B8}.Debug|Any CPU.ActiveCfg = Debug|Any CPU
		{F34862B5-9F9E-41CC-9472-6F4F638D22B8}.Debug|Any CPU.Build.0 = Debug|Any CPU
		{F34862B5-9F9E-41CC-9472-6F4F638D22B8}.Debug|Any CPU.Deploy.0 = Debug|Any CPU
		{F34862B5-9F9E-41CC-9472-6F4F638D22B8}.Debug|ARM.ActiveCfg = Debug|Any CPU
		{F34862B5-9F9E-41CC-9472-6F4F638D22B8}.Debug|ARM.Build.0 = Debug|Any CPU
		{F34862B5-9F9E-41CC-9472-6F4F638D22B8}.Debug|ARM.Deploy.0 = Debug|Any CPU
		{F34862B5-9F9E-41CC-9472-6F4F638D22B8}.Debug|iPhone.ActiveCfg = Debug|Any CPU
		{F34862B5-9F9E-41CC-9472-6F4F638D22B8}.Debug|iPhone.Build.0 = Debug|Any CPU
		{F34862B5-9F9E-41CC-9472-6F4F638D22B8}.Debug|iPhone.Deploy.0 = Debug|Any CPU
		{F34862B5-9F9E-41CC-9472-6F4F638D22B8}.Debug|iPhoneSimulator.ActiveCfg = Debug|Any CPU
		{F34862B5-9F9E-41CC-9472-6F4F638D22B8}.Debug|iPhoneSimulator.Build.0 = Debug|Any CPU
		{F34862B5-9F9E-41CC-9472-6F4F638D22B8}.Debug|iPhoneSimulator.Deploy.0 = Debug|Any CPU
		{F34862B5-9F9E-41CC-9472-6F4F638D22B8}.Debug|x64.ActiveCfg = Debug|Any CPU
		{F34862B5-9F9E-41CC-9472-6F4F638D22B8}.Debug|x64.Build.0 = Debug|Any CPU
		{F34862B5-9F9E-41CC-9472-6F4F638D22B8}.Debug|x64.Deploy.0 = Debug|Any CPU
		{F34862B5-9F9E-41CC-9472-6F4F638D22B8}.Debug|x86.ActiveCfg = Debug|Any CPU
		{F34862B5-9F9E-41CC-9472-6F4F638D22B8}.Debug|x86.Build.0 = Debug|Any CPU
		{F34862B5-9F9E-41CC-9472-6F4F638D22B8}.Debug|x86.Deploy.0 = Debug|Any CPU
		{F34862B5-9F9E-41CC-9472-6F4F638D22B8}.Release|Any CPU.ActiveCfg = Release|Any CPU
		{F34862B5-9F9E-41CC-9472-6F4F638D22B8}.Release|Any CPU.Build.0 = Release|Any CPU
		{F34862B5-9F9E-41CC-9472-6F4F638D22B8}.Release|Any CPU.Deploy.0 = Release|Any CPU
		{F34862B5-9F9E-41CC-9472-6F4F638D22B8}.Release|ARM.ActiveCfg = Release|Any CPU
		{F34862B5-9F9E-41CC-9472-6F4F638D22B8}.Release|ARM.Build.0 = Release|Any CPU
		{F34862B5-9F9E-41CC-9472-6F4F638D22B8}.Release|ARM.Deploy.0 = Release|Any CPU
		{F34862B5-9F9E-41CC-9472-6F4F638D22B8}.Release|iPhone.ActiveCfg = Release|Any CPU
		{F34862B5-9F9E-41CC-9472-6F4F638D22B8}.Release|iPhone.Build.0 = Release|Any CPU
		{F34862B5-9F9E-41CC-9472-6F4F638D22B8}.Release|iPhone.Deploy.0 = Release|Any CPU
		{F34862B5-9F9E-41CC-9472-6F4F638D22B8}.Release|iPhoneSimulator.ActiveCfg = Release|Any CPU
		{F34862B5-9F9E-41CC-9472-6F4F638D22B8}.Release|iPhoneSimulator.Build.0 = Release|Any CPU
		{F34862B5-9F9E-41CC-9472-6F4F638D22B8}.Release|iPhoneSimulator.Deploy.0 = Release|Any CPU
		{F34862B5-9F9E-41CC-9472-6F4F638D22B8}.Release|x64.ActiveCfg = Release|Any CPU
		{F34862B5-9F9E-41CC-9472-6F4F638D22B8}.Release|x64.Build.0 = Release|Any CPU
		{F34862B5-9F9E-41CC-9472-6F4F638D22B8}.Release|x64.Deploy.0 = Release|Any CPU
		{F34862B5-9F9E-41CC-9472-6F4F638D22B8}.Release|x86.ActiveCfg = Release|Any CPU
		{F34862B5-9F9E-41CC-9472-6F4F638D22B8}.Release|x86.Build.0 = Release|Any CPU
		{F34862B5-9F9E-41CC-9472-6F4F638D22B8}.Release|x86.Deploy.0 = Release|Any CPU
	EndGlobalSection
	GlobalSection(SolutionProperties) = preSolution
		HideSolutionNode = FALSE
	EndGlobalSection
	GlobalSection(ExtensibilityGlobals) = postSolution
		SolutionGuid = {75100F30-105C-4FBB-97A7-614A61E7B374}
	EndGlobalSection
EndGlobal
