
Microsoft Visual Studio Solution File, Format Version 12.00
# Visual Studio 15
VisualStudioVersion = 15.0.28307.1000
MinimumVisualStudioVersion = 10.0.40219.1
Project("{FAE04EC0-301F-11D3-BF4B-00C04F79EFBC}") = "App1_Mimica.Android", "App1_Mimica\App1_Mimica.Android\App1_Mimica.Android.csproj", "{A6C21830-9107-4204-B0B4-38CEC1439ECC}"
EndProject
Project("{FAE04EC0-301F-11D3-BF4B-00C04F79EFBC}") = "App1_Mimica.iOS", "App1_Mimica\App1_Mimica.iOS\App1_Mimica.iOS.csproj", "{FE58A4B5-2009-4F8F-B73E-D9E3667426CC}"
EndProject
Project("{FAE04EC0-301F-11D3-BF4B-00C04F79EFBC}") = "App1_Mimica.UWP", "App1_Mimica\App1_Mimica.UWP\App1_Mimica.UWP.csproj", "{DC4376D9-8E72-42FD-8735-875771B7159B}"
EndProject
Project("{FAE04EC0-301F-11D3-BF4B-00C04F79EFBC}") = "App1_Mimica", "App1_Mimica\App1_Mimica\App1_Mimica.csproj", "{2091D94C-01E9-43AC-8CD8-C198B66396EA}"
EndProject
Global
	GlobalSection(SolutionConfigurationPlatforms) = preSolution
		Ad-Hoc|Any CPU = Ad-Hoc|Any CPU
		Ad-Hoc|ARM = Ad-Hoc|ARM
		Ad-Hoc|iPhone = Ad-Hoc|iPhone
		Ad-Hoc|iPhoneSimulator = Ad-Hoc|iPhoneSimulator
		Ad-Hoc|x64 = Ad-Hoc|x64
		Ad-Hoc|x86 = Ad-Hoc|x86
		AppStore|Any CPU = AppStore|Any CPU
		AppStore|ARM = AppStore|ARM
		AppStore|iPhone = AppStore|iPhone
		AppStore|iPhoneSimulator = AppStore|iPhoneSimulator
		AppStore|x64 = AppStore|x64
		AppStore|x86 = AppStore|x86
		Debug|Any CPU = Debug|Any CPU
		Debug|ARM = Debug|ARM
		Debug|iPhone = Debug|iPhone
		Debug|iPhoneSimulator = Debug|iPhoneSimulator
		Debug|x64 = Debug|x64
		Debug|x86 = Debug|x86
		Release|Any CPU = Release|Any CPU
		Release|ARM = Release|ARM
		Release|iPhone = Release|iPhone
		Release|iPhoneSimulator = Release|iPhoneSimulator
		Release|x64 = Release|x64
		Release|x86 = Release|x86
	EndGlobalSection
	GlobalSection(ProjectConfigurationPlatforms) = postSolution
		{A6C21830-9107-4204-B0B4-38CEC1439ECC}.Ad-Hoc|Any CPU.ActiveCfg = Release|Any CPU
		{A6C21830-9107-4204-B0B4-38CEC1439ECC}.Ad-Hoc|Any CPU.Build.0 = Release|Any CPU
		{A6C21830-9107-4204-B0B4-38CEC1439ECC}.Ad-Hoc|Any CPU.Deploy.0 = Release|Any CPU
		{A6C21830-9107-4204-B0B4-38CEC1439ECC}.Ad-Hoc|ARM.ActiveCfg = Release|Any CPU
		{A6C21830-9107-4204-B0B4-38CEC1439ECC}.Ad-Hoc|ARM.Build.0 = Release|Any CPU
		{A6C21830-9107-4204-B0B4-38CEC1439ECC}.Ad-Hoc|ARM.Deploy.0 = Release|Any CPU
		{A6C21830-9107-4204-B0B4-38CEC1439ECC}.Ad-Hoc|iPhone.ActiveCfg = Release|Any CPU
		{A6C21830-9107-4204-B0B4-38CEC1439ECC}.Ad-Hoc|iPhone.Build.0 = Release|Any CPU
		{A6C21830-9107-4204-B0B4-38CEC1439ECC}.Ad-Hoc|iPhone.Deploy.0 = Release|Any CPU
		{A6C21830-9107-4204-B0B4-38CEC1439ECC}.Ad-Hoc|iPhoneSimulator.ActiveCfg = Release|Any CPU
		{A6C21830-9107-4204-B0B4-38CEC1439ECC}.Ad-Hoc|iPhoneSimulator.Build.0 = Release|Any CPU
		{A6C21830-9107-4204-B0B4-38CEC1439ECC}.Ad-Hoc|iPhoneSimulator.Deploy.0 = Release|Any CPU
		{A6C21830-9107-4204-B0B4-38CEC1439ECC}.Ad-Hoc|x64.ActiveCfg = Release|Any CPU
		{A6C21830-9107-4204-B0B4-38CEC1439ECC}.Ad-Hoc|x64.Build.0 = Release|Any CPU
		{A6C21830-9107-4204-B0B4-38CEC1439ECC}.Ad-Hoc|x64.Deploy.0 = Release|Any CPU
		{A6C21830-9107-4204-B0B4-38CEC1439ECC}.Ad-Hoc|x86.ActiveCfg = Release|Any CPU
		{A6C21830-9107-4204-B0B4-38CEC1439ECC}.Ad-Hoc|x86.Build.0 = Release|Any CPU
		{A6C21830-9107-4204-B0B4-38CEC1439ECC}.Ad-Hoc|x86.Deploy.0 = Release|Any CPU
		{A6C21830-9107-4204-B0B4-38CEC1439ECC}.AppStore|Any CPU.ActiveCfg = Release|Any CPU
		{A6C21830-9107-4204-B0B4-38CEC1439ECC}.AppStore|Any CPU.Build.0 = Release|Any CPU
		{A6C21830-9107-4204-B0B4-38CEC1439ECC}.AppStore|Any CPU.Deploy.0 = Release|Any CPU
		{A6C21830-9107-4204-B0B4-38CEC1439ECC}.AppStore|ARM.ActiveCfg = Release|Any CPU
		{A6C21830-9107-4204-B0B4-38CEC1439ECC}.AppStore|ARM.Build.0 = Release|Any CPU
		{A6C21830-9107-4204-B0B4-38CEC1439ECC}.AppStore|ARM.Deploy.0 = Release|Any CPU
		{A6C21830-9107-4204-B0B4-38CEC1439ECC}.AppStore|iPhone.ActiveCfg = Release|Any CPU
		{A6C21830-9107-4204-B0B4-38CEC1439ECC}.AppStore|iPhone.Build.0 = Release|Any CPU
		{A6C21830-9107-4204-B0B4-38CEC1439ECC}.AppStore|iPhone.Deploy.0 = Release|Any CPU
		{A6C21830-9107-4204-B0B4-38CEC1439ECC}.AppStore|iPhoneSimulator.ActiveCfg = Release|Any CPU
		{A6C21830-9107-4204-B0B4-38CEC1439ECC}.AppStore|iPhoneSimulator.Build.0 = Release|Any CPU
		{A6C21830-9107-4204-B0B4-38CEC1439ECC}.AppStore|iPhoneSimulator.Deploy.0 = Release|Any CPU
		{A6C21830-9107-4204-B0B4-38CEC1439ECC}.AppStore|x64.ActiveCfg = Release|Any CPU
		{A6C21830-9107-4204-B0B4-38CEC1439ECC}.AppStore|x64.Build.0 = Release|Any CPU
		{A6C21830-9107-4204-B0B4-38CEC1439ECC}.AppStore|x64.Deploy.0 = Release|Any CPU
		{A6C21830-9107-4204-B0B4-38CEC1439ECC}.AppStore|x86.ActiveCfg = Release|Any CPU
		{A6C21830-9107-4204-B0B4-38CEC1439ECC}.AppStore|x86.Build.0 = Release|Any CPU
		{A6C21830-9107-4204-B0B4-38CEC1439ECC}.AppStore|x86.Deploy.0 = Release|Any CPU
		{A6C21830-9107-4204-B0B4-38CEC1439ECC}.Debug|Any CPU.ActiveCfg = Debug|Any CPU
		{A6C21830-9107-4204-B0B4-38CEC1439ECC}.Debug|Any CPU.Build.0 = Debug|Any CPU
		{A6C21830-9107-4204-B0B4-38CEC1439ECC}.Debug|Any CPU.Deploy.0 = Debug|Any CPU
		{A6C21830-9107-4204-B0B4-38CEC1439ECC}.Debug|ARM.ActiveCfg = Debug|Any CPU
		{A6C21830-9107-4204-B0B4-38CEC1439ECC}.Debug|ARM.Build.0 = Debug|Any CPU
		{A6C21830-9107-4204-B0B4-38CEC1439ECC}.Debug|ARM.Deploy.0 = Debug|Any CPU
		{A6C21830-9107-4204-B0B4-38CEC1439ECC}.Debug|iPhone.ActiveCfg = Debug|Any CPU
		{A6C21830-9107-4204-B0B4-38CEC1439ECC}.Debug|iPhone.Build.0 = Debug|Any CPU
		{A6C21830-9107-4204-B0B4-38CEC1439ECC}.Debug|iPhone.Deploy.0 = Debug|Any CPU
		{A6C21830-9107-4204-B0B4-38CEC1439ECC}.Debug|iPhoneSimulator.ActiveCfg = Debug|Any CPU
		{A6C21830-9107-4204-B0B4-38CEC1439ECC}.Debug|iPhoneSimulator.Build.0 = Debug|Any CPU
		{A6C21830-9107-4204-B0B4-38CEC1439ECC}.Debug|iPhoneSimulator.Deploy.0 = Debug|Any CPU
		{A6C21830-9107-4204-B0B4-38CEC1439ECC}.Debug|x64.ActiveCfg = Debug|Any CPU
		{A6C21830-9107-4204-B0B4-38CEC1439ECC}.Debug|x64.Build.0 = Debug|Any CPU
		{A6C21830-9107-4204-B0B4-38CEC1439ECC}.Debug|x64.Deploy.0 = Debug|Any CPU
		{A6C21830-9107-4204-B0B4-38CEC1439ECC}.Debug|x86.ActiveCfg = Debug|Any CPU
		{A6C21830-9107-4204-B0B4-38CEC1439ECC}.Debug|x86.Build.0 = Debug|Any CPU
		{A6C21830-9107-4204-B0B4-38CEC1439ECC}.Debug|x86.Deploy.0 = Debug|Any CPU
		{A6C21830-9107-4204-B0B4-38CEC1439ECC}.Release|Any CPU.ActiveCfg = Release|Any CPU
		{A6C21830-9107-4204-B0B4-38CEC1439ECC}.Release|Any CPU.Build.0 = Release|Any CPU
		{A6C21830-9107-4204-B0B4-38CEC1439ECC}.Release|Any CPU.Deploy.0 = Release|Any CPU
		{A6C21830-9107-4204-B0B4-38CEC1439ECC}.Release|ARM.ActiveCfg = Release|Any CPU
		{A6C21830-9107-4204-B0B4-38CEC1439ECC}.Release|ARM.Build.0 = Release|Any CPU
		{A6C21830-9107-4204-B0B4-38CEC1439ECC}.Release|ARM.Deploy.0 = Release|Any CPU
		{A6C21830-9107-4204-B0B4-38CEC1439ECC}.Release|iPhone.ActiveCfg = Release|Any CPU
		{A6C21830-9107-4204-B0B4-38CEC1439ECC}.Release|iPhone.Build.0 = Release|Any CPU
		{A6C21830-9107-4204-B0B4-38CEC1439ECC}.Release|iPhone.Deploy.0 = Release|Any CPU
		{A6C21830-9107-4204-B0B4-38CEC1439ECC}.Release|iPhoneSimulator.ActiveCfg = Release|Any CPU
		{A6C21830-9107-4204-B0B4-38CEC1439ECC}.Release|iPhoneSimulator.Build.0 = Release|Any CPU
		{A6C21830-9107-4204-B0B4-38CEC1439ECC}.Release|iPhoneSimulator.Deploy.0 = Release|Any CPU
		{A6C21830-9107-4204-B0B4-38CEC1439ECC}.Release|x64.ActiveCfg = Release|Any CPU
		{A6C21830-9107-4204-B0B4-38CEC1439ECC}.Release|x64.Build.0 = Release|Any CPU
		{A6C21830-9107-4204-B0B4-38CEC1439ECC}.Release|x64.Deploy.0 = Release|Any CPU
		{A6C21830-9107-4204-B0B4-38CEC1439ECC}.Release|x86.ActiveCfg = Release|Any CPU
		{A6C21830-9107-4204-B0B4-38CEC1439ECC}.Release|x86.Build.0 = Release|Any CPU
		{A6C21830-9107-4204-B0B4-38CEC1439ECC}.Release|x86.Deploy.0 = Release|Any CPU
		{FE58A4B5-2009-4F8F-B73E-D9E3667426CC}.Ad-Hoc|Any CPU.ActiveCfg = Ad-Hoc|iPhone
		{FE58A4B5-2009-4F8F-B73E-D9E3667426CC}.Ad-Hoc|Any CPU.Build.0 = Ad-Hoc|iPhone
		{FE58A4B5-2009-4F8F-B73E-D9E3667426CC}.Ad-Hoc|Any CPU.Deploy.0 = Ad-Hoc|iPhone
		{FE58A4B5-2009-4F8F-B73E-D9E3667426CC}.Ad-Hoc|ARM.ActiveCfg = Ad-Hoc|iPhone
		{FE58A4B5-2009-4F8F-B73E-D9E3667426CC}.Ad-Hoc|ARM.Build.0 = Ad-Hoc|iPhone
		{FE58A4B5-2009-4F8F-B73E-D9E3667426CC}.Ad-Hoc|ARM.Deploy.0 = Ad-Hoc|iPhone
		{FE58A4B5-2009-4F8F-B73E-D9E3667426CC}.Ad-Hoc|iPhone.ActiveCfg = Ad-Hoc|iPhone
		{FE58A4B5-2009-4F8F-B73E-D9E3667426CC}.Ad-Hoc|iPhone.Build.0 = Ad-Hoc|iPhone
		{FE58A4B5-2009-4F8F-B73E-D9E3667426CC}.Ad-Hoc|iPhone.Deploy.0 = Ad-Hoc|iPhone
		{FE58A4B5-2009-4F8F-B73E-D9E3667426CC}.Ad-Hoc|iPhoneSimulator.ActiveCfg = Ad-Hoc|iPhoneSimulator
		{FE58A4B5-2009-4F8F-B73E-D9E3667426CC}.Ad-Hoc|iPhoneSimulator.Build.0 = Ad-Hoc|iPhoneSimulator
		{FE58A4B5-2009-4F8F-B73E-D9E3667426CC}.Ad-Hoc|iPhoneSimulator.Deploy.0 = Ad-Hoc|iPhoneSimulator
		{FE58A4B5-2009-4F8F-B73E-D9E3667426CC}.Ad-Hoc|x64.ActiveCfg = Ad-Hoc|iPhone
		{FE58A4B5-2009-4F8F-B73E-D9E3667426CC}.Ad-Hoc|x64.Build.0 = Ad-Hoc|iPhone
		{FE58A4B5-2009-4F8F-B73E-D9E3667426CC}.Ad-Hoc|x64.Deploy.0 = Ad-Hoc|iPhone
		{FE58A4B5-2009-4F8F-B73E-D9E3667426CC}.Ad-Hoc|x86.ActiveCfg = Ad-Hoc|iPhone
		{FE58A4B5-2009-4F8F-B73E-D9E3667426CC}.Ad-Hoc|x86.Build.0 = Ad-Hoc|iPhone
		{FE58A4B5-2009-4F8F-B73E-D9E3667426CC}.Ad-Hoc|x86.Deploy.0 = Ad-Hoc|iPhone
		{FE58A4B5-2009-4F8F-B73E-D9E3667426CC}.AppStore|Any CPU.ActiveCfg = AppStore|iPhone
		{FE58A4B5-2009-4F8F-B73E-D9E3667426CC}.AppStore|Any CPU.Build.0 = AppStore|iPhone
		{FE58A4B5-2009-4F8F-B73E-D9E3667426CC}.AppStore|Any CPU.Deploy.0 = AppStore|iPhone
		{FE58A4B5-2009-4F8F-B73E-D9E3667426CC}.AppStore|ARM.ActiveCfg = AppStore|iPhone
		{FE58A4B5-2009-4F8F-B73E-D9E3667426CC}.AppStore|ARM.Build.0 = AppStore|iPhone
		{FE58A4B5-2009-4F8F-B73E-D9E3667426CC}.AppStore|ARM.Deploy.0 = AppStore|iPhone
		{FE58A4B5-2009-4F8F-B73E-D9E3667426CC}.AppStore|iPhone.ActiveCfg = AppStore|iPhone
		{FE58A4B5-2009-4F8F-B73E-D9E3667426CC}.AppStore|iPhone.Build.0 = AppStore|iPhone
		{FE58A4B5-2009-4F8F-B73E-D9E3667426CC}.AppStore|iPhone.Deploy.0 = AppStore|iPhone
		{FE58A4B5-2009-4F8F-B73E-D9E3667426CC}.AppStore|iPhoneSimulator.ActiveCfg = AppStore|iPhoneSimulator
		{FE58A4B5-2009-4F8F-B73E-D9E3667426CC}.AppStore|iPhoneSimulator.Build.0 = AppStore|iPhoneSimulator
		{FE58A4B5-2009-4F8F-B73E-D9E3667426CC}.AppStore|iPhoneSimulator.Deploy.0 = AppStore|iPhoneSimulator
		{FE58A4B5-2009-4F8F-B73E-D9E3667426CC}.AppStore|x64.ActiveCfg = AppStore|iPhone
		{FE58A4B5-2009-4F8F-B73E-D9E3667426CC}.AppStore|x64.Build.0 = AppStore|iPhone
		{FE58A4B5-2009-4F8F-B73E-D9E3667426CC}.AppStore|x64.Deploy.0 = AppStore|iPhone
		{FE58A4B5-2009-4F8F-B73E-D9E3667426CC}.AppStore|x86.ActiveCfg = AppStore|iPhone
		{FE58A4B5-2009-4F8F-B73E-D9E3667426CC}.AppStore|x86.Build.0 = AppStore|iPhone
		{FE58A4B5-2009-4F8F-B73E-D9E3667426CC}.AppStore|x86.Deploy.0 = AppStore|iPhone
		{FE58A4B5-2009-4F8F-B73E-D9E3667426CC}.Debug|Any CPU.ActiveCfg = Debug|iPhoneSimulator
		{FE58A4B5-2009-4F8F-B73E-D9E3667426CC}.Debug|Any CPU.Build.0 = Debug|iPhoneSimulator
		{FE58A4B5-2009-4F8F-B73E-D9E3667426CC}.Debug|Any CPU.Deploy.0 = Debug|iPhoneSimulator
		{FE58A4B5-2009-4F8F-B73E-D9E3667426CC}.Debug|ARM.ActiveCfg = Debug|iPhone
		{FE58A4B5-2009-4F8F-B73E-D9E3667426CC}.Debug|ARM.Build.0 = Debug|iPhone
		{FE58A4B5-2009-4F8F-B73E-D9E3667426CC}.Debug|ARM.Deploy.0 = Debug|iPhone
		{FE58A4B5-2009-4F8F-B73E-D9E3667426CC}.Debug|iPhone.ActiveCfg = Debug|iPhone
		{FE58A4B5-2009-4F8F-B73E-D9E3667426CC}.Debug|iPhone.Build.0 = Debug|iPhone
		{FE58A4B5-2009-4F8F-B73E-D9E3667426CC}.Debug|iPhone.Deploy.0 = Debug|iPhone
		{FE58A4B5-2009-4F8F-B73E-D9E3667426CC}.Debug|iPhoneSimulator.ActiveCfg = Debug|iPhoneSimulator
		{FE58A4B5-2009-4F8F-B73E-D9E3667426CC}.Debug|iPhoneSimulator.Build.0 = Debug|iPhoneSimulator
		{FE58A4B5-2009-4F8F-B73E-D9E3667426CC}.Debug|iPhoneSimulator.Deploy.0 = Debug|iPhoneSimulator
		{FE58A4B5-2009-4F8F-B73E-D9E3667426CC}.Debug|x64.ActiveCfg = Debug|iPhone
		{FE58A4B5-2009-4F8F-B73E-D9E3667426CC}.Debug|x64.Build.0 = Debug|iPhone
		{FE58A4B5-2009-4F8F-B73E-D9E3667426CC}.Debug|x64.Deploy.0 = Debug|iPhone
		{FE58A4B5-2009-4F8F-B73E-D9E3667426CC}.Debug|x86.ActiveCfg = Debug|iPhone
		{FE58A4B5-2009-4F8F-B73E-D9E3667426CC}.Debug|x86.Build.0 = Debug|iPhone
		{FE58A4B5-2009-4F8F-B73E-D9E3667426CC}.Debug|x86.Deploy.0 = Debug|iPhone
		{FE58A4B5-2009-4F8F-B73E-D9E3667426CC}.Release|Any CPU.ActiveCfg = Release|iPhone
		{FE58A4B5-2009-4F8F-B73E-D9E3667426CC}.Release|Any CPU.Build.0 = Release|iPhone
		{FE58A4B5-2009-4F8F-B73E-D9E3667426CC}.Release|Any CPU.Deploy.0 = Release|iPhone
		{FE58A4B5-2009-4F8F-B73E-D9E3667426CC}.Release|ARM.ActiveCfg = Release|iPhone
		{FE58A4B5-2009-4F8F-B73E-D9E3667426CC}.Release|ARM.Build.0 = Release|iPhone
		{FE58A4B5-2009-4F8F-B73E-D9E3667426CC}.Release|ARM.Deploy.0 = Release|iPhone
		{FE58A4B5-2009-4F8F-B73E-D9E3667426CC}.Release|iPhone.ActiveCfg = Release|iPhone
		{FE58A4B5-2009-4F8F-B73E-D9E3667426CC}.Release|iPhone.Build.0 = Release|iPhone
		{FE58A4B5-2009-4F8F-B73E-D9E3667426CC}.Release|iPhone.Deploy.0 = Release|iPhone
		{FE58A4B5-2009-4F8F-B73E-D9E3667426CC}.Release|iPhoneSimulator.ActiveCfg = Release|iPhoneSimulator
		{FE58A4B5-2009-4F8F-B73E-D9E3667426CC}.Release|iPhoneSimulator.Build.0 = Release|iPhoneSimulator
		{FE58A4B5-2009-4F8F-B73E-D9E3667426CC}.Release|iPhoneSimulator.Deploy.0 = Release|iPhoneSimulator
		{FE58A4B5-2009-4F8F-B73E-D9E3667426CC}.Release|x64.ActiveCfg = Release|iPhone
		{FE58A4B5-2009-4F8F-B73E-D9E3667426CC}.Release|x64.Build.0 = Release|iPhone
		{FE58A4B5-2009-4F8F-B73E-D9E3667426CC}.Release|x64.Deploy.0 = Release|iPhone
		{FE58A4B5-2009-4F8F-B73E-D9E3667426CC}.Release|x86.ActiveCfg = Release|iPhone
		{FE58A4B5-2009-4F8F-B73E-D9E3667426CC}.Release|x86.Build.0 = Release|iPhone
		{FE58A4B5-2009-4F8F-B73E-D9E3667426CC}.Release|x86.Deploy.0 = Release|iPhone
		{DC4376D9-8E72-42FD-8735-875771B7159B}.Ad-Hoc|Any CPU.ActiveCfg = Release|x86
		{DC4376D9-8E72-42FD-8735-875771B7159B}.Ad-Hoc|Any CPU.Build.0 = Release|x86
		{DC4376D9-8E72-42FD-8735-875771B7159B}.Ad-Hoc|Any CPU.Deploy.0 = Release|x86
		{DC4376D9-8E72-42FD-8735-875771B7159B}.Ad-Hoc|ARM.ActiveCfg = Release|ARM
		{DC4376D9-8E72-42FD-8735-875771B7159B}.Ad-Hoc|ARM.Build.0 = Release|ARM
		{DC4376D9-8E72-42FD-8735-875771B7159B}.Ad-Hoc|ARM.Deploy.0 = Release|ARM
		{DC4376D9-8E72-42FD-8735-875771B7159B}.Ad-Hoc|iPhone.ActiveCfg = Release|x86
		{DC4376D9-8E72-42FD-8735-875771B7159B}.Ad-Hoc|iPhone.Build.0 = Release|x86
		{DC4376D9-8E72-42FD-8735-875771B7159B}.Ad-Hoc|iPhone.Deploy.0 = Release|x86
		{DC4376D9-8E72-42FD-8735-875771B7159B}.Ad-Hoc|iPhoneSimulator.ActiveCfg = Release|x86
		{DC4376D9-8E72-42FD-8735-875771B7159B}.Ad-Hoc|iPhoneSimulator.Build.0 = Release|x86
		{DC4376D9-8E72-42FD-8735-875771B7159B}.Ad-Hoc|iPhoneSimulator.Deploy.0 = Release|x86
		{DC4376D9-8E72-42FD-8735-875771B7159B}.Ad-Hoc|x64.ActiveCfg = Release|x64
		{DC4376D9-8E72-42FD-8735-875771B7159B}.Ad-Hoc|x64.Build.0 = Release|x64
		{DC4376D9-8E72-42FD-8735-875771B7159B}.Ad-Hoc|x64.Deploy.0 = Release|x64
		{DC4376D9-8E72-42FD-8735-875771B7159B}.Ad-Hoc|x86.ActiveCfg = Release|x86
		{DC4376D9-8E72-42FD-8735-875771B7159B}.Ad-Hoc|x86.Build.0 = Release|x86
		{DC4376D9-8E72-42FD-8735-875771B7159B}.Ad-Hoc|x86.Deploy.0 = Release|x86
		{DC4376D9-8E72-42FD-8735-875771B7159B}.AppStore|Any CPU.ActiveCfg = Release|x86
		{DC4376D9-8E72-42FD-8735-875771B7159B}.AppStore|Any CPU.Build.0 = Release|x86
		{DC4376D9-8E72-42FD-8735-875771B7159B}.AppStore|Any CPU.Deploy.0 = Release|x86
		{DC4376D9-8E72-42FD-8735-875771B7159B}.AppStore|ARM.ActiveCfg = Release|ARM
		{DC4376D9-8E72-42FD-8735-875771B7159B}.AppStore|ARM.Build.0 = Release|ARM
		{DC4376D9-8E72-42FD-8735-875771B7159B}.AppStore|ARM.Deploy.0 = Release|ARM
		{DC4376D9-8E72-42FD-8735-875771B7159B}.AppStore|iPhone.ActiveCfg = Release|x86
		{DC4376D9-8E72-42FD-8735-875771B7159B}.AppStore|iPhone.Build.0 = Release|x86
		{DC4376D9-8E72-42FD-8735-875771B7159B}.AppStore|iPhone.Deploy.0 = Release|x86
		{DC4376D9-8E72-42FD-8735-875771B7159B}.AppStore|iPhoneSimulator.ActiveCfg = Release|x86
		{DC4376D9-8E72-42FD-8735-875771B7159B}.AppStore|iPhoneSimulator.Build.0 = Release|x86
		{DC4376D9-8E72-42FD-8735-875771B7159B}.AppStore|iPhoneSimulator.Deploy.0 = Release|x86
		{DC4376D9-8E72-42FD-8735-875771B7159B}.AppStore|x64.ActiveCfg = Release|x64
		{DC4376D9-8E72-42FD-8735-875771B7159B}.AppStore|x64.Build.0 = Release|x64
		{DC4376D9-8E72-42FD-8735-875771B7159B}.AppStore|x64.Deploy.0 = Release|x64
		{DC4376D9-8E72-42FD-8735-875771B7159B}.AppStore|x86.ActiveCfg = Release|x86
		{DC4376D9-8E72-42FD-8735-875771B7159B}.AppStore|x86.Build.0 = Release|x86
		{DC4376D9-8E72-42FD-8735-875771B7159B}.AppStore|x86.Deploy.0 = Release|x86
		{DC4376D9-8E72-42FD-8735-875771B7159B}.Debug|Any CPU.ActiveCfg = Debug|x86
		{DC4376D9-8E72-42FD-8735-875771B7159B}.Debug|Any CPU.Build.0 = Debug|x86
		{DC4376D9-8E72-42FD-8735-875771B7159B}.Debug|Any CPU.Deploy.0 = Debug|x86
		{DC4376D9-8E72-42FD-8735-875771B7159B}.Debug|ARM.ActiveCfg = Debug|ARM
		{DC4376D9-8E72-42FD-8735-875771B7159B}.Debug|ARM.Build.0 = Debug|ARM
		{DC4376D9-8E72-42FD-8735-875771B7159B}.Debug|ARM.Deploy.0 = Debug|ARM
		{DC4376D9-8E72-42FD-8735-875771B7159B}.Debug|iPhone.ActiveCfg = Debug|x86
		{DC4376D9-8E72-42FD-8735-875771B7159B}.Debug|iPhone.Build.0 = Debug|x86
		{DC4376D9-8E72-42FD-8735-875771B7159B}.Debug|iPhone.Deploy.0 = Debug|x86
		{DC4376D9-8E72-42FD-8735-875771B7159B}.Debug|iPhoneSimulator.ActiveCfg = Debug|x86
		{DC4376D9-8E72-42FD-8735-875771B7159B}.Debug|iPhoneSimulator.Build.0 = Debug|x86
		{DC4376D9-8E72-42FD-8735-875771B7159B}.Debug|iPhoneSimulator.Deploy.0 = Debug|x86
		{DC4376D9-8E72-42FD-8735-875771B7159B}.Debug|x64.ActiveCfg = Debug|x64
		{DC4376D9-8E72-42FD-8735-875771B7159B}.Debug|x64.Build.0 = Debug|x64
		{DC4376D9-8E72-42FD-8735-875771B7159B}.Debug|x64.Deploy.0 = Debug|x64
		{DC4376D9-8E72-42FD-8735-875771B7159B}.Debug|x86.ActiveCfg = Debug|x86
		{DC4376D9-8E72-42FD-8735-875771B7159B}.Debug|x86.Build.0 = Debug|x86
		{DC4376D9-8E72-42FD-8735-875771B7159B}.Debug|x86.Deploy.0 = Debug|x86
		{DC4376D9-8E72-42FD-8735-875771B7159B}.Release|Any CPU.ActiveCfg = Release|x86
		{DC4376D9-8E72-42FD-8735-875771B7159B}.Release|Any CPU.Build.0 = Release|x86
		{DC4376D9-8E72-42FD-8735-875771B7159B}.Release|Any CPU.Deploy.0 = Release|x86
		{DC4376D9-8E72-42FD-8735-875771B7159B}.Release|ARM.ActiveCfg = Release|ARM
		{DC4376D9-8E72-42FD-8735-875771B7159B}.Release|ARM.Build.0 = Release|ARM
		{DC4376D9-8E72-42FD-8735-875771B7159B}.Release|ARM.Deploy.0 = Release|ARM
		{DC4376D9-8E72-42FD-8735-875771B7159B}.Release|iPhone.ActiveCfg = Release|x86
		{DC4376D9-8E72-42FD-8735-875771B7159B}.Release|iPhone.Build.0 = Release|x86
		{DC4376D9-8E72-42FD-8735-875771B7159B}.Release|iPhone.Deploy.0 = Release|x86
		{DC4376D9-8E72-42FD-8735-875771B7159B}.Release|iPhoneSimulator.ActiveCfg = Release|x86
		{DC4376D9-8E72-42FD-8735-875771B7159B}.Release|iPhoneSimulator.Build.0 = Release|x86
		{DC4376D9-8E72-42FD-8735-875771B7159B}.Release|iPhoneSimulator.Deploy.0 = Release|x86
		{DC4376D9-8E72-42FD-8735-875771B7159B}.Release|x64.ActiveCfg = Release|x64
		{DC4376D9-8E72-42FD-8735-875771B7159B}.Release|x64.Build.0 = Release|x64
		{DC4376D9-8E72-42FD-8735-875771B7159B}.Release|x64.Deploy.0 = Release|x64
		{DC4376D9-8E72-42FD-8735-875771B7159B}.Release|x86.ActiveCfg = Release|x86
		{DC4376D9-8E72-42FD-8735-875771B7159B}.Release|x86.Build.0 = Release|x86
		{DC4376D9-8E72-42FD-8735-875771B7159B}.Release|x86.Deploy.0 = Release|x86
		{2091D94C-01E9-43AC-8CD8-C198B66396EA}.Ad-Hoc|Any CPU.ActiveCfg = Debug|Any CPU
		{2091D94C-01E9-43AC-8CD8-C198B66396EA}.Ad-Hoc|Any CPU.Build.0 = Debug|Any CPU
		{2091D94C-01E9-43AC-8CD8-C198B66396EA}.Ad-Hoc|Any CPU.Deploy.0 = Debug|Any CPU
		{2091D94C-01E9-43AC-8CD8-C198B66396EA}.Ad-Hoc|ARM.ActiveCfg = Debug|Any CPU
		{2091D94C-01E9-43AC-8CD8-C198B66396EA}.Ad-Hoc|ARM.Build.0 = Debug|Any CPU
		{2091D94C-01E9-43AC-8CD8-C198B66396EA}.Ad-Hoc|ARM.Deploy.0 = Debug|Any CPU
		{2091D94C-01E9-43AC-8CD8-C198B66396EA}.Ad-Hoc|iPhone.ActiveCfg = Debug|Any CPU
		{2091D94C-01E9-43AC-8CD8-C198B66396EA}.Ad-Hoc|iPhone.Build.0 = Debug|Any CPU
		{2091D94C-01E9-43AC-8CD8-C198B66396EA}.Ad-Hoc|iPhone.Deploy.0 = Debug|Any CPU
		{2091D94C-01E9-43AC-8CD8-C198B66396EA}.Ad-Hoc|iPhoneSimulator.ActiveCfg = Debug|Any CPU
		{2091D94C-01E9-43AC-8CD8-C198B66396EA}.Ad-Hoc|iPhoneSimulator.Build.0 = Debug|Any CPU
		{2091D94C-01E9-43AC-8CD8-C198B66396EA}.Ad-Hoc|iPhoneSimulator.Deploy.0 = Debug|Any CPU
		{2091D94C-01E9-43AC-8CD8-C198B66396EA}.Ad-Hoc|x64.ActiveCfg = Debug|Any CPU
		{2091D94C-01E9-43AC-8CD8-C198B66396EA}.Ad-Hoc|x64.Build.0 = Debug|Any CPU
		{2091D94C-01E9-43AC-8CD8-C198B66396EA}.Ad-Hoc|x64.Deploy.0 = Debug|Any CPU
		{2091D94C-01E9-43AC-8CD8-C198B66396EA}.Ad-Hoc|x86.ActiveCfg = Debug|Any CPU
		{2091D94C-01E9-43AC-8CD8-C198B66396EA}.Ad-Hoc|x86.Build.0 = Debug|Any CPU
		{2091D94C-01E9-43AC-8CD8-C198B66396EA}.Ad-Hoc|x86.Deploy.0 = Debug|Any CPU
		{2091D94C-01E9-43AC-8CD8-C198B66396EA}.AppStore|Any CPU.ActiveCfg = Debug|Any CPU
		{2091D94C-01E9-43AC-8CD8-C198B66396EA}.AppStore|Any CPU.Build.0 = Debug|Any CPU
		{2091D94C-01E9-43AC-8CD8-C198B66396EA}.AppStore|Any CPU.Deploy.0 = Debug|Any CPU
		{2091D94C-01E9-43AC-8CD8-C198B66396EA}.AppStore|ARM.ActiveCfg = Debug|Any CPU
		{2091D94C-01E9-43AC-8CD8-C198B66396EA}.AppStore|ARM.Build.0 = Debug|Any CPU
		{2091D94C-01E9-43AC-8CD8-C198B66396EA}.AppStore|ARM.Deploy.0 = Debug|Any CPU
		{2091D94C-01E9-43AC-8CD8-C198B66396EA}.AppStore|iPhone.ActiveCfg = Debug|Any CPU
		{2091D94C-01E9-43AC-8CD8-C198B66396EA}.AppStore|iPhone.Build.0 = Debug|Any CPU
		{2091D94C-01E9-43AC-8CD8-C198B66396EA}.AppStore|iPhone.Deploy.0 = Debug|Any CPU
		{2091D94C-01E9-43AC-8CD8-C198B66396EA}.AppStore|iPhoneSimulator.ActiveCfg = Debug|Any CPU
		{2091D94C-01E9-43AC-8CD8-C198B66396EA}.AppStore|iPhoneSimulator.Build.0 = Debug|Any CPU
		{2091D94C-01E9-43AC-8CD8-C198B66396EA}.AppStore|iPhoneSimulator.Deploy.0 = Debug|Any CPU
		{2091D94C-01E9-43AC-8CD8-C198B66396EA}.AppStore|x64.ActiveCfg = Debug|Any CPU
		{2091D94C-01E9-43AC-8CD8-C198B66396EA}.AppStore|x64.Build.0 = Debug|Any CPU
		{2091D94C-01E9-43AC-8CD8-C198B66396EA}.AppStore|x64.Deploy.0 = Debug|Any CPU
		{2091D94C-01E9-43AC-8CD8-C198B66396EA}.AppStore|x86.ActiveCfg = Debug|Any CPU
		{2091D94C-01E9-43AC-8CD8-C198B66396EA}.AppStore|x86.Build.0 = Debug|Any CPU
		{2091D94C-01E9-43AC-8CD8-C198B66396EA}.AppStore|x86.Deploy.0 = Debug|Any CPU
		{2091D94C-01E9-43AC-8CD8-C198B66396EA}.Debug|Any CPU.ActiveCfg = Debug|Any CPU
		{2091D94C-01E9-43AC-8CD8-C198B66396EA}.Debug|Any CPU.Build.0 = Debug|Any CPU
		{2091D94C-01E9-43AC-8CD8-C198B66396EA}.Debug|Any CPU.Deploy.0 = Debug|Any CPU
		{2091D94C-01E9-43AC-8CD8-C198B66396EA}.Debug|ARM.ActiveCfg = Debug|Any CPU
		{2091D94C-01E9-43AC-8CD8-C198B66396EA}.Debug|ARM.Build.0 = Debug|Any CPU
		{2091D94C-01E9-43AC-8CD8-C198B66396EA}.Debug|ARM.Deploy.0 = Debug|Any CPU
		{2091D94C-01E9-43AC-8CD8-C198B66396EA}.Debug|iPhone.ActiveCfg = Debug|Any CPU
		{2091D94C-01E9-43AC-8CD8-C198B66396EA}.Debug|iPhone.Build.0 = Debug|Any CPU
		{2091D94C-01E9-43AC-8CD8-C198B66396EA}.Debug|iPhone.Deploy.0 = Debug|Any CPU
		{2091D94C-01E9-43AC-8CD8-C198B66396EA}.Debug|iPhoneSimulator.ActiveCfg = Debug|Any CPU
		{2091D94C-01E9-43AC-8CD8-C198B66396EA}.Debug|iPhoneSimulator.Build.0 = Debug|Any CPU
		{2091D94C-01E9-43AC-8CD8-C198B66396EA}.Debug|iPhoneSimulator.Deploy.0 = Debug|Any CPU
		{2091D94C-01E9-43AC-8CD8-C198B66396EA}.Debug|x64.ActiveCfg = Debug|Any CPU
		{2091D94C-01E9-43AC-8CD8-C198B66396EA}.Debug|x64.Build.0 = Debug|Any CPU
		{2091D94C-01E9-43AC-8CD8-C198B66396EA}.Debug|x64.Deploy.0 = Debug|Any CPU
		{2091D94C-01E9-43AC-8CD8-C198B66396EA}.Debug|x86.ActiveCfg = Debug|Any CPU
		{2091D94C-01E9-43AC-8CD8-C198B66396EA}.Debug|x86.Build.0 = Debug|Any CPU
		{2091D94C-01E9-43AC-8CD8-C198B66396EA}.Debug|x86.Deploy.0 = Debug|Any CPU
		{2091D94C-01E9-43AC-8CD8-C198B66396EA}.Release|Any CPU.ActiveCfg = Release|Any CPU
		{2091D94C-01E9-43AC-8CD8-C198B66396EA}.Release|Any CPU.Build.0 = Release|Any CPU
		{2091D94C-01E9-43AC-8CD8-C198B66396EA}.Release|Any CPU.Deploy.0 = Release|Any CPU
		{2091D94C-01E9-43AC-8CD8-C198B66396EA}.Release|ARM.ActiveCfg = Release|Any CPU
		{2091D94C-01E9-43AC-8CD8-C198B66396EA}.Release|ARM.Build.0 = Release|Any CPU
		{2091D94C-01E9-43AC-8CD8-C198B66396EA}.Release|ARM.Deploy.0 = Release|Any CPU
		{2091D94C-01E9-43AC-8CD8-C198B66396EA}.Release|iPhone.ActiveCfg = Release|Any CPU
		{2091D94C-01E9-43AC-8CD8-C198B66396EA}.Release|iPhone.Build.0 = Release|Any CPU
		{2091D94C-01E9-43AC-8CD8-C198B66396EA}.Release|iPhone.Deploy.0 = Release|Any CPU
		{2091D94C-01E9-43AC-8CD8-C198B66396EA}.Release|iPhoneSimulator.ActiveCfg = Release|Any CPU
		{2091D94C-01E9-43AC-8CD8-C198B66396EA}.Release|iPhoneSimulator.Build.0 = Release|Any CPU
		{2091D94C-01E9-43AC-8CD8-C198B66396EA}.Release|iPhoneSimulator.Deploy.0 = Release|Any CPU
		{2091D94C-01E9-43AC-8CD8-C198B66396EA}.Release|x64.ActiveCfg = Release|Any CPU
		{2091D94C-01E9-43AC-8CD8-C198B66396EA}.Release|x64.Build.0 = Release|Any CPU
		{2091D94C-01E9-43AC-8CD8-C198B66396EA}.Release|x64.Deploy.0 = Release|Any CPU
		{2091D94C-01E9-43AC-8CD8-C198B66396EA}.Release|x86.ActiveCfg = Release|Any CPU
		{2091D94C-01E9-43AC-8CD8-C198B66396EA}.Release|x86.Build.0 = Release|Any CPU
		{2091D94C-01E9-43AC-8CD8-C198B66396EA}.Release|x86.Deploy.0 = Release|Any CPU
	EndGlobalSection
	GlobalSection(SolutionProperties) = preSolution
		HideSolutionNode = FALSE
	EndGlobalSection
	GlobalSection(ExtensibilityGlobals) = postSolution
		SolutionGuid = {1DCDC4D8-39A7-4F71-BF07-0DB1F5347726}
	EndGlobalSection
EndGlobal
